// !$*UTF8*$!
{
	archiveVersion = 1;
	classes = {
	};
	objectVersion = 56;
	objects = {

/* Begin PBXBuildFile section */
		2C8509EB2B68107800707646 /* AllTopics.swift in Sources */ = {isa = PBXBuildFile; fileRef = 2C8509EA2B68107800707646 /* AllTopics.swift */; };
		2CBE27162B6436D600DF585B /* TopicPageView.swift in Sources */ = {isa = PBXBuildFile; fileRef = 2CBE27152B6436D600DF585B /* TopicPageView.swift */; };
		42809CA77ACA2029F7351171 /* Pods_Discite.framework in Frameworks */ = {isa = PBXBuildFile; fileRef = F468F65203DCE1AB8A18A164 /* Pods_Discite.framework */; };
		66365F822B0095AC009E0438 /* OnboardingView.swift in Sources */ = {isa = PBXBuildFile; fileRef = 66365F802B0095AC009E0438 /* OnboardingView.swift */; };
		66365F832B0095AC009E0438 /* OnboardingViewModel.swift in Sources */ = {isa = PBXBuildFile; fileRef = 66365F812B0095AC009E0438 /* OnboardingViewModel.swift */; };
		665D4CD02AFED43D00F1C05C /* Constants.swift in Sources */ = {isa = PBXBuildFile; fileRef = 665D4CCF2AFED43D00F1C05C /* Constants.swift */; };
		66CE484F2B00AAC10038FF75 /* AccountViewModel.swift in Sources */ = {isa = PBXBuildFile; fileRef = 66CE484E2B00AAC10038FF75 /* AccountViewModel.swift */; };
		66EE0EB62AF4D4A500F65F38 /* SignupViewModel.swift in Sources */ = {isa = PBXBuildFile; fileRef = 66EE0EB42AF4D4A500F65F38 /* SignupViewModel.swift */; };
		66EE0EB72AF4D4A500F65F38 /* SignupView.swift in Sources */ = {isa = PBXBuildFile; fileRef = 66EE0EB52AF4D4A500F65F38 /* SignupView.swift */; };
		C2082F912B6C06B200EEED6B /* SampleSpiderGraph.swift in Sources */ = {isa = PBXBuildFile; fileRef = C2082F902B6C06B200EEED6B /* SampleSpiderGraph.swift */; };
		C2082F932B6C098A00EEED6B /* SpiderGraph.swift in Sources */ = {isa = PBXBuildFile; fileRef = C2082F922B6C098A00EEED6B /* SpiderGraph.swift */; };
		C20DB8E02AF1A8A5006FC33A /* User.swift in Sources */ = {isa = PBXBuildFile; fileRef = C20DB8DF2AF1A8A5006FC33A /* User.swift */; };
		C20EFE572AFBABDD0074EC9A /* DisciteApp.swift in Sources */ = {isa = PBXBuildFile; fileRef = C20EFE562AFBABDD0074EC9A /* DisciteApp.swift */; };
		C20EFE5A2AFBAF870074EC9A /* SampleData.swift in Sources */ = {isa = PBXBuildFile; fileRef = C20EFE592AFBAF870074EC9A /* SampleData.swift */; };
		C20EFE5C2AFBAFB90074EC9A /* SimpleTest.swift in Sources */ = {isa = PBXBuildFile; fileRef = C20EFE5B2AFBAFB90074EC9A /* SimpleTest.swift */; };
		C20EFE642AFBC9C60074EC9A /* ExploreService.swift in Sources */ = {isa = PBXBuildFile; fileRef = C20EFE632AFBC9C60074EC9A /* ExploreService.swift */; };
		C20EFE662AFBCC3E0074EC9A /* TopicCard.swift in Sources */ = {isa = PBXBuildFile; fileRef = C20EFE652AFBCC3E0074EC9A /* TopicCard.swift */; };
		C20EFE682AFBCF4C0074EC9A /* ExploreView.swift in Sources */ = {isa = PBXBuildFile; fileRef = C20EFE672AFBCF4C0074EC9A /* ExploreView.swift */; };
		C20EFE6A2AFBDC920074EC9A /* sampletopic.json in Resources */ = {isa = PBXBuildFile; fileRef = C20EFE692AFBDC920074EC9A /* sampletopic.json */; };
		C20EFE6E2AFD93C20074EC9A /* PlaylistCard.swift in Sources */ = {isa = PBXBuildFile; fileRef = C20EFE6D2AFD93C20074EC9A /* PlaylistCard.swift */; };
		C20EFE702AFDA6D70074EC9A /* CardButtonFrame.swift in Sources */ = {isa = PBXBuildFile; fileRef = C20EFE6F2AFDA6D70074EC9A /* CardButtonFrame.swift */; };
		C20EFE742AFDCB740074EC9A /* samplerecommendations.json in Resources */ = {isa = PBXBuildFile; fileRef = C20EFE732AFDCB740074EC9A /* samplerecommendations.json */; };
		C20EFE762AFDCC410074EC9A /* Recommendations.swift in Sources */ = {isa = PBXBuildFile; fileRef = C20EFE752AFDCC410074EC9A /* Recommendations.swift */; };
		C20EFE782AFDCC9E0074EC9A /* Topic.swift in Sources */ = {isa = PBXBuildFile; fileRef = C20EFE772AFDCC9E0074EC9A /* Topic.swift */; };
		C20EFE7C2AFEC4F00074EC9A /* sampleplaylists.json in Resources */ = {isa = PBXBuildFile; fileRef = C20EFE7B2AFEC4F00074EC9A /* sampleplaylists.json */; };
		C20EFE822AFFA9A30074EC9A /* Navigator.swift in Sources */ = {isa = PBXBuildFile; fileRef = C20EFE812AFFA9A30074EC9A /* Navigator.swift */; };
		C20EFE852B012C400074EC9A /* Share.swift in Sources */ = {isa = PBXBuildFile; fileRef = C20EFE842B012C400074EC9A /* Share.swift */; };
		C2128A782ADB270B00E90C66 /* ContentView.swift in Sources */ = {isa = PBXBuildFile; fileRef = C2128A772ADB270B00E90C66 /* ContentView.swift */; };
		C2128A7A2ADB271300E90C66 /* Assets.xcassets in Resources */ = {isa = PBXBuildFile; fileRef = C2128A792ADB271300E90C66 /* Assets.xcassets */; };
		C2128A7D2ADB271300E90C66 /* Preview Assets.xcassets in Resources */ = {isa = PBXBuildFile; fileRef = C2128A7C2ADB271300E90C66 /* Preview Assets.xcassets */; };
		C2128A852ADB2B1100E90C66 /* .swiftlint.yml in Resources */ = {isa = PBXBuildFile; fileRef = C2128A842ADB2B1100E90C66 /* .swiftlint.yml */; };
		C2128A882ADB2B8100E90C66 /* Localizable.strings in Resources */ = {isa = PBXBuildFile; fileRef = C2128A8A2ADB2B8100E90C66 /* Localizable.strings */; };
		C2128A902ADB341400E90C66 /* LoginView.swift in Sources */ = {isa = PBXBuildFile; fileRef = C2128A8F2ADB341400E90C66 /* LoginView.swift */; };
		C2128A942ADB454500E90C66 /* AuthenticationService.swift in Sources */ = {isa = PBXBuildFile; fileRef = C2128A932ADB454500E90C66 /* AuthenticationService.swift */; };
		C2128A962ADB45AE00E90C66 /* LoginViewModel.swift in Sources */ = {isa = PBXBuildFile; fileRef = C2128A952ADB45AE00E90C66 /* LoginViewModel.swift */; };
		C2237F432AE5E4A600C9396E /* AccountView.swift in Sources */ = {isa = PBXBuildFile; fileRef = C2237F422AE5E4A600C9396E /* AccountView.swift */; };
		C235C6732ADF463600870600 /* KeychainTools.swift in Sources */ = {isa = PBXBuildFile; fileRef = C235C6722ADF463600870600 /* KeychainTools.swift */; };
		C235C6752ADF842500870600 /* Auth.swift in Sources */ = {isa = PBXBuildFile; fileRef = C235C6742ADF842500870600 /* Auth.swift */; };
		C23A44192AE9E813004C6927 /* VideoService.swift in Sources */ = {isa = PBXBuildFile; fileRef = C23A44182AE9E813004C6927 /* VideoService.swift */; };
		C251C9862AF4960F00922B00 /* Playlist.swift in Sources */ = {isa = PBXBuildFile; fileRef = C251C9852AF4960F00922B00 /* Playlist.swift */; };
		C251C9882AF4963100922B00 /* Sequence.swift in Sources */ = {isa = PBXBuildFile; fileRef = C251C9872AF4963100922B00 /* Sequence.swift */; };
		C251C98A2AF4AD1200922B00 /* Video.swift in Sources */ = {isa = PBXBuildFile; fileRef = C251C9892AF4AD1100922B00 /* Video.swift */; };
		C251C98C2AF4AD8C00922B00 /* PlayerView.swift in Sources */ = {isa = PBXBuildFile; fileRef = C251C98B2AF4AD8C00922B00 /* PlayerView.swift */; };
		C251C98E2AF4AFA000922B00 /* DeepDiveOld.swift in Sources */ = {isa = PBXBuildFile; fileRef = C251C98D2AF4AFA000922B00 /* DeepDiveOld.swift */; };
		C269CD002B5DC6E600A5126C /* TopicTag.swift in Sources */ = {isa = PBXBuildFile; fileRef = C269CCFF2B5DC6E600A5126C /* TopicTag.swift */; };
		C269CD062B5DF50C00A5126C /* PagingViewModel.swift in Sources */ = {isa = PBXBuildFile; fileRef = C269CD052B5DF50C00A5126C /* PagingViewModel.swift */; };
		C269CD082B5DF63C00A5126C /* Feed.swift in Sources */ = {isa = PBXBuildFile; fileRef = C269CD072B5DF63C00A5126C /* Feed.swift */; };
		C269CD102B6083C100A5126C /* SequenceViewModel.swift in Sources */ = {isa = PBXBuildFile; fileRef = C269CD0F2B6083C100A5126C /* SequenceViewModel.swift */; };
		C269CD1A2B614B7900A5126C /* CustomVideoPlayer.swift in Sources */ = {isa = PBXBuildFile; fileRef = C269CD192B614B7900A5126C /* CustomVideoPlayer.swift */; };
		C269CD1C2B689F6900A5126C /* VideoView.swift in Sources */ = {isa = PBXBuildFile; fileRef = C269CD1B2B689F6800A5126C /* VideoView.swift */; };
		C269CD1E2B68A05000A5126C /* Post.swift in Sources */ = {isa = PBXBuildFile; fileRef = C269CD1D2B68A05000A5126C /* Post.swift */; };
		C28ABE962AF31945007181F4 /* CustomJSONDecoder.swift in Sources */ = {isa = PBXBuildFile; fileRef = C28ABE952AF31945007181F4 /* CustomJSONDecoder.swift */; };
		C28ABE982AF31D9E007181F4 /* TextButtons.swift in Sources */ = {isa = PBXBuildFile; fileRef = C28ABE972AF31D9E007181F4 /* TextButtons.swift */; };
		C28ABE9A2AF33118007181F4 /* Colors.swift in Sources */ = {isa = PBXBuildFile; fileRef = C28ABE992AF33118007181F4 /* Colors.swift */; };
		C28ABE9D2AF3370B007181F4 /* Fonts.swift in Sources */ = {isa = PBXBuildFile; fileRef = C28ABE9C2AF3370B007181F4 /* Fonts.swift */; };
		C28ABEB42AF33D74007181F4 /* Mulish-LightItalic.ttf in Resources */ = {isa = PBXBuildFile; fileRef = C28ABEA02AF33D74007181F4 /* Mulish-LightItalic.ttf */; };
		C28ABEB52AF33D74007181F4 /* Mulish-ExtraBoldItalic.ttf in Resources */ = {isa = PBXBuildFile; fileRef = C28ABEA12AF33D74007181F4 /* Mulish-ExtraBoldItalic.ttf */; };
		C28ABEB62AF33D74007181F4 /* Mulish-Italic.ttf in Resources */ = {isa = PBXBuildFile; fileRef = C28ABEA22AF33D74007181F4 /* Mulish-Italic.ttf */; };
		C28ABEB72AF33D74007181F4 /* Mulish-Regular.ttf in Resources */ = {isa = PBXBuildFile; fileRef = C28ABEA32AF33D74007181F4 /* Mulish-Regular.ttf */; };
		C28ABEB82AF33D74007181F4 /* Mulish-Black.ttf in Resources */ = {isa = PBXBuildFile; fileRef = C28ABEA42AF33D74007181F4 /* Mulish-Black.ttf */; };
		C28ABEB92AF33D74007181F4 /* Mulish-BlackItalic.ttf in Resources */ = {isa = PBXBuildFile; fileRef = C28ABEA52AF33D74007181F4 /* Mulish-BlackItalic.ttf */; };
		C28ABEBA2AF33D74007181F4 /* Mulish-SemiBoldItalic.ttf in Resources */ = {isa = PBXBuildFile; fileRef = C28ABEA62AF33D74007181F4 /* Mulish-SemiBoldItalic.ttf */; };
		C28ABEBB2AF33D74007181F4 /* Mulish-ExtraLightItalic.ttf in Resources */ = {isa = PBXBuildFile; fileRef = C28ABEA72AF33D74007181F4 /* Mulish-ExtraLightItalic.ttf */; };
		C28ABEBC2AF33D74007181F4 /* Mulish-Bold.ttf in Resources */ = {isa = PBXBuildFile; fileRef = C28ABEA82AF33D74007181F4 /* Mulish-Bold.ttf */; };
		C28ABEBD2AF33D74007181F4 /* Mulish-Light.ttf in Resources */ = {isa = PBXBuildFile; fileRef = C28ABEA92AF33D74007181F4 /* Mulish-Light.ttf */; };
		C28ABEBE2AF33D74007181F4 /* Mulish-ExtraBold.ttf in Resources */ = {isa = PBXBuildFile; fileRef = C28ABEAA2AF33D74007181F4 /* Mulish-ExtraBold.ttf */; };
		C28ABEBF2AF33D74007181F4 /* Mulish-ExtraLight.ttf in Resources */ = {isa = PBXBuildFile; fileRef = C28ABEAB2AF33D74007181F4 /* Mulish-ExtraLight.ttf */; };
		C28ABEC02AF33D75007181F4 /* Mulish-Medium.ttf in Resources */ = {isa = PBXBuildFile; fileRef = C28ABEAC2AF33D74007181F4 /* Mulish-Medium.ttf */; };
		C28ABEC12AF33D75007181F4 /* Mulish-MediumItalic.ttf in Resources */ = {isa = PBXBuildFile; fileRef = C28ABEAD2AF33D74007181F4 /* Mulish-MediumItalic.ttf */; };
		C28ABEC22AF33D75007181F4 /* Mulish-SemiBold.ttf in Resources */ = {isa = PBXBuildFile; fileRef = C28ABEAE2AF33D74007181F4 /* Mulish-SemiBold.ttf */; };
		C28ABEC32AF33D75007181F4 /* Mulish-BoldItalic.ttf in Resources */ = {isa = PBXBuildFile; fileRef = C28ABEAF2AF33D74007181F4 /* Mulish-BoldItalic.ttf */; };
		C28ABEC42AF33D75007181F4 /* OFL.txt in Resources */ = {isa = PBXBuildFile; fileRef = C28ABEB02AF33D74007181F4 /* OFL.txt */; };
		C28ABEC52AF33D75007181F4 /* README.txt in Resources */ = {isa = PBXBuildFile; fileRef = C28ABEB12AF33D74007181F4 /* README.txt */; };
		C291450A2AE60DBA000BEB88 /* TopicsView.swift in Sources */ = {isa = PBXBuildFile; fileRef = C29145092AE60DBA000BEB88 /* TopicsView.swift */; };
		C291450E2AE60DF1000BEB88 /* SharedView.swift in Sources */ = {isa = PBXBuildFile; fileRef = C291450D2AE60DF1000BEB88 /* SharedView.swift */; };
		C29DB0822AEC565B0081C354 /* TestSimplePlayerView.swift in Sources */ = {isa = PBXBuildFile; fileRef = C29DB0812AEC565B0081C354 /* TestSimplePlayerView.swift */; };
		C2A3FF112B01CC57001EDE9F /* Shared.swift in Sources */ = {isa = PBXBuildFile; fileRef = C2A3FF102B01CC57001EDE9F /* Shared.swift */; };
		C2A3FF142B01CE5C001EDE9F /* SharedPlaylist.swift in Sources */ = {isa = PBXBuildFile; fileRef = C2A3FF132B01CE5C001EDE9F /* SharedPlaylist.swift */; };
		C2A3FF162B01CF5F001EDE9F /* Friend.swift in Sources */ = {isa = PBXBuildFile; fileRef = C2A3FF152B01CF5F001EDE9F /* Friend.swift */; };
		C2A3FF1A2B01D84D001EDE9F /* SharedCard.swift in Sources */ = {isa = PBXBuildFile; fileRef = C2A3FF192B01D84D001EDE9F /* SharedCard.swift */; };
		C2A3FF1C2B024B9E001EDE9F /* ShareCard.swift in Sources */ = {isa = PBXBuildFile; fileRef = C2A3FF1B2B024B9E001EDE9F /* ShareCard.swift */; };
		C2A3FF1E2B0266FB001EDE9F /* ShareConfirmation.swift in Sources */ = {isa = PBXBuildFile; fileRef = C2A3FF1D2B0266FB001EDE9F /* ShareConfirmation.swift */; };
		C2A3FF202B02B16F001EDE9F /* TextFields.swift in Sources */ = {isa = PBXBuildFile; fileRef = C2A3FF1F2B02B16F001EDE9F /* TextFields.swift */; };
		C2A3FF222B02B185001EDE9F /* IconButtons.swift in Sources */ = {isa = PBXBuildFile; fileRef = C2A3FF212B02B185001EDE9F /* IconButtons.swift */; };
		C2A3FF282B0307AB001EDE9F /* TestExplore.swift in Sources */ = {isa = PBXBuildFile; fileRef = C2A3FF272B0307AB001EDE9F /* TestExplore.swift */; };
		C2A3FF2F2B035C2C001EDE9F /* Loading.swift in Sources */ = {isa = PBXBuildFile; fileRef = C2A3FF2E2B035C2C001EDE9F /* Loading.swift */; };
		C2A44AAA2B76AD62009FEEAB /* AccountMenu.swift in Sources */ = {isa = PBXBuildFile; fileRef = C2A44AA92B76AD62009FEEAB /* AccountMenu.swift */; };
		C2A44AAC2B76CE5E009FEEAB /* SavedPage.swift in Sources */ = {isa = PBXBuildFile; fileRef = C2A44AAB2B76CE5E009FEEAB /* SavedPage.swift */; };
		C2A44AAE2B76CEE3009FEEAB /* FriendsPage.swift in Sources */ = {isa = PBXBuildFile; fileRef = C2A44AAD2B76CEE3009FEEAB /* FriendsPage.swift */; };
		C2A44AB02B76D14D009FEEAB /* SettingsPage.swift in Sources */ = {isa = PBXBuildFile; fileRef = C2A44AAF2B76D14D009FEEAB /* SettingsPage.swift */; };
		C2A44AB22B76D612009FEEAB /* Placeholder.swift in Sources */ = {isa = PBXBuildFile; fileRef = C2A44AB12B76D612009FEEAB /* Placeholder.swift */; };
		C2A44AB42B771866009FEEAB /* FriendsViewModel.swift in Sources */ = {isa = PBXBuildFile; fileRef = C2A44AB32B771866009FEEAB /* FriendsViewModel.swift */; };
		C2A44AB62B772415009FEEAB /* FriendProfilePage.swift in Sources */ = {isa = PBXBuildFile; fileRef = C2A44AB52B772415009FEEAB /* FriendProfilePage.swift */; };
		C2BA1CC12AEC7C8200DC21B2 /* SwipeDirection.swift in Sources */ = {isa = PBXBuildFile; fileRef = C2BA1CC02AEC7C8200DC21B2 /* SwipeDirection.swift */; };
		C2D287272AE0BA8F00BB263C /* APIRequest.swift in Sources */ = {isa = PBXBuildFile; fileRef = C2D287262AE0BA8F00BB263C /* APIRequest.swift */; };
		C2D287292AE0C4DF00BB263C /* NetworkMonitor.swift in Sources */ = {isa = PBXBuildFile; fileRef = C2D287282AE0C4DF00BB263C /* NetworkMonitor.swift */; };
		C2EE4E572B23AF6300FEA5B5 /* Welcome.swift in Sources */ = {isa = PBXBuildFile; fileRef = C2EE4E562B23AF6300FEA5B5 /* Welcome.swift */; };
		C2EE4E592B23B4C500FEA5B5 /* Shadows.swift in Sources */ = {isa = PBXBuildFile; fileRef = C2EE4E582B23B4C500FEA5B5 /* Shadows.swift */; };
		C2EE4E5B2B24EC1300FEA5B5 /* DeepDive.swift in Sources */ = {isa = PBXBuildFile; fileRef = C2EE4E5A2B24EC1300FEA5B5 /* DeepDive.swift */; };
		C2EE4E5D2B2A148D00FEA5B5 /* ContinueCard.swift in Sources */ = {isa = PBXBuildFile; fileRef = C2EE4E5C2B2A148D00FEA5B5 /* ContinueCard.swift */; };
		C2EE4E5F2B2A362500FEA5B5 /* SearchBar.swift in Sources */ = {isa = PBXBuildFile; fileRef = C2EE4E5E2B2A362500FEA5B5 /* SearchBar.swift */; };
		C2EE4E652B2BA79300FEA5B5 /* sampleplaylist.json in Resources */ = {isa = PBXBuildFile; fileRef = C2EE4E642B2BA79300FEA5B5 /* sampleplaylist.json */; };
		C2EF0AFE2B52D6D10000DCE8 /* Login.swift in Sources */ = {isa = PBXBuildFile; fileRef = C2EF0AFD2B52D6D10000DCE8 /* Login.swift */; };
		C2EF0B002B52E9020000DCE8 /* AuthView.swift in Sources */ = {isa = PBXBuildFile; fileRef = C2EF0AFF2B52E9020000DCE8 /* AuthView.swift */; };
		C2EF0B022B5300AA0000DCE8 /* Signup.swift in Sources */ = {isa = PBXBuildFile; fileRef = C2EF0B012B5300AA0000DCE8 /* Signup.swift */; };
		C2EF0B042B5315440000DCE8 /* NavigationButtons.swift in Sources */ = {isa = PBXBuildFile; fileRef = C2EF0B032B5315440000DCE8 /* NavigationButtons.swift */; };
		C2FEE2762AF70BD700DBF997 /* simpletest.json in Resources */ = {isa = PBXBuildFile; fileRef = C2FEE2752AF70BD700DBF997 /* simpletest.json */; };
/* End PBXBuildFile section */

/* Begin PBXFileReference section */
		0F2EA9055C2D649F90179C57 /* Pods-Discite.release.xcconfig */ = {isa = PBXFileReference; includeInIndex = 1; lastKnownFileType = text.xcconfig; name = "Pods-Discite.release.xcconfig"; path = "Target Support Files/Pods-Discite/Pods-Discite.release.xcconfig"; sourceTree = "<group>"; };
		2C8509EA2B68107800707646 /* AllTopics.swift */ = {isa = PBXFileReference; lastKnownFileType = sourcecode.swift; path = AllTopics.swift; sourceTree = "<group>"; };
		2CBE27152B6436D600DF585B /* TopicPageView.swift */ = {isa = PBXFileReference; lastKnownFileType = sourcecode.swift; path = TopicPageView.swift; sourceTree = "<group>"; };
		66365F802B0095AC009E0438 /* OnboardingView.swift */ = {isa = PBXFileReference; fileEncoding = 4; lastKnownFileType = sourcecode.swift; path = OnboardingView.swift; sourceTree = "<group>"; };
		66365F812B0095AC009E0438 /* OnboardingViewModel.swift */ = {isa = PBXFileReference; fileEncoding = 4; lastKnownFileType = sourcecode.swift; path = OnboardingViewModel.swift; sourceTree = "<group>"; };
		665D4CCF2AFED43D00F1C05C /* Constants.swift */ = {isa = PBXFileReference; lastKnownFileType = sourcecode.swift; path = Constants.swift; sourceTree = "<group>"; };
		66CE484E2B00AAC10038FF75 /* AccountViewModel.swift */ = {isa = PBXFileReference; lastKnownFileType = sourcecode.swift; path = AccountViewModel.swift; sourceTree = "<group>"; };
		66EE0EB42AF4D4A500F65F38 /* SignupViewModel.swift */ = {isa = PBXFileReference; fileEncoding = 4; lastKnownFileType = sourcecode.swift; path = SignupViewModel.swift; sourceTree = "<group>"; };
		66EE0EB52AF4D4A500F65F38 /* SignupView.swift */ = {isa = PBXFileReference; fileEncoding = 4; lastKnownFileType = sourcecode.swift; path = SignupView.swift; sourceTree = "<group>"; };
		C1F61C4EDA5D5D25811A5526 /* Pods-Discite.debug.xcconfig */ = {isa = PBXFileReference; includeInIndex = 1; lastKnownFileType = text.xcconfig; name = "Pods-Discite.debug.xcconfig"; path = "Target Support Files/Pods-Discite/Pods-Discite.debug.xcconfig"; sourceTree = "<group>"; };
		C2082F902B6C06B200EEED6B /* SampleSpiderGraph.swift */ = {isa = PBXFileReference; lastKnownFileType = sourcecode.swift; path = SampleSpiderGraph.swift; sourceTree = "<group>"; };
		C2082F922B6C098A00EEED6B /* SpiderGraph.swift */ = {isa = PBXFileReference; lastKnownFileType = sourcecode.swift; path = SpiderGraph.swift; sourceTree = "<group>"; };
		C20DB8DF2AF1A8A5006FC33A /* User.swift */ = {isa = PBXFileReference; lastKnownFileType = sourcecode.swift; path = User.swift; sourceTree = "<group>"; };
		C20EFE562AFBABDD0074EC9A /* DisciteApp.swift */ = {isa = PBXFileReference; lastKnownFileType = sourcecode.swift; path = DisciteApp.swift; sourceTree = "<group>"; };
		C20EFE592AFBAF870074EC9A /* SampleData.swift */ = {isa = PBXFileReference; lastKnownFileType = sourcecode.swift; path = SampleData.swift; sourceTree = "<group>"; };
		C20EFE5B2AFBAFB90074EC9A /* SimpleTest.swift */ = {isa = PBXFileReference; lastKnownFileType = sourcecode.swift; path = SimpleTest.swift; sourceTree = "<group>"; };
		C20EFE632AFBC9C60074EC9A /* ExploreService.swift */ = {isa = PBXFileReference; lastKnownFileType = sourcecode.swift; path = ExploreService.swift; sourceTree = "<group>"; };
		C20EFE652AFBCC3E0074EC9A /* TopicCard.swift */ = {isa = PBXFileReference; lastKnownFileType = sourcecode.swift; path = TopicCard.swift; sourceTree = "<group>"; };
		C20EFE672AFBCF4C0074EC9A /* ExploreView.swift */ = {isa = PBXFileReference; lastKnownFileType = sourcecode.swift; path = ExploreView.swift; sourceTree = "<group>"; };
		C20EFE692AFBDC920074EC9A /* sampletopic.json */ = {isa = PBXFileReference; lastKnownFileType = text.json; path = sampletopic.json; sourceTree = "<group>"; };
		C20EFE6D2AFD93C20074EC9A /* PlaylistCard.swift */ = {isa = PBXFileReference; lastKnownFileType = sourcecode.swift; path = PlaylistCard.swift; sourceTree = "<group>"; };
		C20EFE6F2AFDA6D70074EC9A /* CardButtonFrame.swift */ = {isa = PBXFileReference; lastKnownFileType = sourcecode.swift; path = CardButtonFrame.swift; sourceTree = "<group>"; };
		C20EFE732AFDCB740074EC9A /* samplerecommendations.json */ = {isa = PBXFileReference; lastKnownFileType = text.json; path = samplerecommendations.json; sourceTree = "<group>"; };
		C20EFE752AFDCC410074EC9A /* Recommendations.swift */ = {isa = PBXFileReference; lastKnownFileType = sourcecode.swift; path = Recommendations.swift; sourceTree = "<group>"; };
		C20EFE772AFDCC9E0074EC9A /* Topic.swift */ = {isa = PBXFileReference; lastKnownFileType = sourcecode.swift; path = Topic.swift; sourceTree = "<group>"; };
		C20EFE7B2AFEC4F00074EC9A /* sampleplaylists.json */ = {isa = PBXFileReference; lastKnownFileType = text.json; path = sampleplaylists.json; sourceTree = "<group>"; };
		C20EFE812AFFA9A30074EC9A /* Navigator.swift */ = {isa = PBXFileReference; lastKnownFileType = sourcecode.swift; path = Navigator.swift; sourceTree = "<group>"; };
		C20EFE842B012C400074EC9A /* Share.swift */ = {isa = PBXFileReference; lastKnownFileType = sourcecode.swift; path = Share.swift; sourceTree = "<group>"; };
		C2128A722ADB270B00E90C66 /* Discite.app */ = {isa = PBXFileReference; explicitFileType = wrapper.application; includeInIndex = 0; path = Discite.app; sourceTree = BUILT_PRODUCTS_DIR; };
		C2128A772ADB270B00E90C66 /* ContentView.swift */ = {isa = PBXFileReference; lastKnownFileType = sourcecode.swift; path = ContentView.swift; sourceTree = "<group>"; };
		C2128A792ADB271300E90C66 /* Assets.xcassets */ = {isa = PBXFileReference; lastKnownFileType = folder.assetcatalog; path = Assets.xcassets; sourceTree = "<group>"; };
		C2128A7C2ADB271300E90C66 /* Preview Assets.xcassets */ = {isa = PBXFileReference; lastKnownFileType = folder.assetcatalog; path = "Preview Assets.xcassets"; sourceTree = "<group>"; };
		C2128A842ADB2B1100E90C66 /* .swiftlint.yml */ = {isa = PBXFileReference; lastKnownFileType = text.yaml; path = .swiftlint.yml; sourceTree = "<group>"; };
		C2128A892ADB2B8100E90C66 /* en */ = {isa = PBXFileReference; lastKnownFileType = text.plist.strings; name = en; path = en.lproj/Localizable.strings; sourceTree = "<group>"; };
		C2128A8F2ADB341400E90C66 /* LoginView.swift */ = {isa = PBXFileReference; lastKnownFileType = sourcecode.swift; path = LoginView.swift; sourceTree = "<group>"; };
		C2128A932ADB454500E90C66 /* AuthenticationService.swift */ = {isa = PBXFileReference; lastKnownFileType = sourcecode.swift; path = AuthenticationService.swift; sourceTree = "<group>"; };
		C2128A952ADB45AE00E90C66 /* LoginViewModel.swift */ = {isa = PBXFileReference; fileEncoding = 4; lastKnownFileType = sourcecode.swift; path = LoginViewModel.swift; sourceTree = "<group>"; };
		C2237F422AE5E4A600C9396E /* AccountView.swift */ = {isa = PBXFileReference; lastKnownFileType = sourcecode.swift; path = AccountView.swift; sourceTree = "<group>"; };
		C235C6722ADF463600870600 /* KeychainTools.swift */ = {isa = PBXFileReference; lastKnownFileType = sourcecode.swift; path = KeychainTools.swift; sourceTree = "<group>"; };
		C235C6742ADF842500870600 /* Auth.swift */ = {isa = PBXFileReference; lastKnownFileType = sourcecode.swift; path = Auth.swift; sourceTree = "<group>"; };
		C23A44182AE9E813004C6927 /* VideoService.swift */ = {isa = PBXFileReference; lastKnownFileType = sourcecode.swift; path = VideoService.swift; sourceTree = "<group>"; };
		C251C9852AF4960F00922B00 /* Playlist.swift */ = {isa = PBXFileReference; lastKnownFileType = sourcecode.swift; path = Playlist.swift; sourceTree = "<group>"; };
		C251C9872AF4963100922B00 /* Sequence.swift */ = {isa = PBXFileReference; lastKnownFileType = sourcecode.swift; path = Sequence.swift; sourceTree = "<group>"; };
		C251C9892AF4AD1100922B00 /* Video.swift */ = {isa = PBXFileReference; lastKnownFileType = sourcecode.swift; path = Video.swift; sourceTree = "<group>"; };
		C251C98B2AF4AD8C00922B00 /* PlayerView.swift */ = {isa = PBXFileReference; lastKnownFileType = sourcecode.swift; path = PlayerView.swift; sourceTree = "<group>"; };
		C251C98D2AF4AFA000922B00 /* DeepDiveOld.swift */ = {isa = PBXFileReference; lastKnownFileType = sourcecode.swift; path = DeepDiveOld.swift; sourceTree = "<group>"; };
		C269CCFF2B5DC6E600A5126C /* TopicTag.swift */ = {isa = PBXFileReference; lastKnownFileType = sourcecode.swift; path = TopicTag.swift; sourceTree = "<group>"; };
		C269CD052B5DF50C00A5126C /* PagingViewModel.swift */ = {isa = PBXFileReference; lastKnownFileType = sourcecode.swift; path = PagingViewModel.swift; sourceTree = "<group>"; };
		C269CD072B5DF63C00A5126C /* Feed.swift */ = {isa = PBXFileReference; lastKnownFileType = sourcecode.swift; path = Feed.swift; sourceTree = "<group>"; };
		C269CD0F2B6083C100A5126C /* SequenceViewModel.swift */ = {isa = PBXFileReference; lastKnownFileType = sourcecode.swift; path = SequenceViewModel.swift; sourceTree = "<group>"; };
		C269CD192B614B7900A5126C /* CustomVideoPlayer.swift */ = {isa = PBXFileReference; lastKnownFileType = sourcecode.swift; path = CustomVideoPlayer.swift; sourceTree = "<group>"; };
		C269CD1B2B689F6800A5126C /* VideoView.swift */ = {isa = PBXFileReference; lastKnownFileType = sourcecode.swift; path = VideoView.swift; sourceTree = "<group>"; };
		C269CD1D2B68A05000A5126C /* Post.swift */ = {isa = PBXFileReference; lastKnownFileType = sourcecode.swift; path = Post.swift; sourceTree = "<group>"; };
		C28ABE952AF31945007181F4 /* CustomJSONDecoder.swift */ = {isa = PBXFileReference; lastKnownFileType = sourcecode.swift; path = CustomJSONDecoder.swift; sourceTree = "<group>"; };
		C28ABE972AF31D9E007181F4 /* TextButtons.swift */ = {isa = PBXFileReference; lastKnownFileType = sourcecode.swift; path = TextButtons.swift; sourceTree = "<group>"; };
		C28ABE992AF33118007181F4 /* Colors.swift */ = {isa = PBXFileReference; lastKnownFileType = sourcecode.swift; path = Colors.swift; sourceTree = "<group>"; };
		C28ABE9C2AF3370B007181F4 /* Fonts.swift */ = {isa = PBXFileReference; lastKnownFileType = sourcecode.swift; path = Fonts.swift; sourceTree = "<group>"; };
		C28ABEA02AF33D74007181F4 /* Mulish-LightItalic.ttf */ = {isa = PBXFileReference; lastKnownFileType = file; path = "Mulish-LightItalic.ttf"; sourceTree = "<group>"; };
		C28ABEA12AF33D74007181F4 /* Mulish-ExtraBoldItalic.ttf */ = {isa = PBXFileReference; lastKnownFileType = file; path = "Mulish-ExtraBoldItalic.ttf"; sourceTree = "<group>"; };
		C28ABEA22AF33D74007181F4 /* Mulish-Italic.ttf */ = {isa = PBXFileReference; lastKnownFileType = file; path = "Mulish-Italic.ttf"; sourceTree = "<group>"; };
		C28ABEA32AF33D74007181F4 /* Mulish-Regular.ttf */ = {isa = PBXFileReference; lastKnownFileType = file; path = "Mulish-Regular.ttf"; sourceTree = "<group>"; };
		C28ABEA42AF33D74007181F4 /* Mulish-Black.ttf */ = {isa = PBXFileReference; lastKnownFileType = file; path = "Mulish-Black.ttf"; sourceTree = "<group>"; };
		C28ABEA52AF33D74007181F4 /* Mulish-BlackItalic.ttf */ = {isa = PBXFileReference; lastKnownFileType = file; path = "Mulish-BlackItalic.ttf"; sourceTree = "<group>"; };
		C28ABEA62AF33D74007181F4 /* Mulish-SemiBoldItalic.ttf */ = {isa = PBXFileReference; lastKnownFileType = file; path = "Mulish-SemiBoldItalic.ttf"; sourceTree = "<group>"; };
		C28ABEA72AF33D74007181F4 /* Mulish-ExtraLightItalic.ttf */ = {isa = PBXFileReference; lastKnownFileType = file; path = "Mulish-ExtraLightItalic.ttf"; sourceTree = "<group>"; };
		C28ABEA82AF33D74007181F4 /* Mulish-Bold.ttf */ = {isa = PBXFileReference; lastKnownFileType = file; path = "Mulish-Bold.ttf"; sourceTree = "<group>"; };
		C28ABEA92AF33D74007181F4 /* Mulish-Light.ttf */ = {isa = PBXFileReference; lastKnownFileType = file; path = "Mulish-Light.ttf"; sourceTree = "<group>"; };
		C28ABEAA2AF33D74007181F4 /* Mulish-ExtraBold.ttf */ = {isa = PBXFileReference; lastKnownFileType = file; path = "Mulish-ExtraBold.ttf"; sourceTree = "<group>"; };
		C28ABEAB2AF33D74007181F4 /* Mulish-ExtraLight.ttf */ = {isa = PBXFileReference; lastKnownFileType = file; path = "Mulish-ExtraLight.ttf"; sourceTree = "<group>"; };
		C28ABEAC2AF33D74007181F4 /* Mulish-Medium.ttf */ = {isa = PBXFileReference; lastKnownFileType = file; path = "Mulish-Medium.ttf"; sourceTree = "<group>"; };
		C28ABEAD2AF33D74007181F4 /* Mulish-MediumItalic.ttf */ = {isa = PBXFileReference; lastKnownFileType = file; path = "Mulish-MediumItalic.ttf"; sourceTree = "<group>"; };
		C28ABEAE2AF33D74007181F4 /* Mulish-SemiBold.ttf */ = {isa = PBXFileReference; lastKnownFileType = file; path = "Mulish-SemiBold.ttf"; sourceTree = "<group>"; };
		C28ABEAF2AF33D74007181F4 /* Mulish-BoldItalic.ttf */ = {isa = PBXFileReference; lastKnownFileType = file; path = "Mulish-BoldItalic.ttf"; sourceTree = "<group>"; };
		C28ABEB02AF33D74007181F4 /* OFL.txt */ = {isa = PBXFileReference; fileEncoding = 4; lastKnownFileType = text; path = OFL.txt; sourceTree = "<group>"; };
		C28ABEB12AF33D74007181F4 /* README.txt */ = {isa = PBXFileReference; fileEncoding = 4; lastKnownFileType = text; path = README.txt; sourceTree = "<group>"; };
		C28ABEC82AF3409C007181F4 /* Info.plist */ = {isa = PBXFileReference; lastKnownFileType = text.plist; path = Info.plist; sourceTree = "<group>"; };
		C28ABEC92AF34464007181F4 /* Mulish-VariableFont_wght.ttf */ = {isa = PBXFileReference; lastKnownFileType = file; name = "Mulish-VariableFont_wght.ttf"; path = "Discite/Common/Styles/Mulish/Mulish-VariableFont_wght.ttf"; sourceTree = SOURCE_ROOT; };
		C28ABECA2AF3447F007181F4 /* Mulish-Italic-VariableFont_wght.ttf */ = {isa = PBXFileReference; lastKnownFileType = file; path = "Mulish-Italic-VariableFont_wght.ttf"; sourceTree = "<group>"; };
		C29145092AE60DBA000BEB88 /* TopicsView.swift */ = {isa = PBXFileReference; lastKnownFileType = sourcecode.swift; path = TopicsView.swift; sourceTree = "<group>"; };
		C291450D2AE60DF1000BEB88 /* SharedView.swift */ = {isa = PBXFileReference; lastKnownFileType = sourcecode.swift; path = SharedView.swift; sourceTree = "<group>"; };
		C29DB0812AEC565B0081C354 /* TestSimplePlayerView.swift */ = {isa = PBXFileReference; lastKnownFileType = sourcecode.swift; path = TestSimplePlayerView.swift; sourceTree = "<group>"; };
		C2A3FF102B01CC57001EDE9F /* Shared.swift */ = {isa = PBXFileReference; lastKnownFileType = sourcecode.swift; path = Shared.swift; sourceTree = "<group>"; };
		C2A3FF132B01CE5C001EDE9F /* SharedPlaylist.swift */ = {isa = PBXFileReference; lastKnownFileType = sourcecode.swift; path = SharedPlaylist.swift; sourceTree = "<group>"; };
		C2A3FF152B01CF5F001EDE9F /* Friend.swift */ = {isa = PBXFileReference; lastKnownFileType = sourcecode.swift; path = Friend.swift; sourceTree = "<group>"; };
		C2A3FF192B01D84D001EDE9F /* SharedCard.swift */ = {isa = PBXFileReference; lastKnownFileType = sourcecode.swift; path = SharedCard.swift; sourceTree = "<group>"; };
		C2A3FF1B2B024B9E001EDE9F /* ShareCard.swift */ = {isa = PBXFileReference; lastKnownFileType = sourcecode.swift; path = ShareCard.swift; sourceTree = "<group>"; };
		C2A3FF1D2B0266FB001EDE9F /* ShareConfirmation.swift */ = {isa = PBXFileReference; lastKnownFileType = sourcecode.swift; path = ShareConfirmation.swift; sourceTree = "<group>"; };
		C2A3FF1F2B02B16F001EDE9F /* TextFields.swift */ = {isa = PBXFileReference; lastKnownFileType = sourcecode.swift; path = TextFields.swift; sourceTree = "<group>"; };
		C2A3FF212B02B185001EDE9F /* IconButtons.swift */ = {isa = PBXFileReference; lastKnownFileType = sourcecode.swift; path = IconButtons.swift; sourceTree = "<group>"; };
		C2A3FF272B0307AB001EDE9F /* TestExplore.swift */ = {isa = PBXFileReference; lastKnownFileType = sourcecode.swift; path = TestExplore.swift; sourceTree = "<group>"; };
		C2A3FF2E2B035C2C001EDE9F /* Loading.swift */ = {isa = PBXFileReference; lastKnownFileType = sourcecode.swift; path = Loading.swift; sourceTree = "<group>"; };
		C2A44AA92B76AD62009FEEAB /* AccountMenu.swift */ = {isa = PBXFileReference; lastKnownFileType = sourcecode.swift; path = AccountMenu.swift; sourceTree = "<group>"; };
		C2A44AAB2B76CE5E009FEEAB /* SavedPage.swift */ = {isa = PBXFileReference; lastKnownFileType = sourcecode.swift; path = SavedPage.swift; sourceTree = "<group>"; };
		C2A44AAD2B76CEE3009FEEAB /* FriendsPage.swift */ = {isa = PBXFileReference; lastKnownFileType = sourcecode.swift; path = FriendsPage.swift; sourceTree = "<group>"; };
		C2A44AAF2B76D14D009FEEAB /* SettingsPage.swift */ = {isa = PBXFileReference; lastKnownFileType = sourcecode.swift; path = SettingsPage.swift; sourceTree = "<group>"; };
		C2A44AB12B76D612009FEEAB /* Placeholder.swift */ = {isa = PBXFileReference; lastKnownFileType = sourcecode.swift; path = Placeholder.swift; sourceTree = "<group>"; };
		C2A44AB32B771866009FEEAB /* FriendsViewModel.swift */ = {isa = PBXFileReference; lastKnownFileType = sourcecode.swift; path = FriendsViewModel.swift; sourceTree = "<group>"; };
		C2A44AB52B772415009FEEAB /* FriendProfilePage.swift */ = {isa = PBXFileReference; lastKnownFileType = sourcecode.swift; path = FriendProfilePage.swift; sourceTree = "<group>"; };
		C2BA1CC02AEC7C8200DC21B2 /* SwipeDirection.swift */ = {isa = PBXFileReference; lastKnownFileType = sourcecode.swift; path = SwipeDirection.swift; sourceTree = "<group>"; };
		C2D287262AE0BA8F00BB263C /* APIRequest.swift */ = {isa = PBXFileReference; lastKnownFileType = sourcecode.swift; path = APIRequest.swift; sourceTree = "<group>"; };
		C2D287282AE0C4DF00BB263C /* NetworkMonitor.swift */ = {isa = PBXFileReference; lastKnownFileType = sourcecode.swift; path = NetworkMonitor.swift; sourceTree = "<group>"; };
		C2EE4E562B23AF6300FEA5B5 /* Welcome.swift */ = {isa = PBXFileReference; lastKnownFileType = sourcecode.swift; path = Welcome.swift; sourceTree = "<group>"; };
		C2EE4E582B23B4C500FEA5B5 /* Shadows.swift */ = {isa = PBXFileReference; lastKnownFileType = sourcecode.swift; path = Shadows.swift; sourceTree = "<group>"; };
		C2EE4E5A2B24EC1300FEA5B5 /* DeepDive.swift */ = {isa = PBXFileReference; lastKnownFileType = sourcecode.swift; path = DeepDive.swift; sourceTree = "<group>"; };
		C2EE4E5C2B2A148D00FEA5B5 /* ContinueCard.swift */ = {isa = PBXFileReference; lastKnownFileType = sourcecode.swift; path = ContinueCard.swift; sourceTree = "<group>"; };
		C2EE4E5E2B2A362500FEA5B5 /* SearchBar.swift */ = {isa = PBXFileReference; lastKnownFileType = sourcecode.swift; path = SearchBar.swift; sourceTree = "<group>"; };
		C2EE4E642B2BA79300FEA5B5 /* sampleplaylist.json */ = {isa = PBXFileReference; lastKnownFileType = text.json; path = sampleplaylist.json; sourceTree = "<group>"; };
		C2EF0AFD2B52D6D10000DCE8 /* Login.swift */ = {isa = PBXFileReference; lastKnownFileType = sourcecode.swift; path = Login.swift; sourceTree = "<group>"; };
		C2EF0AFF2B52E9020000DCE8 /* AuthView.swift */ = {isa = PBXFileReference; lastKnownFileType = sourcecode.swift; path = AuthView.swift; sourceTree = "<group>"; };
		C2EF0B012B5300AA0000DCE8 /* Signup.swift */ = {isa = PBXFileReference; lastKnownFileType = sourcecode.swift; path = Signup.swift; sourceTree = "<group>"; };
		C2EF0B032B5315440000DCE8 /* NavigationButtons.swift */ = {isa = PBXFileReference; lastKnownFileType = sourcecode.swift; path = NavigationButtons.swift; sourceTree = "<group>"; };
		C2FEE2752AF70BD700DBF997 /* simpletest.json */ = {isa = PBXFileReference; lastKnownFileType = text.json; path = simpletest.json; sourceTree = "<group>"; };
		F468F65203DCE1AB8A18A164 /* Pods_Discite.framework */ = {isa = PBXFileReference; explicitFileType = wrapper.framework; includeInIndex = 0; path = Pods_Discite.framework; sourceTree = BUILT_PRODUCTS_DIR; };
/* End PBXFileReference section */

/* Begin PBXFrameworksBuildPhase section */
		C2128A6F2ADB270B00E90C66 /* Frameworks */ = {
			isa = PBXFrameworksBuildPhase;
			buildActionMask = 2147483647;
			files = (
				42809CA77ACA2029F7351171 /* Pods_Discite.framework in Frameworks */,
			);
			runOnlyForDeploymentPostprocessing = 0;
		};
/* End PBXFrameworksBuildPhase section */

/* Begin PBXGroup section */
		2C610DE22B5C8A1500774B4F /* Recommended */ = {
			isa = PBXGroup;
			children = (
			);
			path = Recommended;
			sourceTree = "<group>";
		};
		3622EC259FD8B4B212031657 /* Pods */ = {
			isa = PBXGroup;
			children = (
				C1F61C4EDA5D5D25811A5526 /* Pods-Discite.debug.xcconfig */,
				0F2EA9055C2D649F90179C57 /* Pods-Discite.release.xcconfig */,
			);
			path = Pods;
			sourceTree = "<group>";
		};
		4293D4045B8B40739121FB43 /* Frameworks */ = {
			isa = PBXGroup;
			children = (
				F468F65203DCE1AB8A18A164 /* Pods_Discite.framework */,
			);
			name = Frameworks;
			sourceTree = "<group>";
		};
		66365F7F2B0095AC009E0438 /* Onboarding */ = {
			isa = PBXGroup;
			children = (
				66365F802B0095AC009E0438 /* OnboardingView.swift */,
				66365F812B0095AC009E0438 /* OnboardingViewModel.swift */,
			);
			path = Onboarding;
			sourceTree = "<group>";
		};
		66EE0EB32AF4D4A500F65F38 /* Signup */ = {
			isa = PBXGroup;
			children = (
				C2EF0B012B5300AA0000DCE8 /* Signup.swift */,
				66EE0EB42AF4D4A500F65F38 /* SignupViewModel.swift */,
			);
			path = Signup;
			sourceTree = "<group>";
		};
		C2082F832B6BD45200EEED6B /* SpiderGraph */ = {
			isa = PBXGroup;
			children = (
				C2082F902B6C06B200EEED6B /* SampleSpiderGraph.swift */,
				C2082F922B6C098A00EEED6B /* SpiderGraph.swift */,
			);
			path = SpiderGraph;
			sourceTree = "<group>";
		};
		C20EFE582AFBAF690074EC9A /* SampleData */ = {
			isa = PBXGroup;
			children = (
				C20EFE592AFBAF870074EC9A /* SampleData.swift */,
				C20EFE5B2AFBAFB90074EC9A /* SimpleTest.swift */,
				C2FEE2752AF70BD700DBF997 /* simpletest.json */,
			);
			path = SampleData;
			sourceTree = "<group>";
		};
		C20EFE832AFFCEDB0074EC9A /* Testing */ = {
			isa = PBXGroup;
			children = (
				C20EFE692AFBDC920074EC9A /* sampletopic.json */,
				C20EFE732AFDCB740074EC9A /* samplerecommendations.json */,
				C29145092AE60DBA000BEB88 /* TopicsView.swift */,
				C2A3FF272B0307AB001EDE9F /* TestExplore.swift */,
			);
			path = Testing;
			sourceTree = "<group>";
		};
		C20EFE862B012F6E0074EC9A /* Share */ = {
			isa = PBXGroup;
			children = (
				C20EFE842B012C400074EC9A /* Share.swift */,
				C2A3FF1B2B024B9E001EDE9F /* ShareCard.swift */,
				C2A3FF1D2B0266FB001EDE9F /* ShareConfirmation.swift */,
			);
			path = Share;
			sourceTree = "<group>";
		};
		C2128A692ADB270B00E90C66 = {
			isa = PBXGroup;
			children = (
				C2128A742ADB270B00E90C66 /* Discite */,
				C2128A732ADB270B00E90C66 /* Products */,
				3622EC259FD8B4B212031657 /* Pods */,
				4293D4045B8B40739121FB43 /* Frameworks */,
			);
			sourceTree = "<group>";
		};
		C2128A732ADB270B00E90C66 /* Products */ = {
			isa = PBXGroup;
			children = (
				C2128A722ADB270B00E90C66 /* Discite.app */,
			);
			name = Products;
			sourceTree = "<group>";
		};
		C2128A742ADB270B00E90C66 /* Discite */ = {
			isa = PBXGroup;
			children = (
				C28ABEC82AF3409C007181F4 /* Info.plist */,
				C2128A842ADB2B1100E90C66 /* .swiftlint.yml */,
				C20EFE562AFBABDD0074EC9A /* DisciteApp.swift */,
				C2128A8E2ADB32B100E90C66 /* Classes */,
				C2128A8B2ADB2B9100E90C66 /* Common */,
				C2128A7B2ADB271300E90C66 /* Preview Content */,
			);
			path = Discite;
			sourceTree = "<group>";
		};
		C2128A7B2ADB271300E90C66 /* Preview Content */ = {
			isa = PBXGroup;
			children = (
				C2128A7C2ADB271300E90C66 /* Preview Assets.xcassets */,
			);
			path = "Preview Content";
			sourceTree = "<group>";
		};
		C2128A8B2ADB2B9100E90C66 /* Common */ = {
			isa = PBXGroup;
			children = (
				C2082F832B6BD45200EEED6B /* SpiderGraph */,
				C20EFE582AFBAF690074EC9A /* SampleData */,
				C2D287232AE0B25800BB263C /* Styles */,
				C28ABE952AF31945007181F4 /* CustomJSONDecoder.swift */,
				C2EF0B032B5315440000DCE8 /* NavigationButtons.swift */,
				C28ABE972AF31D9E007181F4 /* TextButtons.swift */,
				C2A3FF212B02B185001EDE9F /* IconButtons.swift */,
				C2A3FF1F2B02B16F001EDE9F /* TextFields.swift */,
				C2EE4E5E2B2A362500FEA5B5 /* SearchBar.swift */,
				C2A3FF2E2B035C2C001EDE9F /* Loading.swift */,
				C2128A792ADB271300E90C66 /* Assets.xcassets */,
				C2128A8A2ADB2B8100E90C66 /* Localizable.strings */,
				665D4CCF2AFED43D00F1C05C /* Constants.swift */,
			);
			path = Common;
			sourceTree = "<group>";
		};
		C2128A8D2ADB32A600E90C66 /* Login */ = {
			isa = PBXGroup;
			children = (
				C2EF0AFD2B52D6D10000DCE8 /* Login.swift */,
				C2128A952ADB45AE00E90C66 /* LoginViewModel.swift */,
			);
			path = Login;
			sourceTree = "<group>";
		};
		C2128A8E2ADB32B100E90C66 /* Classes */ = {
			isa = PBXGroup;
			children = (
				2C610DE22B5C8A1500774B4F /* Recommended */,
				66365F7F2B0095AC009E0438 /* Onboarding */,
				C2D287202AE0B03B00BB263C /* Root */,
				C2128A972ADB4F3A00E90C66 /* Authentication */,
				C235C6762AE06DD700870600 /* Watch */,
				C291450B2AE60DBF000BEB88 /* Explore */,
				C291450C2AE60DDA000BEB88 /* Shared */,
				C2237F412AE5E41500C9396E /* Account */,
				C20EFE862B012F6E0074EC9A /* Share */,
				C235C6712ADF460C00870600 /* Utility */,
			);
			path = Classes;
			sourceTree = "<group>";
		};
		C2128A972ADB4F3A00E90C66 /* Authentication */ = {
			isa = PBXGroup;
			children = (
				C2128A8D2ADB32A600E90C66 /* Login */,
				66EE0EB32AF4D4A500F65F38 /* Signup */,
				C2A3FF2D2B033F2D001EDE9F /* Testing */,
				C2EE4E562B23AF6300FEA5B5 /* Welcome.swift */,
				C2EF0AFF2B52E9020000DCE8 /* AuthView.swift */,
				C235C6742ADF842500870600 /* Auth.swift */,
				C2128A932ADB454500E90C66 /* AuthenticationService.swift */,
			);
			path = Authentication;
			sourceTree = "<group>";
		};
		C2237F412AE5E41500C9396E /* Account */ = {
			isa = PBXGroup;
			children = (
				C2A44AA92B76AD62009FEEAB /* AccountMenu.swift */,
				C2237F422AE5E4A600C9396E /* AccountView.swift */,
				66CE484E2B00AAC10038FF75 /* AccountViewModel.swift */,
				C20DB8DF2AF1A8A5006FC33A /* User.swift */,
				C2A44AAB2B76CE5E009FEEAB /* SavedPage.swift */,
				C2A44AAD2B76CEE3009FEEAB /* FriendsPage.swift */,
				C2A44AB52B772415009FEEAB /* FriendProfilePage.swift */,
				C2A44AB32B771866009FEEAB /* FriendsViewModel.swift */,
				C2A44AAF2B76D14D009FEEAB /* SettingsPage.swift */,
				C2A44AB12B76D612009FEEAB /* Placeholder.swift */,
			);
			path = Account;
			sourceTree = "<group>";
		};
		C22A8F5A2AF18A8500D05DB9 /* VideoPlayer */ = {
			isa = PBXGroup;
			children = (
				C269CD072B5DF63C00A5126C /* Feed.swift */,
				C269CD1D2B68A05000A5126C /* Post.swift */,
				C269CD0F2B6083C100A5126C /* SequenceViewModel.swift */,
				C251C9852AF4960F00922B00 /* Playlist.swift */,
				C251C9892AF4AD1100922B00 /* Video.swift */,
				C23A44182AE9E813004C6927 /* VideoService.swift */,
				C269CD192B614B7900A5126C /* CustomVideoPlayer.swift */,
				C269CD1B2B689F6800A5126C /* VideoView.swift */,
			);
			path = VideoPlayer;
			sourceTree = "<group>";
		};
		C235C6712ADF460C00870600 /* Utility */ = {
			isa = PBXGroup;
			children = (
				C235C6722ADF463600870600 /* KeychainTools.swift */,
				C2D287262AE0BA8F00BB263C /* APIRequest.swift */,
				C2D287282AE0C4DF00BB263C /* NetworkMonitor.swift */,
			);
			path = Utility;
			sourceTree = "<group>";
		};
		C235C6762AE06DD700870600 /* Watch */ = {
			isa = PBXGroup;
			children = (
				C22A8F5A2AF18A8500D05DB9 /* VideoPlayer */,
				C2ECB9632AF4575100433A3A /* Testing */,
				C269CD0C2B5E1AC500A5126C /* Previous */,
				C2BA1CC02AEC7C8200DC21B2 /* SwipeDirection.swift */,
			);
			path = Watch;
			sourceTree = "<group>";
		};
		C269CD0C2B5E1AC500A5126C /* Previous */ = {
			isa = PBXGroup;
			children = (
				C2EE4E5A2B24EC1300FEA5B5 /* DeepDive.swift */,
				C251C98D2AF4AFA000922B00 /* DeepDiveOld.swift */,
				C251C98B2AF4AD8C00922B00 /* PlayerView.swift */,
				C251C9872AF4963100922B00 /* Sequence.swift */,
			);
			path = Previous;
			sourceTree = "<group>";
		};
		C28ABE9E2AF33D74007181F4 /* Mulish */ = {
			isa = PBXGroup;
			children = (
				C28ABE9F2AF33D74007181F4 /* static */,
				C28ABEC92AF34464007181F4 /* Mulish-VariableFont_wght.ttf */,
				C28ABECA2AF3447F007181F4 /* Mulish-Italic-VariableFont_wght.ttf */,
				C28ABEB02AF33D74007181F4 /* OFL.txt */,
				C28ABEB12AF33D74007181F4 /* README.txt */,
			);
			path = Mulish;
			sourceTree = "<group>";
		};
		C28ABE9F2AF33D74007181F4 /* static */ = {
			isa = PBXGroup;
			children = (
				C28ABEA02AF33D74007181F4 /* Mulish-LightItalic.ttf */,
				C28ABEA12AF33D74007181F4 /* Mulish-ExtraBoldItalic.ttf */,
				C28ABEA22AF33D74007181F4 /* Mulish-Italic.ttf */,
				C28ABEA32AF33D74007181F4 /* Mulish-Regular.ttf */,
				C28ABEA42AF33D74007181F4 /* Mulish-Black.ttf */,
				C28ABEA52AF33D74007181F4 /* Mulish-BlackItalic.ttf */,
				C28ABEA62AF33D74007181F4 /* Mulish-SemiBoldItalic.ttf */,
				C28ABEA72AF33D74007181F4 /* Mulish-ExtraLightItalic.ttf */,
				C28ABEA82AF33D74007181F4 /* Mulish-Bold.ttf */,
				C28ABEA92AF33D74007181F4 /* Mulish-Light.ttf */,
				C28ABEAA2AF33D74007181F4 /* Mulish-ExtraBold.ttf */,
				C28ABEAB2AF33D74007181F4 /* Mulish-ExtraLight.ttf */,
				C28ABEAC2AF33D74007181F4 /* Mulish-Medium.ttf */,
				C28ABEAD2AF33D74007181F4 /* Mulish-MediumItalic.ttf */,
				C28ABEAE2AF33D74007181F4 /* Mulish-SemiBold.ttf */,
				C28ABEAF2AF33D74007181F4 /* Mulish-BoldItalic.ttf */,
			);
			path = static;
			sourceTree = "<group>";
		};
		C291450B2AE60DBF000BEB88 /* Explore */ = {
			isa = PBXGroup;
			children = (
				2C8509EA2B68107800707646 /* AllTopics.swift */,
				C2EE4E5C2B2A148D00FEA5B5 /* ContinueCard.swift */,
				C20EFE632AFBC9C60074EC9A /* ExploreService.swift */,
				C20EFE672AFBCF4C0074EC9A /* ExploreView.swift */,
				C20EFE6D2AFD93C20074EC9A /* PlaylistCard.swift */,
				C20EFE752AFDCC410074EC9A /* Recommendations.swift */,
				C20EFE772AFDCC9E0074EC9A /* Topic.swift */,
				C20EFE652AFBCC3E0074EC9A /* TopicCard.swift */,
				2CBE27152B6436D600DF585B /* TopicPageView.swift */,
				C269CCFF2B5DC6E600A5126C /* TopicTag.swift */,
				C20EFE832AFFCEDB0074EC9A /* Testing */,
			);
			path = Explore;
			sourceTree = "<group>";
		};
		C291450C2AE60DDA000BEB88 /* Shared */ = {
			isa = PBXGroup;
			children = (
				C2A3FF102B01CC57001EDE9F /* Shared.swift */,
				C2A3FF192B01D84D001EDE9F /* SharedCard.swift */,
				C2A3FF132B01CE5C001EDE9F /* SharedPlaylist.swift */,
				C2A3FF152B01CF5F001EDE9F /* Friend.swift */,
				C2A3FF122B01CDF3001EDE9F /* Testing */,
			);
			path = Shared;
			sourceTree = "<group>";
		};
		C2A3FF122B01CDF3001EDE9F /* Testing */ = {
			isa = PBXGroup;
			children = (
				C291450D2AE60DF1000BEB88 /* SharedView.swift */,
			);
			path = Testing;
			sourceTree = "<group>";
		};
		C2A3FF2D2B033F2D001EDE9F /* Testing */ = {
			isa = PBXGroup;
			children = (
				66EE0EB52AF4D4A500F65F38 /* SignupView.swift */,
				C2128A8F2ADB341400E90C66 /* LoginView.swift */,
			);
			path = Testing;
			sourceTree = "<group>";
		};
		C2D287202AE0B03B00BB263C /* Root */ = {
			isa = PBXGroup;
			children = (
				C2128A772ADB270B00E90C66 /* ContentView.swift */,
				C20EFE812AFFA9A30074EC9A /* Navigator.swift */,
			);
			path = Root;
			sourceTree = "<group>";
		};
		C2D287232AE0B25800BB263C /* Styles */ = {
			isa = PBXGroup;
			children = (
				C28ABE9E2AF33D74007181F4 /* Mulish */,
				C28ABE992AF33118007181F4 /* Colors.swift */,
				C28ABE9C2AF3370B007181F4 /* Fonts.swift */,
				C2EE4E582B23B4C500FEA5B5 /* Shadows.swift */,
				C20EFE6F2AFDA6D70074EC9A /* CardButtonFrame.swift */,
			);
			path = Styles;
			sourceTree = "<group>";
		};
		C2ECB9632AF4575100433A3A /* Testing */ = {
			isa = PBXGroup;
			children = (
				C20EFE7B2AFEC4F00074EC9A /* sampleplaylists.json */,
				C2EE4E642B2BA79300FEA5B5 /* sampleplaylist.json */,
				C269CD052B5DF50C00A5126C /* PagingViewModel.swift */,
				C29DB0812AEC565B0081C354 /* TestSimplePlayerView.swift */,
			);
			path = Testing;
			sourceTree = "<group>";
		};
/* End PBXGroup section */

/* Begin PBXNativeTarget section */
		C2128A712ADB270B00E90C66 /* Discite */ = {
			isa = PBXNativeTarget;
			buildConfigurationList = C2128A802ADB271300E90C66 /* Build configuration list for PBXNativeTarget "Discite" */;
			buildPhases = (
				F864583DEE599EEF629CA64E /* [CP] Check Pods Manifest.lock */,
				C2128A6E2ADB270B00E90C66 /* Sources */,
				C2128A6F2ADB270B00E90C66 /* Frameworks */,
				C2128A702ADB270B00E90C66 /* Resources */,
				C2128A832ADB2ACD00E90C66 /* SwiftLint */,
			);
			buildRules = (
			);
			dependencies = (
			);
			name = Discite;
			productName = Discite;
			productReference = C2128A722ADB270B00E90C66 /* Discite.app */;
			productType = "com.apple.product-type.application";
		};
/* End PBXNativeTarget section */

/* Begin PBXProject section */
		C2128A6A2ADB270B00E90C66 /* Project object */ = {
			isa = PBXProject;
			attributes = {
				BuildIndependentTargetsInParallel = 1;
				LastSwiftUpdateCheck = 1420;
				LastUpgradeCheck = 1420;
				TargetAttributes = {
					C2128A712ADB270B00E90C66 = {
						CreatedOnToolsVersion = 14.2;
					};
				};
			};
			buildConfigurationList = C2128A6D2ADB270B00E90C66 /* Build configuration list for PBXProject "Discite" */;
			compatibilityVersion = "Xcode 14.0";
			developmentRegion = en;
			hasScannedForEncodings = 0;
			knownRegions = (
				en,
				Base,
			);
			mainGroup = C2128A692ADB270B00E90C66;
			productRefGroup = C2128A732ADB270B00E90C66 /* Products */;
			projectDirPath = "";
			projectRoot = "";
			targets = (
				C2128A712ADB270B00E90C66 /* Discite */,
			);
		};
/* End PBXProject section */

/* Begin PBXResourcesBuildPhase section */
		C2128A702ADB270B00E90C66 /* Resources */ = {
			isa = PBXResourcesBuildPhase;
			buildActionMask = 2147483647;
			files = (
				C28ABEB42AF33D74007181F4 /* Mulish-LightItalic.ttf in Resources */,
				C28ABEB82AF33D74007181F4 /* Mulish-Black.ttf in Resources */,
				C20EFE7C2AFEC4F00074EC9A /* sampleplaylists.json in Resources */,
				C28ABEB72AF33D74007181F4 /* Mulish-Regular.ttf in Resources */,
				C28ABEB62AF33D74007181F4 /* Mulish-Italic.ttf in Resources */,
				C2128A852ADB2B1100E90C66 /* .swiftlint.yml in Resources */,
				C28ABEBD2AF33D74007181F4 /* Mulish-Light.ttf in Resources */,
				C28ABEB52AF33D74007181F4 /* Mulish-ExtraBoldItalic.ttf in Resources */,
				C28ABEC12AF33D75007181F4 /* Mulish-MediumItalic.ttf in Resources */,
				C28ABEC22AF33D75007181F4 /* Mulish-SemiBold.ttf in Resources */,
				C20EFE742AFDCB740074EC9A /* samplerecommendations.json in Resources */,
				C28ABEBC2AF33D74007181F4 /* Mulish-Bold.ttf in Resources */,
				C28ABEBB2AF33D74007181F4 /* Mulish-ExtraLightItalic.ttf in Resources */,
				C20EFE6A2AFBDC920074EC9A /* sampletopic.json in Resources */,
				C28ABEBF2AF33D74007181F4 /* Mulish-ExtraLight.ttf in Resources */,
				C28ABEC42AF33D75007181F4 /* OFL.txt in Resources */,
				C28ABEC52AF33D75007181F4 /* README.txt in Resources */,
				C28ABEC32AF33D75007181F4 /* Mulish-BoldItalic.ttf in Resources */,
				C28ABEC02AF33D75007181F4 /* Mulish-Medium.ttf in Resources */,
				C2128A882ADB2B8100E90C66 /* Localizable.strings in Resources */,
				C2FEE2762AF70BD700DBF997 /* simpletest.json in Resources */,
				C28ABEB92AF33D74007181F4 /* Mulish-BlackItalic.ttf in Resources */,
				C2128A7D2ADB271300E90C66 /* Preview Assets.xcassets in Resources */,
				C2EE4E652B2BA79300FEA5B5 /* sampleplaylist.json in Resources */,
				C28ABEBE2AF33D74007181F4 /* Mulish-ExtraBold.ttf in Resources */,
				C2128A7A2ADB271300E90C66 /* Assets.xcassets in Resources */,
				C28ABEBA2AF33D74007181F4 /* Mulish-SemiBoldItalic.ttf in Resources */,
			);
			runOnlyForDeploymentPostprocessing = 0;
		};
/* End PBXResourcesBuildPhase section */

/* Begin PBXShellScriptBuildPhase section */
		C2128A832ADB2ACD00E90C66 /* SwiftLint */ = {
			isa = PBXShellScriptBuildPhase;
			alwaysOutOfDate = 1;
			buildActionMask = 2147483647;
			files = (
			);
			inputFileListPaths = (
			);
			inputPaths = (
			);
			name = SwiftLint;
			outputFileListPaths = (
			);
			outputPaths = (
			);
			runOnlyForDeploymentPostprocessing = 0;
			shellPath = /bin/sh;
			shellScript = "\"${PODS_ROOT}/SwiftLint/swiftlint\"\n";
		};
		F864583DEE599EEF629CA64E /* [CP] Check Pods Manifest.lock */ = {
			isa = PBXShellScriptBuildPhase;
			buildActionMask = 2147483647;
			files = (
			);
			inputFileListPaths = (
			);
			inputPaths = (
				"${PODS_PODFILE_DIR_PATH}/Podfile.lock",
				"${PODS_ROOT}/Manifest.lock",
			);
			name = "[CP] Check Pods Manifest.lock";
			outputFileListPaths = (
			);
			outputPaths = (
				"$(DERIVED_FILE_DIR)/Pods-Discite-checkManifestLockResult.txt",
			);
			runOnlyForDeploymentPostprocessing = 0;
			shellPath = /bin/sh;
			shellScript = "diff \"${PODS_PODFILE_DIR_PATH}/Podfile.lock\" \"${PODS_ROOT}/Manifest.lock\" > /dev/null\nif [ $? != 0 ] ; then\n    # print error to STDERR\n    echo \"error: The sandbox is not in sync with the Podfile.lock. Run 'pod install' or update your CocoaPods installation.\" >&2\n    exit 1\nfi\n# This output is used by Xcode 'outputs' to avoid re-running this script phase.\necho \"SUCCESS\" > \"${SCRIPT_OUTPUT_FILE_0}\"\n";
			showEnvVarsInLog = 0;
		};
/* End PBXShellScriptBuildPhase section */

/* Begin PBXSourcesBuildPhase section */
		C2128A6E2ADB270B00E90C66 /* Sources */ = {
			isa = PBXSourcesBuildPhase;
			buildActionMask = 2147483647;
			files = (
				C2128A902ADB341400E90C66 /* LoginView.swift in Sources */,
				C2EE4E592B23B4C500FEA5B5 /* Shadows.swift in Sources */,
				C20EFE782AFDCC9E0074EC9A /* Topic.swift in Sources */,
				C20EFE642AFBC9C60074EC9A /* ExploreService.swift in Sources */,
				C269CD082B5DF63C00A5126C /* Feed.swift in Sources */,
				C20EFE822AFFA9A30074EC9A /* Navigator.swift in Sources */,
				C269CD1C2B689F6900A5126C /* VideoView.swift in Sources */,
				C251C98A2AF4AD1200922B00 /* Video.swift in Sources */,
				C20EFE762AFDCC410074EC9A /* Recommendations.swift in Sources */,
				C2082F912B6C06B200EEED6B /* SampleSpiderGraph.swift in Sources */,
				C251C9882AF4963100922B00 /* Sequence.swift in Sources */,
				C23A44192AE9E813004C6927 /* VideoService.swift in Sources */,
				C2A3FF2F2B035C2C001EDE9F /* Loading.swift in Sources */,
				C2128A782ADB270B00E90C66 /* ContentView.swift in Sources */,
				C2EE4E572B23AF6300FEA5B5 /* Welcome.swift in Sources */,
				C20EFE852B012C400074EC9A /* Share.swift in Sources */,
				C2EE4E5F2B2A362500FEA5B5 /* SearchBar.swift in Sources */,
				2C8509EB2B68107800707646 /* AllTopics.swift in Sources */,
				C2A44AB02B76D14D009FEEAB /* SettingsPage.swift in Sources */,
				C2EF0B002B52E9020000DCE8 /* AuthView.swift in Sources */,
				C2A44AAE2B76CEE3009FEEAB /* FriendsPage.swift in Sources */,
				C2A3FF1E2B0266FB001EDE9F /* ShareConfirmation.swift in Sources */,
				C269CD102B6083C100A5126C /* SequenceViewModel.swift in Sources */,
				C20EFE5A2AFBAF870074EC9A /* SampleData.swift in Sources */,
				C20EFE572AFBABDD0074EC9A /* DisciteApp.swift in Sources */,
				C2A3FF142B01CE5C001EDE9F /* SharedPlaylist.swift in Sources */,
				C2EE4E5B2B24EC1300FEA5B5 /* DeepDive.swift in Sources */,
				C2A3FF162B01CF5F001EDE9F /* Friend.swift in Sources */,
				C2BA1CC12AEC7C8200DC21B2 /* SwipeDirection.swift in Sources */,
				C2A44AB62B772415009FEEAB /* FriendProfilePage.swift in Sources */,
				C20DB8E02AF1A8A5006FC33A /* User.swift in Sources */,
				C28ABE982AF31D9E007181F4 /* TextButtons.swift in Sources */,
				C20EFE702AFDA6D70074EC9A /* CardButtonFrame.swift in Sources */,
				C2128A962ADB45AE00E90C66 /* LoginViewModel.swift in Sources */,
				C269CD002B5DC6E600A5126C /* TopicTag.swift in Sources */,
				C251C98C2AF4AD8C00922B00 /* PlayerView.swift in Sources */,
				C2A3FF202B02B16F001EDE9F /* TextFields.swift in Sources */,
				C2A3FF112B01CC57001EDE9F /* Shared.swift in Sources */,
				C2EF0AFE2B52D6D10000DCE8 /* Login.swift in Sources */,
				C291450E2AE60DF1000BEB88 /* SharedView.swift in Sources */,
				C20EFE6E2AFD93C20074EC9A /* PlaylistCard.swift in Sources */,
				C20EFE682AFBCF4C0074EC9A /* ExploreView.swift in Sources */,
				C2A44AB22B76D612009FEEAB /* Placeholder.swift in Sources */,
				C20EFE5C2AFBAFB90074EC9A /* SimpleTest.swift in Sources */,
				C28ABE962AF31945007181F4 /* CustomJSONDecoder.swift in Sources */,
				C28ABE9D2AF3370B007181F4 /* Fonts.swift in Sources */,
				C2EF0B022B5300AA0000DCE8 /* Signup.swift in Sources */,
				2CBE27162B6436D600DF585B /* TopicPageView.swift in Sources */,
				C2237F432AE5E4A600C9396E /* AccountView.swift in Sources */,
				C269CD1E2B68A05000A5126C /* Post.swift in Sources */,
				C251C98E2AF4AFA000922B00 /* DeepDiveOld.swift in Sources */,
				C2A44AB42B771866009FEEAB /* FriendsViewModel.swift in Sources */,
				C2082F932B6C098A00EEED6B /* SpiderGraph.swift in Sources */,
				66365F822B0095AC009E0438 /* OnboardingView.swift in Sources */,
				665D4CD02AFED43D00F1C05C /* Constants.swift in Sources */,
				C2128A942ADB454500E90C66 /* AuthenticationService.swift in Sources */,
				C269CD1A2B614B7900A5126C /* CustomVideoPlayer.swift in Sources */,
				C235C6732ADF463600870600 /* KeychainTools.swift in Sources */,
				66EE0EB72AF4D4A500F65F38 /* SignupView.swift in Sources */,
				C251C9862AF4960F00922B00 /* Playlist.swift in Sources */,
				C29DB0822AEC565B0081C354 /* TestSimplePlayerView.swift in Sources */,
				C2D287292AE0C4DF00BB263C /* NetworkMonitor.swift in Sources */,
				C2A3FF1C2B024B9E001EDE9F /* ShareCard.swift in Sources */,
				C2EF0B042B5315440000DCE8 /* NavigationButtons.swift in Sources */,
				C28ABE9A2AF33118007181F4 /* Colors.swift in Sources */,
				66365F832B0095AC009E0438 /* OnboardingViewModel.swift in Sources */,
				C291450A2AE60DBA000BEB88 /* TopicsView.swift in Sources */,
				66CE484F2B00AAC10038FF75 /* AccountViewModel.swift in Sources */,
				C2A3FF282B0307AB001EDE9F /* TestExplore.swift in Sources */,
				C20EFE662AFBCC3E0074EC9A /* TopicCard.swift in Sources */,
				C2A44AAA2B76AD62009FEEAB /* AccountMenu.swift in Sources */,
				66EE0EB62AF4D4A500F65F38 /* SignupViewModel.swift in Sources */,
				C269CD062B5DF50C00A5126C /* PagingViewModel.swift in Sources */,
				C2A3FF222B02B185001EDE9F /* IconButtons.swift in Sources */,
				C2A44AAC2B76CE5E009FEEAB /* SavedPage.swift in Sources */,
				C2EE4E5D2B2A148D00FEA5B5 /* ContinueCard.swift in Sources */,
				C2D287272AE0BA8F00BB263C /* APIRequest.swift in Sources */,
				C2A3FF1A2B01D84D001EDE9F /* SharedCard.swift in Sources */,
				C235C6752ADF842500870600 /* Auth.swift in Sources */,
			);
			runOnlyForDeploymentPostprocessing = 0;
		};
/* End PBXSourcesBuildPhase section */

/* Begin PBXVariantGroup section */
		C2128A8A2ADB2B8100E90C66 /* Localizable.strings */ = {
			isa = PBXVariantGroup;
			children = (
				C2128A892ADB2B8100E90C66 /* en */,
			);
			name = Localizable.strings;
			sourceTree = "<group>";
		};
/* End PBXVariantGroup section */

/* Begin XCBuildConfiguration section */
		C2128A7E2ADB271300E90C66 /* Debug */ = {
			isa = XCBuildConfiguration;
			buildSettings = {
				ALWAYS_SEARCH_USER_PATHS = NO;
				CLANG_ANALYZER_NONNULL = YES;
				CLANG_ANALYZER_NUMBER_OBJECT_CONVERSION = YES_AGGRESSIVE;
				CLANG_CXX_LANGUAGE_STANDARD = "gnu++20";
				CLANG_ENABLE_MODULES = YES;
				CLANG_ENABLE_OBJC_ARC = YES;
				CLANG_ENABLE_OBJC_WEAK = YES;
				CLANG_WARN_BLOCK_CAPTURE_AUTORELEASING = YES;
				CLANG_WARN_BOOL_CONVERSION = YES;
				CLANG_WARN_COMMA = YES;
				CLANG_WARN_CONSTANT_CONVERSION = YES;
				CLANG_WARN_DEPRECATED_OBJC_IMPLEMENTATIONS = YES;
				CLANG_WARN_DIRECT_OBJC_ISA_USAGE = YES_ERROR;
				CLANG_WARN_DOCUMENTATION_COMMENTS = YES;
				CLANG_WARN_EMPTY_BODY = YES;
				CLANG_WARN_ENUM_CONVERSION = YES;
				CLANG_WARN_INFINITE_RECURSION = YES;
				CLANG_WARN_INT_CONVERSION = YES;
				CLANG_WARN_NON_LITERAL_NULL_CONVERSION = YES;
				CLANG_WARN_OBJC_IMPLICIT_RETAIN_SELF = YES;
				CLANG_WARN_OBJC_LITERAL_CONVERSION = YES;
				CLANG_WARN_OBJC_ROOT_CLASS = YES_ERROR;
				CLANG_WARN_QUOTED_INCLUDE_IN_FRAMEWORK_HEADER = YES;
				CLANG_WARN_RANGE_LOOP_ANALYSIS = YES;
				CLANG_WARN_STRICT_PROTOTYPES = YES;
				CLANG_WARN_SUSPICIOUS_MOVE = YES;
				CLANG_WARN_UNGUARDED_AVAILABILITY = YES_AGGRESSIVE;
				CLANG_WARN_UNREACHABLE_CODE = YES;
				CLANG_WARN__DUPLICATE_METHOD_MATCH = YES;
				COPY_PHASE_STRIP = NO;
				DEBUG_INFORMATION_FORMAT = dwarf;
				ENABLE_STRICT_OBJC_MSGSEND = YES;
				ENABLE_TESTABILITY = YES;
				GCC_C_LANGUAGE_STANDARD = gnu11;
				GCC_DYNAMIC_NO_PIC = NO;
				GCC_NO_COMMON_BLOCKS = YES;
				GCC_OPTIMIZATION_LEVEL = 0;
				GCC_PREPROCESSOR_DEFINITIONS = (
					"DEBUG=1",
					"$(inherited)",
				);
				GCC_WARN_64_TO_32_BIT_CONVERSION = YES;
				GCC_WARN_ABOUT_RETURN_TYPE = YES_ERROR;
				GCC_WARN_UNDECLARED_SELECTOR = YES;
				GCC_WARN_UNINITIALIZED_AUTOS = YES_AGGRESSIVE;
				GCC_WARN_UNUSED_FUNCTION = YES;
				GCC_WARN_UNUSED_VARIABLE = YES;
				IPHONEOS_DEPLOYMENT_TARGET = 16.1;
				MTL_ENABLE_DEBUG_INFO = INCLUDE_SOURCE;
				MTL_FAST_MATH = YES;
				ONLY_ACTIVE_ARCH = YES;
				SDKROOT = iphoneos;
				SWIFT_ACTIVE_COMPILATION_CONDITIONS = DEBUG;
				SWIFT_OPTIMIZATION_LEVEL = "-Onone";
				VALIDATE_PRODUCT = NO;
			};
			name = Debug;
		};
		C2128A7F2ADB271300E90C66 /* Release */ = {
			isa = XCBuildConfiguration;
			buildSettings = {
				ALWAYS_SEARCH_USER_PATHS = NO;
				CLANG_ANALYZER_NONNULL = YES;
				CLANG_ANALYZER_NUMBER_OBJECT_CONVERSION = YES_AGGRESSIVE;
				CLANG_CXX_LANGUAGE_STANDARD = "gnu++20";
				CLANG_ENABLE_MODULES = YES;
				CLANG_ENABLE_OBJC_ARC = YES;
				CLANG_ENABLE_OBJC_WEAK = YES;
				CLANG_WARN_BLOCK_CAPTURE_AUTORELEASING = YES;
				CLANG_WARN_BOOL_CONVERSION = YES;
				CLANG_WARN_COMMA = YES;
				CLANG_WARN_CONSTANT_CONVERSION = YES;
				CLANG_WARN_DEPRECATED_OBJC_IMPLEMENTATIONS = YES;
				CLANG_WARN_DIRECT_OBJC_ISA_USAGE = YES_ERROR;
				CLANG_WARN_DOCUMENTATION_COMMENTS = YES;
				CLANG_WARN_EMPTY_BODY = YES;
				CLANG_WARN_ENUM_CONVERSION = YES;
				CLANG_WARN_INFINITE_RECURSION = YES;
				CLANG_WARN_INT_CONVERSION = YES;
				CLANG_WARN_NON_LITERAL_NULL_CONVERSION = YES;
				CLANG_WARN_OBJC_IMPLICIT_RETAIN_SELF = YES;
				CLANG_WARN_OBJC_LITERAL_CONVERSION = YES;
				CLANG_WARN_OBJC_ROOT_CLASS = YES_ERROR;
				CLANG_WARN_QUOTED_INCLUDE_IN_FRAMEWORK_HEADER = YES;
				CLANG_WARN_RANGE_LOOP_ANALYSIS = YES;
				CLANG_WARN_STRICT_PROTOTYPES = YES;
				CLANG_WARN_SUSPICIOUS_MOVE = YES;
				CLANG_WARN_UNGUARDED_AVAILABILITY = YES_AGGRESSIVE;
				CLANG_WARN_UNREACHABLE_CODE = YES;
				CLANG_WARN__DUPLICATE_METHOD_MATCH = YES;
				COPY_PHASE_STRIP = NO;
				DEBUG_INFORMATION_FORMAT = "dwarf-with-dsym";
				ENABLE_NS_ASSERTIONS = NO;
				ENABLE_STRICT_OBJC_MSGSEND = YES;
				GCC_C_LANGUAGE_STANDARD = gnu11;
				GCC_NO_COMMON_BLOCKS = YES;
				GCC_WARN_64_TO_32_BIT_CONVERSION = YES;
				GCC_WARN_ABOUT_RETURN_TYPE = YES_ERROR;
				GCC_WARN_UNDECLARED_SELECTOR = YES;
				GCC_WARN_UNINITIALIZED_AUTOS = YES_AGGRESSIVE;
				GCC_WARN_UNUSED_FUNCTION = YES;
				GCC_WARN_UNUSED_VARIABLE = YES;
				IPHONEOS_DEPLOYMENT_TARGET = 16.1;
				MTL_ENABLE_DEBUG_INFO = NO;
				MTL_FAST_MATH = YES;
				SDKROOT = iphoneos;
				SWIFT_COMPILATION_MODE = wholemodule;
				SWIFT_OPTIMIZATION_LEVEL = "-O";
				VALIDATE_PRODUCT = NO;
			};
			name = Release;
		};
		C2128A812ADB271300E90C66 /* Debug */ = {
			isa = XCBuildConfiguration;
			baseConfigurationReference = C1F61C4EDA5D5D25811A5526 /* Pods-Discite.debug.xcconfig */;
			buildSettings = {
				ASSETCATALOG_COMPILER_APPICON_NAME = AppIcon;
				ASSETCATALOG_COMPILER_GLOBAL_ACCENT_COLOR_NAME = AccentColor;
				CODE_SIGN_IDENTITY = "Apple Development";
				CODE_SIGN_STYLE = Automatic;
				CURRENT_PROJECT_VERSION = 1;
				DEVELOPMENT_ASSET_PATHS = "\"Discite/Preview Content\"";
				DEVELOPMENT_TEAM = "";
				ENABLE_PREVIEWS = YES;
				GENERATE_INFOPLIST_FILE = YES;
				INFOPLIST_FILE = Discite/Info.plist;
				INFOPLIST_KEY_UIApplicationSceneManifest_Generation = YES;
				INFOPLIST_KEY_UIApplicationSupportsIndirectInputEvents = YES;
				INFOPLIST_KEY_UILaunchScreen_Generation = YES;
				INFOPLIST_KEY_UISupportedInterfaceOrientations_iPad = "UIInterfaceOrientationPortrait UIInterfaceOrientationPortraitUpsideDown UIInterfaceOrientationLandscapeLeft UIInterfaceOrientationLandscapeRight";
				INFOPLIST_KEY_UISupportedInterfaceOrientations_iPhone = "UIInterfaceOrientationPortrait UIInterfaceOrientationLandscapeLeft UIInterfaceOrientationLandscapeRight";
				IPHONEOS_DEPLOYMENT_TARGET = 17.0;
				LD_RUNPATH_SEARCH_PATHS = (
					"$(inherited)",
					"@executable_path/Frameworks",
				);
				MARKETING_VERSION = 1.0;
				PRODUCT_BUNDLE_IDENTIFIER = com.example.jessieli.Discite;
				PRODUCT_NAME = "$(TARGET_NAME)";
				PROVISIONING_PROFILE_SPECIFIER = "";
				SWIFT_EMIT_LOC_STRINGS = YES;
				SWIFT_VERSION = 5.0;
				TARGETED_DEVICE_FAMILY = "1,2";
			};
			name = Debug;
		};
		C2128A822ADB271300E90C66 /* Release */ = {
			isa = XCBuildConfiguration;
			baseConfigurationReference = 0F2EA9055C2D649F90179C57 /* Pods-Discite.release.xcconfig */;
			buildSettings = {
				ASSETCATALOG_COMPILER_APPICON_NAME = AppIcon;
				ASSETCATALOG_COMPILER_GLOBAL_ACCENT_COLOR_NAME = AccentColor;
				CODE_SIGN_IDENTITY = "Apple Development";
				CODE_SIGN_STYLE = Automatic;
				CURRENT_PROJECT_VERSION = 1;
				DEVELOPMENT_ASSET_PATHS = "\"Discite/Preview Content\"";
				DEVELOPMENT_TEAM = "";
				ENABLE_PREVIEWS = YES;
				GENERATE_INFOPLIST_FILE = YES;
				INFOPLIST_FILE = Discite/Info.plist;
				INFOPLIST_KEY_UIApplicationSceneManifest_Generation = YES;
				INFOPLIST_KEY_UIApplicationSupportsIndirectInputEvents = YES;
				INFOPLIST_KEY_UILaunchScreen_Generation = YES;
				INFOPLIST_KEY_UISupportedInterfaceOrientations_iPad = "UIInterfaceOrientationPortrait UIInterfaceOrientationPortraitUpsideDown UIInterfaceOrientationLandscapeLeft UIInterfaceOrientationLandscapeRight";
				INFOPLIST_KEY_UISupportedInterfaceOrientations_iPhone = "UIInterfaceOrientationPortrait UIInterfaceOrientationLandscapeLeft UIInterfaceOrientationLandscapeRight";
				IPHONEOS_DEPLOYMENT_TARGET = 17.0;
				LD_RUNPATH_SEARCH_PATHS = (
					"$(inherited)",
					"@executable_path/Frameworks",
				);
				MARKETING_VERSION = 1.0;
				PRODUCT_BUNDLE_IDENTIFIER = com.example.jessieli.Discite;
				PRODUCT_NAME = "$(TARGET_NAME)";
				PROVISIONING_PROFILE_SPECIFIER = "";
				SWIFT_EMIT_LOC_STRINGS = YES;
				SWIFT_VERSION = 5.0;
				TARGETED_DEVICE_FAMILY = "1,2";
			};
			name = Release;
		};
/* End XCBuildConfiguration section */

/* Begin XCConfigurationList section */
		C2128A6D2ADB270B00E90C66 /* Build configuration list for PBXProject "Discite" */ = {
			isa = XCConfigurationList;
			buildConfigurations = (
				C2128A7E2ADB271300E90C66 /* Debug */,
				C2128A7F2ADB271300E90C66 /* Release */,
			);
			defaultConfigurationIsVisible = 0;
			defaultConfigurationName = Release;
		};
		C2128A802ADB271300E90C66 /* Build configuration list for PBXNativeTarget "Discite" */ = {
			isa = XCConfigurationList;
			buildConfigurations = (
				C2128A812ADB271300E90C66 /* Debug */,
				C2128A822ADB271300E90C66 /* Release */,
			);
			defaultConfigurationIsVisible = 0;
			defaultConfigurationName = Release;
		};
/* End XCConfigurationList section */
	};
	rootObject = C2128A6A2ADB270B00E90C66 /* Project object */;
}
