// !$*UTF8*$!
{
	archiveVersion = 1;
	classes = {
	};
	objectVersion = 56;
	objects = {

/* Begin PBXBuildFile section */
		205AF64E5AB72EC6209C04A5 /* Pods_Discite.framework in Frameworks */ = {isa = PBXBuildFile; fileRef = C6A8AC8237B198727CE02A07 /* Pods_Discite.framework */; };
		66EE0EB62AF4D4A500F65F38 /* SignupViewModel.swift in Sources */ = {isa = PBXBuildFile; fileRef = 66EE0EB42AF4D4A500F65F38 /* SignupViewModel.swift */; };
		66EE0EB72AF4D4A500F65F38 /* SignupView.swift in Sources */ = {isa = PBXBuildFile; fileRef = 66EE0EB52AF4D4A500F65F38 /* SignupView.swift */; };
		C20DB8E02AF1A8A5006FC33A /* User.swift in Sources */ = {isa = PBXBuildFile; fileRef = C20DB8DF2AF1A8A5006FC33A /* User.swift */; };
		C20EFE572AFBABDD0074EC9A /* DisciteApp.swift in Sources */ = {isa = PBXBuildFile; fileRef = C20EFE562AFBABDD0074EC9A /* DisciteApp.swift */; };
		C20EFE5A2AFBAF870074EC9A /* SampleData.swift in Sources */ = {isa = PBXBuildFile; fileRef = C20EFE592AFBAF870074EC9A /* SampleData.swift */; };
		C20EFE5C2AFBAFB90074EC9A /* SimpleTest.swift in Sources */ = {isa = PBXBuildFile; fileRef = C20EFE5B2AFBAFB90074EC9A /* SimpleTest.swift */; };
		C20EFE642AFBC9C60074EC9A /* ExploreService.swift in Sources */ = {isa = PBXBuildFile; fileRef = C20EFE632AFBC9C60074EC9A /* ExploreService.swift */; };
		C20EFE662AFBCC3E0074EC9A /* TopicCard.swift in Sources */ = {isa = PBXBuildFile; fileRef = C20EFE652AFBCC3E0074EC9A /* TopicCard.swift */; };
		C20EFE682AFBCF4C0074EC9A /* ExploreView.swift in Sources */ = {isa = PBXBuildFile; fileRef = C20EFE672AFBCF4C0074EC9A /* ExploreView.swift */; };
		C20EFE6A2AFBDC920074EC9A /* sampletopic.json in Resources */ = {isa = PBXBuildFile; fileRef = C20EFE692AFBDC920074EC9A /* sampletopic.json */; };
		C20EFE6E2AFD93C20074EC9A /* PlaylistCard.swift in Sources */ = {isa = PBXBuildFile; fileRef = C20EFE6D2AFD93C20074EC9A /* PlaylistCard.swift */; };
		C20EFE702AFDA6D70074EC9A /* CardButtonFrame.swift in Sources */ = {isa = PBXBuildFile; fileRef = C20EFE6F2AFDA6D70074EC9A /* CardButtonFrame.swift */; };
		C20EFE742AFDCB740074EC9A /* samplerecommendations.json in Resources */ = {isa = PBXBuildFile; fileRef = C20EFE732AFDCB740074EC9A /* samplerecommendations.json */; };
		C20EFE762AFDCC410074EC9A /* Recommendations.swift in Sources */ = {isa = PBXBuildFile; fileRef = C20EFE752AFDCC410074EC9A /* Recommendations.swift */; };
		C20EFE782AFDCC9E0074EC9A /* Topic.swift in Sources */ = {isa = PBXBuildFile; fileRef = C20EFE772AFDCC9E0074EC9A /* Topic.swift */; };
		C2128A782ADB270B00E90C66 /* ContentView.swift in Sources */ = {isa = PBXBuildFile; fileRef = C2128A772ADB270B00E90C66 /* ContentView.swift */; };
		C2128A7A2ADB271300E90C66 /* Assets.xcassets in Resources */ = {isa = PBXBuildFile; fileRef = C2128A792ADB271300E90C66 /* Assets.xcassets */; };
		C2128A7D2ADB271300E90C66 /* Preview Assets.xcassets in Resources */ = {isa = PBXBuildFile; fileRef = C2128A7C2ADB271300E90C66 /* Preview Assets.xcassets */; };
		C2128A852ADB2B1100E90C66 /* .swiftlint.yml in Resources */ = {isa = PBXBuildFile; fileRef = C2128A842ADB2B1100E90C66 /* .swiftlint.yml */; };
		C2128A882ADB2B8100E90C66 /* Localizable.strings in Resources */ = {isa = PBXBuildFile; fileRef = C2128A8A2ADB2B8100E90C66 /* Localizable.strings */; };
		C2128A902ADB341400E90C66 /* LoginView.swift in Sources */ = {isa = PBXBuildFile; fileRef = C2128A8F2ADB341400E90C66 /* LoginView.swift */; };
		C2128A942ADB454500E90C66 /* AuthenticationService.swift in Sources */ = {isa = PBXBuildFile; fileRef = C2128A932ADB454500E90C66 /* AuthenticationService.swift */; };
		C2128A962ADB45AE00E90C66 /* LoginViewModel.swift in Sources */ = {isa = PBXBuildFile; fileRef = C2128A952ADB45AE00E90C66 /* LoginViewModel.swift */; };
		C2237F432AE5E4A600C9396E /* AccountView.swift in Sources */ = {isa = PBXBuildFile; fileRef = C2237F422AE5E4A600C9396E /* AccountView.swift */; };
		C233A1002AE72F7D00E95D0D /* HomeView.swift in Sources */ = {isa = PBXBuildFile; fileRef = C233A0FF2AE72F7D00E95D0D /* HomeView.swift */; };
		C235C6732ADF463600870600 /* KeychainTools.swift in Sources */ = {isa = PBXBuildFile; fileRef = C235C6722ADF463600870600 /* KeychainTools.swift */; };
		C235C6752ADF842500870600 /* Auth.swift in Sources */ = {isa = PBXBuildFile; fileRef = C235C6742ADF842500870600 /* Auth.swift */; };
		C235C6782AE06E4700870600 /* WatchView.swift in Sources */ = {isa = PBXBuildFile; fileRef = C235C6772AE06E4700870600 /* WatchView.swift */; };
		C235C67A2AE06E8300870600 /* WatchViewModel.swift in Sources */ = {isa = PBXBuildFile; fileRef = C235C6792AE06E8300870600 /* WatchViewModel.swift */; };
		C23A44192AE9E813004C6927 /* VideoService.swift in Sources */ = {isa = PBXBuildFile; fileRef = C23A44182AE9E813004C6927 /* VideoService.swift */; };
		C251C9862AF4960F00922B00 /* Playlist.swift in Sources */ = {isa = PBXBuildFile; fileRef = C251C9852AF4960F00922B00 /* Playlist.swift */; };
		C251C9882AF4963100922B00 /* Sequence.swift in Sources */ = {isa = PBXBuildFile; fileRef = C251C9872AF4963100922B00 /* Sequence.swift */; };
		C251C98A2AF4AD1200922B00 /* Video.swift in Sources */ = {isa = PBXBuildFile; fileRef = C251C9892AF4AD1100922B00 /* Video.swift */; };
		C251C98C2AF4AD8C00922B00 /* PlayerView.swift in Sources */ = {isa = PBXBuildFile; fileRef = C251C98B2AF4AD8C00922B00 /* PlayerView.swift */; };
		C251C98E2AF4AFA000922B00 /* DeepDive.swift in Sources */ = {isa = PBXBuildFile; fileRef = C251C98D2AF4AFA000922B00 /* DeepDive.swift */; };
		C28ABE962AF31945007181F4 /* CustomJSONDecoder.swift in Sources */ = {isa = PBXBuildFile; fileRef = C28ABE952AF31945007181F4 /* CustomJSONDecoder.swift */; };
		C28ABE982AF31D9E007181F4 /* Buttons.swift in Sources */ = {isa = PBXBuildFile; fileRef = C28ABE972AF31D9E007181F4 /* Buttons.swift */; };
		C28ABE9A2AF33118007181F4 /* Colors.swift in Sources */ = {isa = PBXBuildFile; fileRef = C28ABE992AF33118007181F4 /* Colors.swift */; };
		C28ABE9D2AF3370B007181F4 /* Fonts.swift in Sources */ = {isa = PBXBuildFile; fileRef = C28ABE9C2AF3370B007181F4 /* Fonts.swift */; };
		C28ABEB42AF33D74007181F4 /* Mulish-LightItalic.ttf in Resources */ = {isa = PBXBuildFile; fileRef = C28ABEA02AF33D74007181F4 /* Mulish-LightItalic.ttf */; };
		C28ABEB52AF33D74007181F4 /* Mulish-ExtraBoldItalic.ttf in Resources */ = {isa = PBXBuildFile; fileRef = C28ABEA12AF33D74007181F4 /* Mulish-ExtraBoldItalic.ttf */; };
		C28ABEB62AF33D74007181F4 /* Mulish-Italic.ttf in Resources */ = {isa = PBXBuildFile; fileRef = C28ABEA22AF33D74007181F4 /* Mulish-Italic.ttf */; };
		C28ABEB72AF33D74007181F4 /* Mulish-Regular.ttf in Resources */ = {isa = PBXBuildFile; fileRef = C28ABEA32AF33D74007181F4 /* Mulish-Regular.ttf */; };
		C28ABEB82AF33D74007181F4 /* Mulish-Black.ttf in Resources */ = {isa = PBXBuildFile; fileRef = C28ABEA42AF33D74007181F4 /* Mulish-Black.ttf */; };
		C28ABEB92AF33D74007181F4 /* Mulish-BlackItalic.ttf in Resources */ = {isa = PBXBuildFile; fileRef = C28ABEA52AF33D74007181F4 /* Mulish-BlackItalic.ttf */; };
		C28ABEBA2AF33D74007181F4 /* Mulish-SemiBoldItalic.ttf in Resources */ = {isa = PBXBuildFile; fileRef = C28ABEA62AF33D74007181F4 /* Mulish-SemiBoldItalic.ttf */; };
		C28ABEBB2AF33D74007181F4 /* Mulish-ExtraLightItalic.ttf in Resources */ = {isa = PBXBuildFile; fileRef = C28ABEA72AF33D74007181F4 /* Mulish-ExtraLightItalic.ttf */; };
		C28ABEBC2AF33D74007181F4 /* Mulish-Bold.ttf in Resources */ = {isa = PBXBuildFile; fileRef = C28ABEA82AF33D74007181F4 /* Mulish-Bold.ttf */; };
		C28ABEBD2AF33D74007181F4 /* Mulish-Light.ttf in Resources */ = {isa = PBXBuildFile; fileRef = C28ABEA92AF33D74007181F4 /* Mulish-Light.ttf */; };
		C28ABEBE2AF33D74007181F4 /* Mulish-ExtraBold.ttf in Resources */ = {isa = PBXBuildFile; fileRef = C28ABEAA2AF33D74007181F4 /* Mulish-ExtraBold.ttf */; };
		C28ABEBF2AF33D74007181F4 /* Mulish-ExtraLight.ttf in Resources */ = {isa = PBXBuildFile; fileRef = C28ABEAB2AF33D74007181F4 /* Mulish-ExtraLight.ttf */; };
		C28ABEC02AF33D75007181F4 /* Mulish-Medium.ttf in Resources */ = {isa = PBXBuildFile; fileRef = C28ABEAC2AF33D74007181F4 /* Mulish-Medium.ttf */; };
		C28ABEC12AF33D75007181F4 /* Mulish-MediumItalic.ttf in Resources */ = {isa = PBXBuildFile; fileRef = C28ABEAD2AF33D74007181F4 /* Mulish-MediumItalic.ttf */; };
		C28ABEC22AF33D75007181F4 /* Mulish-SemiBold.ttf in Resources */ = {isa = PBXBuildFile; fileRef = C28ABEAE2AF33D74007181F4 /* Mulish-SemiBold.ttf */; };
		C28ABEC32AF33D75007181F4 /* Mulish-BoldItalic.ttf in Resources */ = {isa = PBXBuildFile; fileRef = C28ABEAF2AF33D74007181F4 /* Mulish-BoldItalic.ttf */; };
		C28ABEC42AF33D75007181F4 /* OFL.txt in Resources */ = {isa = PBXBuildFile; fileRef = C28ABEB02AF33D74007181F4 /* OFL.txt */; };
		C28ABEC52AF33D75007181F4 /* README.txt in Resources */ = {isa = PBXBuildFile; fileRef = C28ABEB12AF33D74007181F4 /* README.txt */; };
		C291450A2AE60DBA000BEB88 /* TopicsView.swift in Sources */ = {isa = PBXBuildFile; fileRef = C29145092AE60DBA000BEB88 /* TopicsView.swift */; };
		C291450E2AE60DF1000BEB88 /* SharedView.swift in Sources */ = {isa = PBXBuildFile; fileRef = C291450D2AE60DF1000BEB88 /* SharedView.swift */; };
		C29145122AE705E7000BEB88 /* AccountSidebarItem.swift in Sources */ = {isa = PBXBuildFile; fileRef = C29145112AE705E7000BEB88 /* AccountSidebarItem.swift */; };
		C29DB07E2AEC55D40081C354 /* video1.mp4 in Resources */ = {isa = PBXBuildFile; fileRef = C29DB07B2AEC55D40081C354 /* video1.mp4 */; };
		C29DB07F2AEC55D40081C354 /* video3.mp4 in Resources */ = {isa = PBXBuildFile; fileRef = C29DB07C2AEC55D40081C354 /* video3.mp4 */; };
		C29DB0802AEC55D40081C354 /* video2.mp4 in Resources */ = {isa = PBXBuildFile; fileRef = C29DB07D2AEC55D40081C354 /* video2.mp4 */; };
		C29DB0822AEC565B0081C354 /* TestSimplePlayerView.swift in Sources */ = {isa = PBXBuildFile; fileRef = C29DB0812AEC565B0081C354 /* TestSimplePlayerView.swift */; };
		C2BA1CC12AEC7C8200DC21B2 /* SwipeDirection.swift in Sources */ = {isa = PBXBuildFile; fileRef = C2BA1CC02AEC7C8200DC21B2 /* SwipeDirection.swift */; };
		C2D287222AE0B05100BB263C /* MainView.swift in Sources */ = {isa = PBXBuildFile; fileRef = C2D287212AE0B05100BB263C /* MainView.swift */; };
		C2D287252AE0B2C200BB263C /* ButtonStyle.swift in Sources */ = {isa = PBXBuildFile; fileRef = C2D287242AE0B2C200BB263C /* ButtonStyle.swift */; };
		C2D287272AE0BA8F00BB263C /* APIRequest.swift in Sources */ = {isa = PBXBuildFile; fileRef = C2D287262AE0BA8F00BB263C /* APIRequest.swift */; };
		C2D287292AE0C4DF00BB263C /* NetworkMonitor.swift in Sources */ = {isa = PBXBuildFile; fileRef = C2D287282AE0C4DF00BB263C /* NetworkMonitor.swift */; };
		C2ECB95E2AF4536900433A3A /* TestVideoData.swift in Sources */ = {isa = PBXBuildFile; fileRef = C2ECB95D2AF4536900433A3A /* TestVideoData.swift */; };
		C2ECB9622AF4573200433A3A /* SequenceData.swift in Sources */ = {isa = PBXBuildFile; fileRef = C2ECB9612AF4573200433A3A /* SequenceData.swift */; };
		C2ECB9652AF4577800433A3A /* videosequencesample.json in Resources */ = {isa = PBXBuildFile; fileRef = C2ECB9642AF4577800433A3A /* videosequencesample.json */; };
		C2ECB9672AF45ECA00433A3A /* playlistsample.json in Resources */ = {isa = PBXBuildFile; fileRef = C2ECB9662AF45ECA00433A3A /* playlistsample.json */; };
		C2FEE2742AF7070300DBF997 /* smallsequencesample.json in Resources */ = {isa = PBXBuildFile; fileRef = C2FEE2732AF7070300DBF997 /* smallsequencesample.json */; };
		C2FEE2762AF70BD700DBF997 /* simpletest.json in Resources */ = {isa = PBXBuildFile; fileRef = C2FEE2752AF70BD700DBF997 /* simpletest.json */; };
/* End PBXBuildFile section */

/* Begin PBXFileReference section */
		0F2EA9055C2D649F90179C57 /* Pods-Discite.release.xcconfig */ = {isa = PBXFileReference; includeInIndex = 1; lastKnownFileType = text.xcconfig; name = "Pods-Discite.release.xcconfig"; path = "Target Support Files/Pods-Discite/Pods-Discite.release.xcconfig"; sourceTree = "<group>"; };
		66EE0EB42AF4D4A500F65F38 /* SignupViewModel.swift */ = {isa = PBXFileReference; fileEncoding = 4; lastKnownFileType = sourcecode.swift; path = SignupViewModel.swift; sourceTree = "<group>"; };
		66EE0EB52AF4D4A500F65F38 /* SignupView.swift */ = {isa = PBXFileReference; fileEncoding = 4; lastKnownFileType = sourcecode.swift; path = SignupView.swift; sourceTree = "<group>"; };
		C1F61C4EDA5D5D25811A5526 /* Pods-Discite.debug.xcconfig */ = {isa = PBXFileReference; includeInIndex = 1; lastKnownFileType = text.xcconfig; name = "Pods-Discite.debug.xcconfig"; path = "Target Support Files/Pods-Discite/Pods-Discite.debug.xcconfig"; sourceTree = "<group>"; };
		C20DB8DF2AF1A8A5006FC33A /* User.swift */ = {isa = PBXFileReference; lastKnownFileType = sourcecode.swift; path = User.swift; sourceTree = "<group>"; };
		C20EFE562AFBABDD0074EC9A /* DisciteApp.swift */ = {isa = PBXFileReference; lastKnownFileType = sourcecode.swift; path = DisciteApp.swift; sourceTree = "<group>"; };
		C20EFE592AFBAF870074EC9A /* SampleData.swift */ = {isa = PBXFileReference; lastKnownFileType = sourcecode.swift; path = SampleData.swift; sourceTree = "<group>"; };
		C20EFE5B2AFBAFB90074EC9A /* SimpleTest.swift */ = {isa = PBXFileReference; lastKnownFileType = sourcecode.swift; path = SimpleTest.swift; sourceTree = "<group>"; };
		C20EFE632AFBC9C60074EC9A /* ExploreService.swift */ = {isa = PBXFileReference; lastKnownFileType = sourcecode.swift; path = ExploreService.swift; sourceTree = "<group>"; };
		C20EFE652AFBCC3E0074EC9A /* TopicCard.swift */ = {isa = PBXFileReference; lastKnownFileType = sourcecode.swift; path = TopicCard.swift; sourceTree = "<group>"; };
		C20EFE672AFBCF4C0074EC9A /* ExploreView.swift */ = {isa = PBXFileReference; lastKnownFileType = sourcecode.swift; path = ExploreView.swift; sourceTree = "<group>"; };
		C20EFE692AFBDC920074EC9A /* sampletopic.json */ = {isa = PBXFileReference; lastKnownFileType = text.json; path = sampletopic.json; sourceTree = "<group>"; };
		C20EFE6D2AFD93C20074EC9A /* PlaylistCard.swift */ = {isa = PBXFileReference; lastKnownFileType = sourcecode.swift; path = PlaylistCard.swift; sourceTree = "<group>"; };
		C20EFE6F2AFDA6D70074EC9A /* CardButtonFrame.swift */ = {isa = PBXFileReference; lastKnownFileType = sourcecode.swift; path = CardButtonFrame.swift; sourceTree = "<group>"; };
		C20EFE732AFDCB740074EC9A /* samplerecommendations.json */ = {isa = PBXFileReference; lastKnownFileType = text.json; path = samplerecommendations.json; sourceTree = "<group>"; };
		C20EFE752AFDCC410074EC9A /* Recommendations.swift */ = {isa = PBXFileReference; lastKnownFileType = sourcecode.swift; path = Recommendations.swift; sourceTree = "<group>"; };
		C20EFE772AFDCC9E0074EC9A /* Topic.swift */ = {isa = PBXFileReference; lastKnownFileType = sourcecode.swift; path = Topic.swift; sourceTree = "<group>"; };
		C2128A722ADB270B00E90C66 /* Discite.app */ = {isa = PBXFileReference; explicitFileType = wrapper.application; includeInIndex = 0; path = Discite.app; sourceTree = BUILT_PRODUCTS_DIR; };
		C2128A772ADB270B00E90C66 /* ContentView.swift */ = {isa = PBXFileReference; lastKnownFileType = sourcecode.swift; path = ContentView.swift; sourceTree = "<group>"; };
		C2128A792ADB271300E90C66 /* Assets.xcassets */ = {isa = PBXFileReference; lastKnownFileType = folder.assetcatalog; path = Assets.xcassets; sourceTree = "<group>"; };
		C2128A7C2ADB271300E90C66 /* Preview Assets.xcassets */ = {isa = PBXFileReference; lastKnownFileType = folder.assetcatalog; path = "Preview Assets.xcassets"; sourceTree = "<group>"; };
		C2128A842ADB2B1100E90C66 /* .swiftlint.yml */ = {isa = PBXFileReference; lastKnownFileType = text.yaml; path = .swiftlint.yml; sourceTree = "<group>"; };
		C2128A892ADB2B8100E90C66 /* en */ = {isa = PBXFileReference; lastKnownFileType = text.plist.strings; name = en; path = en.lproj/Localizable.strings; sourceTree = "<group>"; };
		C2128A8F2ADB341400E90C66 /* LoginView.swift */ = {isa = PBXFileReference; lastKnownFileType = sourcecode.swift; path = LoginView.swift; sourceTree = "<group>"; };
		C2128A932ADB454500E90C66 /* AuthenticationService.swift */ = {isa = PBXFileReference; lastKnownFileType = sourcecode.swift; path = AuthenticationService.swift; sourceTree = "<group>"; };
		C2128A952ADB45AE00E90C66 /* LoginViewModel.swift */ = {isa = PBXFileReference; fileEncoding = 4; lastKnownFileType = sourcecode.swift; path = LoginViewModel.swift; sourceTree = "<group>"; };
		C2237F422AE5E4A600C9396E /* AccountView.swift */ = {isa = PBXFileReference; lastKnownFileType = sourcecode.swift; path = AccountView.swift; sourceTree = "<group>"; };
		C233A0FF2AE72F7D00E95D0D /* HomeView.swift */ = {isa = PBXFileReference; lastKnownFileType = sourcecode.swift; path = HomeView.swift; sourceTree = "<group>"; };
		C235C6722ADF463600870600 /* KeychainTools.swift */ = {isa = PBXFileReference; lastKnownFileType = sourcecode.swift; path = KeychainTools.swift; sourceTree = "<group>"; };
		C235C6742ADF842500870600 /* Auth.swift */ = {isa = PBXFileReference; lastKnownFileType = sourcecode.swift; path = Auth.swift; sourceTree = "<group>"; };
		C235C6772AE06E4700870600 /* WatchView.swift */ = {isa = PBXFileReference; lastKnownFileType = sourcecode.swift; path = WatchView.swift; sourceTree = "<group>"; };
		C235C6792AE06E8300870600 /* WatchViewModel.swift */ = {isa = PBXFileReference; lastKnownFileType = sourcecode.swift; path = WatchViewModel.swift; sourceTree = "<group>"; };
		C23A44182AE9E813004C6927 /* VideoService.swift */ = {isa = PBXFileReference; lastKnownFileType = sourcecode.swift; path = VideoService.swift; sourceTree = "<group>"; };
		C251C9852AF4960F00922B00 /* Playlist.swift */ = {isa = PBXFileReference; lastKnownFileType = sourcecode.swift; path = Playlist.swift; sourceTree = "<group>"; };
		C251C9872AF4963100922B00 /* Sequence.swift */ = {isa = PBXFileReference; lastKnownFileType = sourcecode.swift; path = Sequence.swift; sourceTree = "<group>"; };
		C251C9892AF4AD1100922B00 /* Video.swift */ = {isa = PBXFileReference; lastKnownFileType = sourcecode.swift; path = Video.swift; sourceTree = "<group>"; };
		C251C98B2AF4AD8C00922B00 /* PlayerView.swift */ = {isa = PBXFileReference; lastKnownFileType = sourcecode.swift; path = PlayerView.swift; sourceTree = "<group>"; };
		C251C98D2AF4AFA000922B00 /* DeepDive.swift */ = {isa = PBXFileReference; lastKnownFileType = sourcecode.swift; path = DeepDive.swift; sourceTree = "<group>"; };
		C28ABE952AF31945007181F4 /* CustomJSONDecoder.swift */ = {isa = PBXFileReference; lastKnownFileType = sourcecode.swift; path = CustomJSONDecoder.swift; sourceTree = "<group>"; };
		C28ABE972AF31D9E007181F4 /* Buttons.swift */ = {isa = PBXFileReference; lastKnownFileType = sourcecode.swift; path = Buttons.swift; sourceTree = "<group>"; };
		C28ABE992AF33118007181F4 /* Colors.swift */ = {isa = PBXFileReference; lastKnownFileType = sourcecode.swift; path = Colors.swift; sourceTree = "<group>"; };
		C28ABE9C2AF3370B007181F4 /* Fonts.swift */ = {isa = PBXFileReference; lastKnownFileType = sourcecode.swift; path = Fonts.swift; sourceTree = "<group>"; };
		C28ABEA02AF33D74007181F4 /* Mulish-LightItalic.ttf */ = {isa = PBXFileReference; lastKnownFileType = file; path = "Mulish-LightItalic.ttf"; sourceTree = "<group>"; };
		C28ABEA12AF33D74007181F4 /* Mulish-ExtraBoldItalic.ttf */ = {isa = PBXFileReference; lastKnownFileType = file; path = "Mulish-ExtraBoldItalic.ttf"; sourceTree = "<group>"; };
		C28ABEA22AF33D74007181F4 /* Mulish-Italic.ttf */ = {isa = PBXFileReference; lastKnownFileType = file; path = "Mulish-Italic.ttf"; sourceTree = "<group>"; };
		C28ABEA32AF33D74007181F4 /* Mulish-Regular.ttf */ = {isa = PBXFileReference; lastKnownFileType = file; path = "Mulish-Regular.ttf"; sourceTree = "<group>"; };
		C28ABEA42AF33D74007181F4 /* Mulish-Black.ttf */ = {isa = PBXFileReference; lastKnownFileType = file; path = "Mulish-Black.ttf"; sourceTree = "<group>"; };
		C28ABEA52AF33D74007181F4 /* Mulish-BlackItalic.ttf */ = {isa = PBXFileReference; lastKnownFileType = file; path = "Mulish-BlackItalic.ttf"; sourceTree = "<group>"; };
		C28ABEA62AF33D74007181F4 /* Mulish-SemiBoldItalic.ttf */ = {isa = PBXFileReference; lastKnownFileType = file; path = "Mulish-SemiBoldItalic.ttf"; sourceTree = "<group>"; };
		C28ABEA72AF33D74007181F4 /* Mulish-ExtraLightItalic.ttf */ = {isa = PBXFileReference; lastKnownFileType = file; path = "Mulish-ExtraLightItalic.ttf"; sourceTree = "<group>"; };
		C28ABEA82AF33D74007181F4 /* Mulish-Bold.ttf */ = {isa = PBXFileReference; lastKnownFileType = file; path = "Mulish-Bold.ttf"; sourceTree = "<group>"; };
		C28ABEA92AF33D74007181F4 /* Mulish-Light.ttf */ = {isa = PBXFileReference; lastKnownFileType = file; path = "Mulish-Light.ttf"; sourceTree = "<group>"; };
		C28ABEAA2AF33D74007181F4 /* Mulish-ExtraBold.ttf */ = {isa = PBXFileReference; lastKnownFileType = file; path = "Mulish-ExtraBold.ttf"; sourceTree = "<group>"; };
		C28ABEAB2AF33D74007181F4 /* Mulish-ExtraLight.ttf */ = {isa = PBXFileReference; lastKnownFileType = file; path = "Mulish-ExtraLight.ttf"; sourceTree = "<group>"; };
		C28ABEAC2AF33D74007181F4 /* Mulish-Medium.ttf */ = {isa = PBXFileReference; lastKnownFileType = file; path = "Mulish-Medium.ttf"; sourceTree = "<group>"; };
		C28ABEAD2AF33D74007181F4 /* Mulish-MediumItalic.ttf */ = {isa = PBXFileReference; lastKnownFileType = file; path = "Mulish-MediumItalic.ttf"; sourceTree = "<group>"; };
		C28ABEAE2AF33D74007181F4 /* Mulish-SemiBold.ttf */ = {isa = PBXFileReference; lastKnownFileType = file; path = "Mulish-SemiBold.ttf"; sourceTree = "<group>"; };
		C28ABEAF2AF33D74007181F4 /* Mulish-BoldItalic.ttf */ = {isa = PBXFileReference; lastKnownFileType = file; path = "Mulish-BoldItalic.ttf"; sourceTree = "<group>"; };
		C28ABEB02AF33D74007181F4 /* OFL.txt */ = {isa = PBXFileReference; fileEncoding = 4; lastKnownFileType = text; path = OFL.txt; sourceTree = "<group>"; };
		C28ABEB12AF33D74007181F4 /* README.txt */ = {isa = PBXFileReference; fileEncoding = 4; lastKnownFileType = text; path = README.txt; sourceTree = "<group>"; };
		C28ABEC82AF3409C007181F4 /* Info.plist */ = {isa = PBXFileReference; lastKnownFileType = text.plist; path = Info.plist; sourceTree = "<group>"; };
		C28ABEC92AF34464007181F4 /* Mulish-VariableFont_wght.ttf */ = {isa = PBXFileReference; lastKnownFileType = file; name = "Mulish-VariableFont_wght.ttf"; path = "Discite/Common/Styles/Mulish/Mulish-VariableFont_wght.ttf"; sourceTree = SOURCE_ROOT; };
		C28ABECA2AF3447F007181F4 /* Mulish-Italic-VariableFont_wght.ttf */ = {isa = PBXFileReference; lastKnownFileType = file; path = "Mulish-Italic-VariableFont_wght.ttf"; sourceTree = "<group>"; };
		C29145092AE60DBA000BEB88 /* TopicsView.swift */ = {isa = PBXFileReference; lastKnownFileType = sourcecode.swift; path = TopicsView.swift; sourceTree = "<group>"; };
		C291450D2AE60DF1000BEB88 /* SharedView.swift */ = {isa = PBXFileReference; lastKnownFileType = sourcecode.swift; path = SharedView.swift; sourceTree = "<group>"; };
		C29145112AE705E7000BEB88 /* AccountSidebarItem.swift */ = {isa = PBXFileReference; lastKnownFileType = sourcecode.swift; path = AccountSidebarItem.swift; sourceTree = "<group>"; };
		C29DB07B2AEC55D40081C354 /* video1.mp4 */ = {isa = PBXFileReference; lastKnownFileType = file; path = video1.mp4; sourceTree = "<group>"; };
		C29DB07C2AEC55D40081C354 /* video3.mp4 */ = {isa = PBXFileReference; lastKnownFileType = file; path = video3.mp4; sourceTree = "<group>"; };
		C29DB07D2AEC55D40081C354 /* video2.mp4 */ = {isa = PBXFileReference; lastKnownFileType = file; path = video2.mp4; sourceTree = "<group>"; };
		C29DB0812AEC565B0081C354 /* TestSimplePlayerView.swift */ = {isa = PBXFileReference; lastKnownFileType = sourcecode.swift; path = TestSimplePlayerView.swift; sourceTree = "<group>"; };
		C2BA1CC02AEC7C8200DC21B2 /* SwipeDirection.swift */ = {isa = PBXFileReference; lastKnownFileType = sourcecode.swift; path = SwipeDirection.swift; sourceTree = "<group>"; };
		C2D287212AE0B05100BB263C /* MainView.swift */ = {isa = PBXFileReference; lastKnownFileType = sourcecode.swift; path = MainView.swift; sourceTree = "<group>"; };
		C2D287242AE0B2C200BB263C /* ButtonStyle.swift */ = {isa = PBXFileReference; lastKnownFileType = sourcecode.swift; path = ButtonStyle.swift; sourceTree = "<group>"; };
		C2D287262AE0BA8F00BB263C /* APIRequest.swift */ = {isa = PBXFileReference; lastKnownFileType = sourcecode.swift; path = APIRequest.swift; sourceTree = "<group>"; };
		C2D287282AE0C4DF00BB263C /* NetworkMonitor.swift */ = {isa = PBXFileReference; lastKnownFileType = sourcecode.swift; path = NetworkMonitor.swift; sourceTree = "<group>"; };
		C2ECB95D2AF4536900433A3A /* TestVideoData.swift */ = {isa = PBXFileReference; lastKnownFileType = sourcecode.swift; path = TestVideoData.swift; sourceTree = "<group>"; };
		C2ECB9612AF4573200433A3A /* SequenceData.swift */ = {isa = PBXFileReference; lastKnownFileType = sourcecode.swift; path = SequenceData.swift; sourceTree = "<group>"; };
		C2ECB9642AF4577800433A3A /* videosequencesample.json */ = {isa = PBXFileReference; fileEncoding = 4; lastKnownFileType = text.json; path = videosequencesample.json; sourceTree = "<group>"; };
		C2ECB9662AF45ECA00433A3A /* playlistsample.json */ = {isa = PBXFileReference; lastKnownFileType = text.json; path = playlistsample.json; sourceTree = "<group>"; };
		C2FEE2732AF7070300DBF997 /* smallsequencesample.json */ = {isa = PBXFileReference; lastKnownFileType = text.json; path = smallsequencesample.json; sourceTree = "<group>"; };
		C2FEE2752AF70BD700DBF997 /* simpletest.json */ = {isa = PBXFileReference; lastKnownFileType = text.json; path = simpletest.json; sourceTree = "<group>"; };
		C6A8AC8237B198727CE02A07 /* Pods_Discite.framework */ = {isa = PBXFileReference; explicitFileType = wrapper.framework; includeInIndex = 0; path = Pods_Discite.framework; sourceTree = BUILT_PRODUCTS_DIR; };
/* End PBXFileReference section */

/* Begin PBXFrameworksBuildPhase section */
		C2128A6F2ADB270B00E90C66 /* Frameworks */ = {
			isa = PBXFrameworksBuildPhase;
			buildActionMask = 2147483647;
			files = (
				205AF64E5AB72EC6209C04A5 /* Pods_Discite.framework in Frameworks */,
			);
			runOnlyForDeploymentPostprocessing = 0;
		};
/* End PBXFrameworksBuildPhase section */

/* Begin PBXGroup section */
		3622EC259FD8B4B212031657 /* Pods */ = {
			isa = PBXGroup;
			children = (
				C1F61C4EDA5D5D25811A5526 /* Pods-Discite.debug.xcconfig */,
				0F2EA9055C2D649F90179C57 /* Pods-Discite.release.xcconfig */,
			);
			path = Pods;
			sourceTree = "<group>";
		};
		4293D4045B8B40739121FB43 /* Frameworks */ = {
			isa = PBXGroup;
			children = (
				C6A8AC8237B198727CE02A07 /* Pods_Discite.framework */,
			);
			name = Frameworks;
			sourceTree = "<group>";
		};
		66EE0EB32AF4D4A500F65F38 /* Signup */ = {
			isa = PBXGroup;
			children = (
				66EE0EB42AF4D4A500F65F38 /* SignupViewModel.swift */,
				66EE0EB52AF4D4A500F65F38 /* SignupView.swift */,
			);
			path = Signup;
			sourceTree = "<group>";
		};
		C20EFE582AFBAF690074EC9A /* SampleData */ = {
			isa = PBXGroup;
			children = (
				C20EFE592AFBAF870074EC9A /* SampleData.swift */,
				C20EFE5B2AFBAFB90074EC9A /* SimpleTest.swift */,
				C2FEE2752AF70BD700DBF997 /* simpletest.json */,
			);
			path = SampleData;
			sourceTree = "<group>";
		};
		C2128A692ADB270B00E90C66 = {
			isa = PBXGroup;
			children = (
				C2128A742ADB270B00E90C66 /* Discite */,
				C2128A732ADB270B00E90C66 /* Products */,
				3622EC259FD8B4B212031657 /* Pods */,
				4293D4045B8B40739121FB43 /* Frameworks */,
			);
			sourceTree = "<group>";
		};
		C2128A732ADB270B00E90C66 /* Products */ = {
			isa = PBXGroup;
			children = (
				C2128A722ADB270B00E90C66 /* Discite.app */,
			);
			name = Products;
			sourceTree = "<group>";
		};
		C2128A742ADB270B00E90C66 /* Discite */ = {
			isa = PBXGroup;
			children = (
				C28ABEC82AF3409C007181F4 /* Info.plist */,
				C2128A842ADB2B1100E90C66 /* .swiftlint.yml */,
				C20EFE562AFBABDD0074EC9A /* DisciteApp.swift */,
				C2128A8E2ADB32B100E90C66 /* Classes */,
				C2128A8B2ADB2B9100E90C66 /* Common */,
				C29DB07A2AEC55D40081C354 /* TestVideos */,
				C2128A7B2ADB271300E90C66 /* Preview Content */,
			);
			path = Discite;
			sourceTree = "<group>";
		};
		C2128A7B2ADB271300E90C66 /* Preview Content */ = {
			isa = PBXGroup;
			children = (
				C2128A7C2ADB271300E90C66 /* Preview Assets.xcassets */,
			);
			path = "Preview Content";
			sourceTree = "<group>";
		};
		C2128A8B2ADB2B9100E90C66 /* Common */ = {
			isa = PBXGroup;
			children = (
				C20EFE582AFBAF690074EC9A /* SampleData */,
				C2D287232AE0B25800BB263C /* Styles */,
				C20DB8DF2AF1A8A5006FC33A /* User.swift */,
				C28ABE952AF31945007181F4 /* CustomJSONDecoder.swift */,
				C28ABE972AF31D9E007181F4 /* Buttons.swift */,
				C2128A792ADB271300E90C66 /* Assets.xcassets */,
				C2128A8A2ADB2B8100E90C66 /* Localizable.strings */,
			);
			path = Common;
			sourceTree = "<group>";
		};
		C2128A8D2ADB32A600E90C66 /* Login */ = {
			isa = PBXGroup;
			children = (
				C2128A8F2ADB341400E90C66 /* LoginView.swift */,
				C2128A952ADB45AE00E90C66 /* LoginViewModel.swift */,
			);
			path = Login;
			sourceTree = "<group>";
		};
		C2128A8E2ADB32B100E90C66 /* Classes */ = {
			isa = PBXGroup;
			children = (
				C2D287202AE0B03B00BB263C /* Root */,
				66EE0EB32AF4D4A500F65F38 /* Signup */,
				C2128A8D2ADB32A600E90C66 /* Login */,
				C2128A972ADB4F3A00E90C66 /* Authentication */,
				C235C6762AE06DD700870600 /* Watch */,
				C291450B2AE60DBF000BEB88 /* Explore */,
				C291450C2AE60DDA000BEB88 /* Shared */,
				C2237F412AE5E41500C9396E /* Account */,
				C235C6712ADF460C00870600 /* Utility */,
			);
			path = Classes;
			sourceTree = "<group>";
		};
		C2128A972ADB4F3A00E90C66 /* Authentication */ = {
			isa = PBXGroup;
			children = (
				C235C6742ADF842500870600 /* Auth.swift */,
				C2128A932ADB454500E90C66 /* AuthenticationService.swift */,
			);
			path = Authentication;
			sourceTree = "<group>";
		};
		C2237F412AE5E41500C9396E /* Account */ = {
			isa = PBXGroup;
			children = (
				C2237F422AE5E4A600C9396E /* AccountView.swift */,
				C29145112AE705E7000BEB88 /* AccountSidebarItem.swift */,
			);
			path = Account;
			sourceTree = "<group>";
		};
		C22A8F592AF18A5A00D05DB9 /* DeepDive */ = {
			isa = PBXGroup;
			children = (
				C251C98D2AF4AFA000922B00 /* DeepDive.swift */,
				C2ECB9612AF4573200433A3A /* SequenceData.swift */,
			);
			path = DeepDive;
			sourceTree = "<group>";
		};
		C22A8F5A2AF18A8500D05DB9 /* VideoPlayer */ = {
			isa = PBXGroup;
			children = (
				C251C98B2AF4AD8C00922B00 /* PlayerView.swift */,
				C251C9872AF4963100922B00 /* Sequence.swift */,
				C251C9852AF4960F00922B00 /* Playlist.swift */,
				C251C9892AF4AD1100922B00 /* Video.swift */,
				C23A44182AE9E813004C6927 /* VideoService.swift */,
			);
			path = VideoPlayer;
			sourceTree = "<group>";
		};
		C235C6712ADF460C00870600 /* Utility */ = {
			isa = PBXGroup;
			children = (
				C235C6722ADF463600870600 /* KeychainTools.swift */,
				C2D287262AE0BA8F00BB263C /* APIRequest.swift */,
				C2D287282AE0C4DF00BB263C /* NetworkMonitor.swift */,
			);
			path = Utility;
			sourceTree = "<group>";
		};
		C235C6762AE06DD700870600 /* Watch */ = {
			isa = PBXGroup;
			children = (
				C22A8F5A2AF18A8500D05DB9 /* VideoPlayer */,
				C22A8F592AF18A5A00D05DB9 /* DeepDive */,
				C2ECB9632AF4575100433A3A /* TestData */,
				C235C6772AE06E4700870600 /* WatchView.swift */,
				C235C6792AE06E8300870600 /* WatchViewModel.swift */,
				C2BA1CC02AEC7C8200DC21B2 /* SwipeDirection.swift */,
			);
			path = Watch;
			sourceTree = "<group>";
		};
		C28ABE9E2AF33D74007181F4 /* Mulish */ = {
			isa = PBXGroup;
			children = (
				C28ABE9F2AF33D74007181F4 /* static */,
				C28ABEC92AF34464007181F4 /* Mulish-VariableFont_wght.ttf */,
				C28ABECA2AF3447F007181F4 /* Mulish-Italic-VariableFont_wght.ttf */,
				C28ABEB02AF33D74007181F4 /* OFL.txt */,
				C28ABEB12AF33D74007181F4 /* README.txt */,
			);
			path = Mulish;
			sourceTree = "<group>";
		};
		C28ABE9F2AF33D74007181F4 /* static */ = {
			isa = PBXGroup;
			children = (
				C28ABEA02AF33D74007181F4 /* Mulish-LightItalic.ttf */,
				C28ABEA12AF33D74007181F4 /* Mulish-ExtraBoldItalic.ttf */,
				C28ABEA22AF33D74007181F4 /* Mulish-Italic.ttf */,
				C28ABEA32AF33D74007181F4 /* Mulish-Regular.ttf */,
				C28ABEA42AF33D74007181F4 /* Mulish-Black.ttf */,
				C28ABEA52AF33D74007181F4 /* Mulish-BlackItalic.ttf */,
				C28ABEA62AF33D74007181F4 /* Mulish-SemiBoldItalic.ttf */,
				C28ABEA72AF33D74007181F4 /* Mulish-ExtraLightItalic.ttf */,
				C28ABEA82AF33D74007181F4 /* Mulish-Bold.ttf */,
				C28ABEA92AF33D74007181F4 /* Mulish-Light.ttf */,
				C28ABEAA2AF33D74007181F4 /* Mulish-ExtraBold.ttf */,
				C28ABEAB2AF33D74007181F4 /* Mulish-ExtraLight.ttf */,
				C28ABEAC2AF33D74007181F4 /* Mulish-Medium.ttf */,
				C28ABEAD2AF33D74007181F4 /* Mulish-MediumItalic.ttf */,
				C28ABEAE2AF33D74007181F4 /* Mulish-SemiBold.ttf */,
				C28ABEAF2AF33D74007181F4 /* Mulish-BoldItalic.ttf */,
			);
			path = static;
			sourceTree = "<group>";
		};
		C291450B2AE60DBF000BEB88 /* Explore */ = {
			isa = PBXGroup;
			children = (
				C29145092AE60DBA000BEB88 /* TopicsView.swift */,
				C20EFE652AFBCC3E0074EC9A /* TopicCard.swift */,
				C20EFE6D2AFD93C20074EC9A /* PlaylistCard.swift */,
				C20EFE672AFBCF4C0074EC9A /* ExploreView.swift */,
				C20EFE632AFBC9C60074EC9A /* ExploreService.swift */,
				C20EFE772AFDCC9E0074EC9A /* Topic.swift */,
				C20EFE752AFDCC410074EC9A /* Recommendations.swift */,
				C20EFE692AFBDC920074EC9A /* sampletopic.json */,
				C20EFE732AFDCB740074EC9A /* samplerecommendations.json */,
			);
			path = Explore;
			sourceTree = "<group>";
		};
		C291450C2AE60DDA000BEB88 /* Shared */ = {
			isa = PBXGroup;
			children = (
				C291450D2AE60DF1000BEB88 /* SharedView.swift */,
			);
			path = Shared;
			sourceTree = "<group>";
		};
		C29DB07A2AEC55D40081C354 /* TestVideos */ = {
			isa = PBXGroup;
			children = (
				C29DB07B2AEC55D40081C354 /* video1.mp4 */,
				C29DB07C2AEC55D40081C354 /* video3.mp4 */,
				C29DB07D2AEC55D40081C354 /* video2.mp4 */,
			);
			name = TestVideos;
			path = Discite/TestVideos;
			sourceTree = SOURCE_ROOT;
		};
		C2D287202AE0B03B00BB263C /* Root */ = {
			isa = PBXGroup;
			children = (
				C2128A772ADB270B00E90C66 /* ContentView.swift */,
				C2D287212AE0B05100BB263C /* MainView.swift */,
				C233A0FF2AE72F7D00E95D0D /* HomeView.swift */,
			);
			path = Root;
			sourceTree = "<group>";
		};
		C2D287232AE0B25800BB263C /* Styles */ = {
			isa = PBXGroup;
			children = (
				C28ABE9E2AF33D74007181F4 /* Mulish */,
				C2D287242AE0B2C200BB263C /* ButtonStyle.swift */,
				C28ABE992AF33118007181F4 /* Colors.swift */,
				C28ABE9C2AF3370B007181F4 /* Fonts.swift */,
				C20EFE6F2AFDA6D70074EC9A /* CardButtonFrame.swift */,
			);
			path = Styles;
			sourceTree = "<group>";
		};
		C2ECB9632AF4575100433A3A /* TestData */ = {
			isa = PBXGroup;
			children = (
				C2FEE2732AF7070300DBF997 /* smallsequencesample.json */,
				C2ECB9642AF4577800433A3A /* videosequencesample.json */,
				C2ECB9662AF45ECA00433A3A /* playlistsample.json */,
				C2ECB95D2AF4536900433A3A /* TestVideoData.swift */,
				C29DB0812AEC565B0081C354 /* TestSimplePlayerView.swift */,
			);
			path = TestData;
			sourceTree = "<group>";
		};
/* End PBXGroup section */

/* Begin PBXNativeTarget section */
		C2128A712ADB270B00E90C66 /* Discite */ = {
			isa = PBXNativeTarget;
			buildConfigurationList = C2128A802ADB271300E90C66 /* Build configuration list for PBXNativeTarget "Discite" */;
			buildPhases = (
				F864583DEE599EEF629CA64E /* [CP] Check Pods Manifest.lock */,
				C2128A6E2ADB270B00E90C66 /* Sources */,
				C2128A6F2ADB270B00E90C66 /* Frameworks */,
				C2128A702ADB270B00E90C66 /* Resources */,
				C2128A832ADB2ACD00E90C66 /* SwiftLint */,
			);
			buildRules = (
			);
			dependencies = (
			);
			name = Discite;
			productName = Discite;
			productReference = C2128A722ADB270B00E90C66 /* Discite.app */;
			productType = "com.apple.product-type.application";
		};
/* End PBXNativeTarget section */

/* Begin PBXProject section */
		C2128A6A2ADB270B00E90C66 /* Project object */ = {
			isa = PBXProject;
			attributes = {
				BuildIndependentTargetsInParallel = 1;
				LastSwiftUpdateCheck = 1420;
				LastUpgradeCheck = 1420;
				TargetAttributes = {
					C2128A712ADB270B00E90C66 = {
						CreatedOnToolsVersion = 14.2;
					};
				};
			};
			buildConfigurationList = C2128A6D2ADB270B00E90C66 /* Build configuration list for PBXProject "Discite" */;
			compatibilityVersion = "Xcode 14.0";
			developmentRegion = en;
			hasScannedForEncodings = 0;
			knownRegions = (
				en,
				Base,
			);
			mainGroup = C2128A692ADB270B00E90C66;
			productRefGroup = C2128A732ADB270B00E90C66 /* Products */;
			projectDirPath = "";
			projectRoot = "";
			targets = (
				C2128A712ADB270B00E90C66 /* Discite */,
			);
		};
/* End PBXProject section */

/* Begin PBXResourcesBuildPhase section */
		C2128A702ADB270B00E90C66 /* Resources */ = {
			isa = PBXResourcesBuildPhase;
			buildActionMask = 2147483647;
			files = (
				C28ABEB42AF33D74007181F4 /* Mulish-LightItalic.ttf in Resources */,
				C28ABEB82AF33D74007181F4 /* Mulish-Black.ttf in Resources */,
				C29DB0802AEC55D40081C354 /* video2.mp4 in Resources */,
				C28ABEB72AF33D74007181F4 /* Mulish-Regular.ttf in Resources */,
				C28ABEB62AF33D74007181F4 /* Mulish-Italic.ttf in Resources */,
				C2128A852ADB2B1100E90C66 /* .swiftlint.yml in Resources */,
				C28ABEBD2AF33D74007181F4 /* Mulish-Light.ttf in Resources */,
				C28ABEB52AF33D74007181F4 /* Mulish-ExtraBoldItalic.ttf in Resources */,
				C28ABEC12AF33D75007181F4 /* Mulish-MediumItalic.ttf in Resources */,
				C28ABEC22AF33D75007181F4 /* Mulish-SemiBold.ttf in Resources */,
				C2FEE2742AF7070300DBF997 /* smallsequencesample.json in Resources */,
				C20EFE742AFDCB740074EC9A /* samplerecommendations.json in Resources */,
				C28ABEBC2AF33D74007181F4 /* Mulish-Bold.ttf in Resources */,
				C28ABEBB2AF33D74007181F4 /* Mulish-ExtraLightItalic.ttf in Resources */,
				C20EFE6A2AFBDC920074EC9A /* sampletopic.json in Resources */,
				C29DB07F2AEC55D40081C354 /* video3.mp4 in Resources */,
				C28ABEBF2AF33D74007181F4 /* Mulish-ExtraLight.ttf in Resources */,
				C28ABEC42AF33D75007181F4 /* OFL.txt in Resources */,
				C28ABEC52AF33D75007181F4 /* README.txt in Resources */,
				C2ECB9672AF45ECA00433A3A /* playlistsample.json in Resources */,
				C2ECB9652AF4577800433A3A /* videosequencesample.json in Resources */,
				C28ABEC32AF33D75007181F4 /* Mulish-BoldItalic.ttf in Resources */,
				C28ABEC02AF33D75007181F4 /* Mulish-Medium.ttf in Resources */,
				C2128A882ADB2B8100E90C66 /* Localizable.strings in Resources */,
				C2FEE2762AF70BD700DBF997 /* simpletest.json in Resources */,
				C28ABEB92AF33D74007181F4 /* Mulish-BlackItalic.ttf in Resources */,
				C2128A7D2ADB271300E90C66 /* Preview Assets.xcassets in Resources */,
				C29DB07E2AEC55D40081C354 /* video1.mp4 in Resources */,
				C28ABEBE2AF33D74007181F4 /* Mulish-ExtraBold.ttf in Resources */,
				C2128A7A2ADB271300E90C66 /* Assets.xcassets in Resources */,
				C28ABEBA2AF33D74007181F4 /* Mulish-SemiBoldItalic.ttf in Resources */,
			);
			runOnlyForDeploymentPostprocessing = 0;
		};
/* End PBXResourcesBuildPhase section */

/* Begin PBXShellScriptBuildPhase section */
		C2128A832ADB2ACD00E90C66 /* SwiftLint */ = {
			isa = PBXShellScriptBuildPhase;
			alwaysOutOfDate = 1;
			buildActionMask = 2147483647;
			files = (
			);
			inputFileListPaths = (
			);
			inputPaths = (
			);
			name = SwiftLint;
			outputFileListPaths = (
			);
			outputPaths = (
			);
			runOnlyForDeploymentPostprocessing = 0;
			shellPath = /bin/sh;
			shellScript = "\"${PODS_ROOT}/SwiftLint/swiftlint\"\n";
		};
		F864583DEE599EEF629CA64E /* [CP] Check Pods Manifest.lock */ = {
			isa = PBXShellScriptBuildPhase;
			buildActionMask = 2147483647;
			files = (
			);
			inputFileListPaths = (
			);
			inputPaths = (
				"${PODS_PODFILE_DIR_PATH}/Podfile.lock",
				"${PODS_ROOT}/Manifest.lock",
			);
			name = "[CP] Check Pods Manifest.lock";
			outputFileListPaths = (
			);
			outputPaths = (
				"$(DERIVED_FILE_DIR)/Pods-Discite-checkManifestLockResult.txt",
			);
			runOnlyForDeploymentPostprocessing = 0;
			shellPath = /bin/sh;
			shellScript = "diff \"${PODS_PODFILE_DIR_PATH}/Podfile.lock\" \"${PODS_ROOT}/Manifest.lock\" > /dev/null\nif [ $? != 0 ] ; then\n    # print error to STDERR\n    echo \"error: The sandbox is not in sync with the Podfile.lock. Run 'pod install' or update your CocoaPods installation.\" >&2\n    exit 1\nfi\n# This output is used by Xcode 'outputs' to avoid re-running this script phase.\necho \"SUCCESS\" > \"${SCRIPT_OUTPUT_FILE_0}\"\n";
			showEnvVarsInLog = 0;
		};
/* End PBXShellScriptBuildPhase section */

/* Begin PBXSourcesBuildPhase section */
		C2128A6E2ADB270B00E90C66 /* Sources */ = {
			isa = PBXSourcesBuildPhase;
			buildActionMask = 2147483647;
			files = (
				C2128A902ADB341400E90C66 /* LoginView.swift in Sources */,
				C20EFE782AFDCC9E0074EC9A /* Topic.swift in Sources */,
				C20EFE642AFBC9C60074EC9A /* ExploreService.swift in Sources */,
				C235C67A2AE06E8300870600 /* WatchViewModel.swift in Sources */,
				C251C98A2AF4AD1200922B00 /* Video.swift in Sources */,
				C20EFE762AFDCC410074EC9A /* Recommendations.swift in Sources */,
				C251C9882AF4963100922B00 /* Sequence.swift in Sources */,
				C2ECB9622AF4573200433A3A /* SequenceData.swift in Sources */,
				C23A44192AE9E813004C6927 /* VideoService.swift in Sources */,
				C2128A782ADB270B00E90C66 /* ContentView.swift in Sources */,
				C20EFE5A2AFBAF870074EC9A /* SampleData.swift in Sources */,
				C20EFE572AFBABDD0074EC9A /* DisciteApp.swift in Sources */,
				C2BA1CC12AEC7C8200DC21B2 /* SwipeDirection.swift in Sources */,
				C2D287222AE0B05100BB263C /* MainView.swift in Sources */,
				C20DB8E02AF1A8A5006FC33A /* User.swift in Sources */,
				C29145122AE705E7000BEB88 /* AccountSidebarItem.swift in Sources */,
				C28ABE982AF31D9E007181F4 /* Buttons.swift in Sources */,
				C20EFE702AFDA6D70074EC9A /* CardButtonFrame.swift in Sources */,
				C2128A962ADB45AE00E90C66 /* LoginViewModel.swift in Sources */,
				C235C6782AE06E4700870600 /* WatchView.swift in Sources */,
				C251C98C2AF4AD8C00922B00 /* PlayerView.swift in Sources */,
				C291450E2AE60DF1000BEB88 /* SharedView.swift in Sources */,
				C20EFE6E2AFD93C20074EC9A /* PlaylistCard.swift in Sources */,
				C20EFE682AFBCF4C0074EC9A /* ExploreView.swift in Sources */,
				C20EFE5C2AFBAFB90074EC9A /* SimpleTest.swift in Sources */,
				C28ABE962AF31945007181F4 /* CustomJSONDecoder.swift in Sources */,
				C28ABE9D2AF3370B007181F4 /* Fonts.swift in Sources */,
				C2237F432AE5E4A600C9396E /* AccountView.swift in Sources */,
				C251C98E2AF4AFA000922B00 /* DeepDive.swift in Sources */,
				C2128A942ADB454500E90C66 /* AuthenticationService.swift in Sources */,
				C235C6732ADF463600870600 /* KeychainTools.swift in Sources */,
				66EE0EB72AF4D4A500F65F38 /* SignupView.swift in Sources */,
				C233A1002AE72F7D00E95D0D /* HomeView.swift in Sources */,
				C251C9862AF4960F00922B00 /* Playlist.swift in Sources */,
				C29DB0822AEC565B0081C354 /* TestSimplePlayerView.swift in Sources */,
				C2D287292AE0C4DF00BB263C /* NetworkMonitor.swift in Sources */,
				C28ABE9A2AF33118007181F4 /* Colors.swift in Sources */,
				C291450A2AE60DBA000BEB88 /* TopicsView.swift in Sources */,
				C20EFE662AFBCC3E0074EC9A /* TopicCard.swift in Sources */,
				66EE0EB62AF4D4A500F65F38 /* SignupViewModel.swift in Sources */,
				C2D287252AE0B2C200BB263C /* ButtonStyle.swift in Sources */,
				C2D287272AE0BA8F00BB263C /* APIRequest.swift in Sources */,
				C235C6752ADF842500870600 /* Auth.swift in Sources */,
				C2ECB95E2AF4536900433A3A /* TestVideoData.swift in Sources */,
			);
			runOnlyForDeploymentPostprocessing = 0;
		};
/* End PBXSourcesBuildPhase section */

/* Begin PBXVariantGroup section */
		C2128A8A2ADB2B8100E90C66 /* Localizable.strings */ = {
			isa = PBXVariantGroup;
			children = (
				C2128A892ADB2B8100E90C66 /* en */,
			);
			name = Localizable.strings;
			sourceTree = "<group>";
		};
/* End PBXVariantGroup section */

/* Begin XCBuildConfiguration section */
		C2128A7E2ADB271300E90C66 /* Debug */ = {
			isa = XCBuildConfiguration;
			buildSettings = {
				ALWAYS_SEARCH_USER_PATHS = NO;
				CLANG_ANALYZER_NONNULL = YES;
				CLANG_ANALYZER_NUMBER_OBJECT_CONVERSION = YES_AGGRESSIVE;
				CLANG_CXX_LANGUAGE_STANDARD = "gnu++20";
				CLANG_ENABLE_MODULES = YES;
				CLANG_ENABLE_OBJC_ARC = YES;
				CLANG_ENABLE_OBJC_WEAK = YES;
				CLANG_WARN_BLOCK_CAPTURE_AUTORELEASING = YES;
				CLANG_WARN_BOOL_CONVERSION = YES;
				CLANG_WARN_COMMA = YES;
				CLANG_WARN_CONSTANT_CONVERSION = YES;
				CLANG_WARN_DEPRECATED_OBJC_IMPLEMENTATIONS = YES;
				CLANG_WARN_DIRECT_OBJC_ISA_USAGE = YES_ERROR;
				CLANG_WARN_DOCUMENTATION_COMMENTS = YES;
				CLANG_WARN_EMPTY_BODY = YES;
				CLANG_WARN_ENUM_CONVERSION = YES;
				CLANG_WARN_INFINITE_RECURSION = YES;
				CLANG_WARN_INT_CONVERSION = YES;
				CLANG_WARN_NON_LITERAL_NULL_CONVERSION = YES;
				CLANG_WARN_OBJC_IMPLICIT_RETAIN_SELF = YES;
				CLANG_WARN_OBJC_LITERAL_CONVERSION = YES;
				CLANG_WARN_OBJC_ROOT_CLASS = YES_ERROR;
				CLANG_WARN_QUOTED_INCLUDE_IN_FRAMEWORK_HEADER = YES;
				CLANG_WARN_RANGE_LOOP_ANALYSIS = YES;
				CLANG_WARN_STRICT_PROTOTYPES = YES;
				CLANG_WARN_SUSPICIOUS_MOVE = YES;
				CLANG_WARN_UNGUARDED_AVAILABILITY = YES_AGGRESSIVE;
				CLANG_WARN_UNREACHABLE_CODE = YES;
				CLANG_WARN__DUPLICATE_METHOD_MATCH = YES;
				COPY_PHASE_STRIP = NO;
				DEBUG_INFORMATION_FORMAT = dwarf;
				ENABLE_STRICT_OBJC_MSGSEND = YES;
				ENABLE_TESTABILITY = YES;
				GCC_C_LANGUAGE_STANDARD = gnu11;
				GCC_DYNAMIC_NO_PIC = NO;
				GCC_NO_COMMON_BLOCKS = YES;
				GCC_OPTIMIZATION_LEVEL = 0;
				GCC_PREPROCESSOR_DEFINITIONS = (
					"DEBUG=1",
					"$(inherited)",
				);
				GCC_WARN_64_TO_32_BIT_CONVERSION = YES;
				GCC_WARN_ABOUT_RETURN_TYPE = YES_ERROR;
				GCC_WARN_UNDECLARED_SELECTOR = YES;
				GCC_WARN_UNINITIALIZED_AUTOS = YES_AGGRESSIVE;
				GCC_WARN_UNUSED_FUNCTION = YES;
				GCC_WARN_UNUSED_VARIABLE = YES;
				IPHONEOS_DEPLOYMENT_TARGET = 16.1;
				MTL_ENABLE_DEBUG_INFO = INCLUDE_SOURCE;
				MTL_FAST_MATH = YES;
				ONLY_ACTIVE_ARCH = YES;
				SDKROOT = iphoneos;
				SWIFT_ACTIVE_COMPILATION_CONDITIONS = DEBUG;
				SWIFT_OPTIMIZATION_LEVEL = "-Onone";
			};
			name = Debug;
		};
		C2128A7F2ADB271300E90C66 /* Release */ = {
			isa = XCBuildConfiguration;
			buildSettings = {
				ALWAYS_SEARCH_USER_PATHS = NO;
				CLANG_ANALYZER_NONNULL = YES;
				CLANG_ANALYZER_NUMBER_OBJECT_CONVERSION = YES_AGGRESSIVE;
				CLANG_CXX_LANGUAGE_STANDARD = "gnu++20";
				CLANG_ENABLE_MODULES = YES;
				CLANG_ENABLE_OBJC_ARC = YES;
				CLANG_ENABLE_OBJC_WEAK = YES;
				CLANG_WARN_BLOCK_CAPTURE_AUTORELEASING = YES;
				CLANG_WARN_BOOL_CONVERSION = YES;
				CLANG_WARN_COMMA = YES;
				CLANG_WARN_CONSTANT_CONVERSION = YES;
				CLANG_WARN_DEPRECATED_OBJC_IMPLEMENTATIONS = YES;
				CLANG_WARN_DIRECT_OBJC_ISA_USAGE = YES_ERROR;
				CLANG_WARN_DOCUMENTATION_COMMENTS = YES;
				CLANG_WARN_EMPTY_BODY = YES;
				CLANG_WARN_ENUM_CONVERSION = YES;
				CLANG_WARN_INFINITE_RECURSION = YES;
				CLANG_WARN_INT_CONVERSION = YES;
				CLANG_WARN_NON_LITERAL_NULL_CONVERSION = YES;
				CLANG_WARN_OBJC_IMPLICIT_RETAIN_SELF = YES;
				CLANG_WARN_OBJC_LITERAL_CONVERSION = YES;
				CLANG_WARN_OBJC_ROOT_CLASS = YES_ERROR;
				CLANG_WARN_QUOTED_INCLUDE_IN_FRAMEWORK_HEADER = YES;
				CLANG_WARN_RANGE_LOOP_ANALYSIS = YES;
				CLANG_WARN_STRICT_PROTOTYPES = YES;
				CLANG_WARN_SUSPICIOUS_MOVE = YES;
				CLANG_WARN_UNGUARDED_AVAILABILITY = YES_AGGRESSIVE;
				CLANG_WARN_UNREACHABLE_CODE = YES;
				CLANG_WARN__DUPLICATE_METHOD_MATCH = YES;
				COPY_PHASE_STRIP = NO;
				DEBUG_INFORMATION_FORMAT = "dwarf-with-dsym";
				ENABLE_NS_ASSERTIONS = NO;
				ENABLE_STRICT_OBJC_MSGSEND = YES;
				GCC_C_LANGUAGE_STANDARD = gnu11;
				GCC_NO_COMMON_BLOCKS = YES;
				GCC_WARN_64_TO_32_BIT_CONVERSION = YES;
				GCC_WARN_ABOUT_RETURN_TYPE = YES_ERROR;
				GCC_WARN_UNDECLARED_SELECTOR = YES;
				GCC_WARN_UNINITIALIZED_AUTOS = YES_AGGRESSIVE;
				GCC_WARN_UNUSED_FUNCTION = YES;
				GCC_WARN_UNUSED_VARIABLE = YES;
				IPHONEOS_DEPLOYMENT_TARGET = 16.1;
				MTL_ENABLE_DEBUG_INFO = NO;
				MTL_FAST_MATH = YES;
				SDKROOT = iphoneos;
				SWIFT_COMPILATION_MODE = wholemodule;
				SWIFT_OPTIMIZATION_LEVEL = "-O";
				VALIDATE_PRODUCT = YES;
			};
			name = Release;
		};
		C2128A812ADB271300E90C66 /* Debug */ = {
			isa = XCBuildConfiguration;
			baseConfigurationReference = C1F61C4EDA5D5D25811A5526 /* Pods-Discite.debug.xcconfig */;
			buildSettings = {
				ASSETCATALOG_COMPILER_APPICON_NAME = AppIcon;
				ASSETCATALOG_COMPILER_GLOBAL_ACCENT_COLOR_NAME = AccentColor;
				CODE_SIGN_STYLE = Automatic;
				CURRENT_PROJECT_VERSION = 1;
				DEVELOPMENT_ASSET_PATHS = "\"Discite/Preview Content\"";
				DEVELOPMENT_TEAM = 8S8AHD45UC;
				ENABLE_PREVIEWS = YES;
				GENERATE_INFOPLIST_FILE = YES;
				INFOPLIST_FILE = Discite/Info.plist;
				INFOPLIST_KEY_UIApplicationSceneManifest_Generation = YES;
				INFOPLIST_KEY_UIApplicationSupportsIndirectInputEvents = YES;
				INFOPLIST_KEY_UILaunchScreen_Generation = YES;
				INFOPLIST_KEY_UISupportedInterfaceOrientations_iPad = "UIInterfaceOrientationPortrait UIInterfaceOrientationPortraitUpsideDown UIInterfaceOrientationLandscapeLeft UIInterfaceOrientationLandscapeRight";
				INFOPLIST_KEY_UISupportedInterfaceOrientations_iPhone = "UIInterfaceOrientationPortrait UIInterfaceOrientationLandscapeLeft UIInterfaceOrientationLandscapeRight";
				LD_RUNPATH_SEARCH_PATHS = (
					"$(inherited)",
					"@executable_path/Frameworks",
				);
				MARKETING_VERSION = 1.0;
				PRODUCT_BUNDLE_IDENTIFIER = com.example.jli.Discite;
				PRODUCT_NAME = "$(TARGET_NAME)";
				SWIFT_EMIT_LOC_STRINGS = YES;
				SWIFT_VERSION = 5.0;
				TARGETED_DEVICE_FAMILY = "1,2";
			};
			name = Debug;
		};
		C2128A822ADB271300E90C66 /* Release */ = {
			isa = XCBuildConfiguration;
			baseConfigurationReference = 0F2EA9055C2D649F90179C57 /* Pods-Discite.release.xcconfig */;
			buildSettings = {
				ASSETCATALOG_COMPILER_APPICON_NAME = AppIcon;
				ASSETCATALOG_COMPILER_GLOBAL_ACCENT_COLOR_NAME = AccentColor;
				CODE_SIGN_STYLE = Automatic;
				CURRENT_PROJECT_VERSION = 1;
				DEVELOPMENT_ASSET_PATHS = "\"Discite/Preview Content\"";
				DEVELOPMENT_TEAM = 8S8AHD45UC;
				ENABLE_PREVIEWS = YES;
				GENERATE_INFOPLIST_FILE = YES;
				INFOPLIST_FILE = Discite/Info.plist;
				INFOPLIST_KEY_UIApplicationSceneManifest_Generation = YES;
				INFOPLIST_KEY_UIApplicationSupportsIndirectInputEvents = YES;
				INFOPLIST_KEY_UILaunchScreen_Generation = YES;
				INFOPLIST_KEY_UISupportedInterfaceOrientations_iPad = "UIInterfaceOrientationPortrait UIInterfaceOrientationPortraitUpsideDown UIInterfaceOrientationLandscapeLeft UIInterfaceOrientationLandscapeRight";
				INFOPLIST_KEY_UISupportedInterfaceOrientations_iPhone = "UIInterfaceOrientationPortrait UIInterfaceOrientationLandscapeLeft UIInterfaceOrientationLandscapeRight";
				LD_RUNPATH_SEARCH_PATHS = (
					"$(inherited)",
					"@executable_path/Frameworks",
				);
				MARKETING_VERSION = 1.0;
				PRODUCT_BUNDLE_IDENTIFIER = com.example.jli.Discite;
				PRODUCT_NAME = "$(TARGET_NAME)";
				SWIFT_EMIT_LOC_STRINGS = YES;
				SWIFT_VERSION = 5.0;
				TARGETED_DEVICE_FAMILY = "1,2";
			};
			name = Release;
		};
/* End XCBuildConfiguration section */

/* Begin XCConfigurationList section */
		C2128A6D2ADB270B00E90C66 /* Build configuration list for PBXProject "Discite" */ = {
			isa = XCConfigurationList;
			buildConfigurations = (
				C2128A7E2ADB271300E90C66 /* Debug */,
				C2128A7F2ADB271300E90C66 /* Release */,
			);
			defaultConfigurationIsVisible = 0;
			defaultConfigurationName = Release;
		};
		C2128A802ADB271300E90C66 /* Build configuration list for PBXNativeTarget "Discite" */ = {
			isa = XCConfigurationList;
			buildConfigurations = (
				C2128A812ADB271300E90C66 /* Debug */,
				C2128A822ADB271300E90C66 /* Release */,
			);
			defaultConfigurationIsVisible = 0;
			defaultConfigurationName = Release;
		};
/* End XCConfigurationList section */
	};
	rootObject = C2128A6A2ADB270B00E90C66 /* Project object */;
}
