// !$*UTF8*$!
{
	archiveVersion = 1;
	classes = {
	};
	objectVersion = 56;
	objects = {

/* Begin PBXBuildFile section */
		2C0CAB702B85845200B8BA25 /* FriendProfile.swift in Sources */ = {isa = PBXBuildFile; fileRef = 2C0CAB6F2B85845200B8BA25 /* FriendProfile.swift */; };
		2C0CAB7C2B88072F00B8BA25 /* FriendViewModel.swift in Sources */ = {isa = PBXBuildFile; fileRef = 2C0CAB7B2B88072F00B8BA25 /* FriendViewModel.swift */; };
		2C0CAB8A2B891B3F00B8BA25 /* Searchable.swift in Sources */ = {isa = PBXBuildFile; fileRef = 2C0CAB892B891B3F00B8BA25 /* Searchable.swift */; };
		2C8509EB2B68107800707646 /* AllTopics.swift in Sources */ = {isa = PBXBuildFile; fileRef = 2C8509EA2B68107800707646 /* AllTopics.swift */; };
		2CA0B16D2B7A89A700558227 /* SearchViewModel.swift in Sources */ = {isa = PBXBuildFile; fileRef = 2CA0B16C2B7A89A700558227 /* SearchViewModel.swift */; };
		2CA0B16F2B7A8B4400558227 /* CancelButton.swift in Sources */ = {isa = PBXBuildFile; fileRef = 2CA0B16E2B7A8B4400558227 /* CancelButton.swift */; };
		2CA0B1712B7BFD5D00558227 /* SearchDestinationView.swift in Sources */ = {isa = PBXBuildFile; fileRef = 2CA0B1702B7BFD5D00558227 /* SearchDestinationView.swift */; };
		2CBE27162B6436D600DF585B /* TopicPageView.swift in Sources */ = {isa = PBXBuildFile; fileRef = 2CBE27152B6436D600DF585B /* TopicPageView.swift */; };
		2CF2EBE02B7FE4DC0063D80B /* FilterFriends.swift in Sources */ = {isa = PBXBuildFile; fileRef = 2CF2EBDF2B7FE4DC0063D80B /* FilterFriends.swift */; };
		42809CA77ACA2029F7351171 /* Pods_Discite.framework in Frameworks */ = {isa = PBXBuildFile; fileRef = F468F65203DCE1AB8A18A164 /* Pods_Discite.framework */; };
		665D4CD02AFED43D00F1C05C /* Constants.swift in Sources */ = {isa = PBXBuildFile; fileRef = 665D4CCF2AFED43D00F1C05C /* Constants.swift */; };
		66CE484F2B00AAC10038FF75 /* AccountViewModel.swift in Sources */ = {isa = PBXBuildFile; fileRef = 66CE484E2B00AAC10038FF75 /* AccountViewModel.swift */; };
		66EE0EB62AF4D4A500F65F38 /* SignupViewModel.swift in Sources */ = {isa = PBXBuildFile; fileRef = 66EE0EB42AF4D4A500F65F38 /* SignupViewModel.swift */; };
		C2082F912B6C06B200EEED6B /* SampleSpiderGraph.swift in Sources */ = {isa = PBXBuildFile; fileRef = C2082F902B6C06B200EEED6B /* SampleSpiderGraph.swift */; };
		C2082F932B6C098A00EEED6B /* SpiderGraph.swift in Sources */ = {isa = PBXBuildFile; fileRef = C2082F922B6C098A00EEED6B /* SpiderGraph.swift */; };
		C20DB8E02AF1A8A5006FC33A /* User.swift in Sources */ = {isa = PBXBuildFile; fileRef = C20DB8DF2AF1A8A5006FC33A /* User.swift */; };
		C20EFE572AFBABDD0074EC9A /* DisciteApp.swift in Sources */ = {isa = PBXBuildFile; fileRef = C20EFE562AFBABDD0074EC9A /* DisciteApp.swift */; };
		C20EFE5A2AFBAF870074EC9A /* SampleData.swift in Sources */ = {isa = PBXBuildFile; fileRef = C20EFE592AFBAF870074EC9A /* SampleData.swift */; };
		C20EFE5C2AFBAFB90074EC9A /* SimpleTest.swift in Sources */ = {isa = PBXBuildFile; fileRef = C20EFE5B2AFBAFB90074EC9A /* SimpleTest.swift */; };
		C20EFE642AFBC9C60074EC9A /* ExploreService.swift in Sources */ = {isa = PBXBuildFile; fileRef = C20EFE632AFBC9C60074EC9A /* ExploreService.swift */; };
		C20EFE662AFBCC3E0074EC9A /* TopicCard.swift in Sources */ = {isa = PBXBuildFile; fileRef = C20EFE652AFBCC3E0074EC9A /* TopicCard.swift */; };
		C20EFE682AFBCF4C0074EC9A /* ExploreView.swift in Sources */ = {isa = PBXBuildFile; fileRef = C20EFE672AFBCF4C0074EC9A /* ExploreView.swift */; };
		C20EFE6E2AFD93C20074EC9A /* PlaylistCard.swift in Sources */ = {isa = PBXBuildFile; fileRef = C20EFE6D2AFD93C20074EC9A /* PlaylistCard.swift */; };
		C20EFE702AFDA6D70074EC9A /* CardButtonFrame.swift in Sources */ = {isa = PBXBuildFile; fileRef = C20EFE6F2AFDA6D70074EC9A /* CardButtonFrame.swift */; };
		C20EFE782AFDCC9E0074EC9A /* Topic.swift in Sources */ = {isa = PBXBuildFile; fileRef = C20EFE772AFDCC9E0074EC9A /* Topic.swift */; };
		C20EFE7C2AFEC4F00074EC9A /* sampleplaylists.json in Resources */ = {isa = PBXBuildFile; fileRef = C20EFE7B2AFEC4F00074EC9A /* sampleplaylists.json */; };
		C20EFE822AFFA9A30074EC9A /* Navigator.swift in Sources */ = {isa = PBXBuildFile; fileRef = C20EFE812AFFA9A30074EC9A /* Navigator.swift */; };
		C20EFE852B012C400074EC9A /* Share.swift in Sources */ = {isa = PBXBuildFile; fileRef = C20EFE842B012C400074EC9A /* Share.swift */; };
		C2128A782ADB270B00E90C66 /* ContentView.swift in Sources */ = {isa = PBXBuildFile; fileRef = C2128A772ADB270B00E90C66 /* ContentView.swift */; };
		C2128A7A2ADB271300E90C66 /* Assets.xcassets in Resources */ = {isa = PBXBuildFile; fileRef = C2128A792ADB271300E90C66 /* Assets.xcassets */; };
		C2128A7D2ADB271300E90C66 /* Preview Assets.xcassets in Resources */ = {isa = PBXBuildFile; fileRef = C2128A7C2ADB271300E90C66 /* Preview Assets.xcassets */; };
		C2128A852ADB2B1100E90C66 /* .swiftlint.yml in Resources */ = {isa = PBXBuildFile; fileRef = C2128A842ADB2B1100E90C66 /* .swiftlint.yml */; };
		C2128A882ADB2B8100E90C66 /* Localizable.strings in Resources */ = {isa = PBXBuildFile; fileRef = C2128A8A2ADB2B8100E90C66 /* Localizable.strings */; };
		C2128A942ADB454500E90C66 /* AuthenticationService.swift in Sources */ = {isa = PBXBuildFile; fileRef = C2128A932ADB454500E90C66 /* AuthenticationService.swift */; };
		C2128A962ADB45AE00E90C66 /* LoginViewModel.swift in Sources */ = {isa = PBXBuildFile; fileRef = C2128A952ADB45AE00E90C66 /* LoginViewModel.swift */; };
		C2237F432AE5E4A600C9396E /* AccountView.swift in Sources */ = {isa = PBXBuildFile; fileRef = C2237F422AE5E4A600C9396E /* AccountView.swift */; };
		C235C6732ADF463600870600 /* KeychainTools.swift in Sources */ = {isa = PBXBuildFile; fileRef = C235C6722ADF463600870600 /* KeychainTools.swift */; };
		C235C6752ADF842500870600 /* Auth.swift in Sources */ = {isa = PBXBuildFile; fileRef = C235C6742ADF842500870600 /* Auth.swift */; };
		C23A44192AE9E813004C6927 /* VideoService.swift in Sources */ = {isa = PBXBuildFile; fileRef = C23A44182AE9E813004C6927 /* VideoService.swift */; };
		C24C585B2B8FA302002146D3 /* SignUpPage.swift in Sources */ = {isa = PBXBuildFile; fileRef = C24C585A2B8FA302002146D3 /* SignUpPage.swift */; };
		C24C585E2B8FADCE002146D3 /* GoogleLoginExtension.swift in Sources */ = {isa = PBXBuildFile; fileRef = C24C585D2B8FADCE002146D3 /* GoogleLoginExtension.swift */; };
		C24C58602B8FAE76002146D3 /* GoogleSignOutExtension.swift in Sources */ = {isa = PBXBuildFile; fileRef = C24C585F2B8FAE76002146D3 /* GoogleSignOutExtension.swift */; };
		C251C9862AF4960F00922B00 /* Playlist.swift in Sources */ = {isa = PBXBuildFile; fileRef = C251C9852AF4960F00922B00 /* Playlist.swift */; };
		C251C98A2AF4AD1200922B00 /* Video.swift in Sources */ = {isa = PBXBuildFile; fileRef = C251C9892AF4AD1100922B00 /* Video.swift */; };
		C25B35862B8FE71B00EB130F /* UserData.swift in Sources */ = {isa = PBXBuildFile; fileRef = C25B35852B8FE71B00EB130F /* UserData.swift */; };
		C269CD002B5DC6E600A5126C /* TopicTag.swift in Sources */ = {isa = PBXBuildFile; fileRef = C269CCFF2B5DC6E600A5126C /* TopicTag.swift */; };
		C269CD062B5DF50C00A5126C /* PagingViewModel.swift in Sources */ = {isa = PBXBuildFile; fileRef = C269CD052B5DF50C00A5126C /* PagingViewModel.swift */; };
		C269CD102B6083C100A5126C /* SequenceViewModel.swift in Sources */ = {isa = PBXBuildFile; fileRef = C269CD0F2B6083C100A5126C /* SequenceViewModel.swift */; };
		C28ABE962AF31945007181F4 /* CustomJSONDecoder.swift in Sources */ = {isa = PBXBuildFile; fileRef = C28ABE952AF31945007181F4 /* CustomJSONDecoder.swift */; };
		C28ABE982AF31D9E007181F4 /* TextButtons.swift in Sources */ = {isa = PBXBuildFile; fileRef = C28ABE972AF31D9E007181F4 /* TextButtons.swift */; };
		C28ABE9A2AF33118007181F4 /* Colors.swift in Sources */ = {isa = PBXBuildFile; fileRef = C28ABE992AF33118007181F4 /* Colors.swift */; };
		C28ABE9D2AF3370B007181F4 /* Fonts.swift in Sources */ = {isa = PBXBuildFile; fileRef = C28ABE9C2AF3370B007181F4 /* Fonts.swift */; };
		C28ABEB42AF33D74007181F4 /* Mulish-LightItalic.ttf in Resources */ = {isa = PBXBuildFile; fileRef = C28ABEA02AF33D74007181F4 /* Mulish-LightItalic.ttf */; };
		C28ABEB52AF33D74007181F4 /* Mulish-ExtraBoldItalic.ttf in Resources */ = {isa = PBXBuildFile; fileRef = C28ABEA12AF33D74007181F4 /* Mulish-ExtraBoldItalic.ttf */; };
		C28ABEB62AF33D74007181F4 /* Mulish-Italic.ttf in Resources */ = {isa = PBXBuildFile; fileRef = C28ABEA22AF33D74007181F4 /* Mulish-Italic.ttf */; };
		C28ABEB72AF33D74007181F4 /* Mulish-Regular.ttf in Resources */ = {isa = PBXBuildFile; fileRef = C28ABEA32AF33D74007181F4 /* Mulish-Regular.ttf */; };
		C28ABEB82AF33D74007181F4 /* Mulish-Black.ttf in Resources */ = {isa = PBXBuildFile; fileRef = C28ABEA42AF33D74007181F4 /* Mulish-Black.ttf */; };
		C28ABEB92AF33D74007181F4 /* Mulish-BlackItalic.ttf in Resources */ = {isa = PBXBuildFile; fileRef = C28ABEA52AF33D74007181F4 /* Mulish-BlackItalic.ttf */; };
		C28ABEBA2AF33D74007181F4 /* Mulish-SemiBoldItalic.ttf in Resources */ = {isa = PBXBuildFile; fileRef = C28ABEA62AF33D74007181F4 /* Mulish-SemiBoldItalic.ttf */; };
		C28ABEBB2AF33D74007181F4 /* Mulish-ExtraLightItalic.ttf in Resources */ = {isa = PBXBuildFile; fileRef = C28ABEA72AF33D74007181F4 /* Mulish-ExtraLightItalic.ttf */; };
		C28ABEBC2AF33D74007181F4 /* Mulish-Bold.ttf in Resources */ = {isa = PBXBuildFile; fileRef = C28ABEA82AF33D74007181F4 /* Mulish-Bold.ttf */; };
		C28ABEBD2AF33D74007181F4 /* Mulish-Light.ttf in Resources */ = {isa = PBXBuildFile; fileRef = C28ABEA92AF33D74007181F4 /* Mulish-Light.ttf */; };
		C28ABEBE2AF33D74007181F4 /* Mulish-ExtraBold.ttf in Resources */ = {isa = PBXBuildFile; fileRef = C28ABEAA2AF33D74007181F4 /* Mulish-ExtraBold.ttf */; };
		C28ABEBF2AF33D74007181F4 /* Mulish-ExtraLight.ttf in Resources */ = {isa = PBXBuildFile; fileRef = C28ABEAB2AF33D74007181F4 /* Mulish-ExtraLight.ttf */; };
		C28ABEC02AF33D75007181F4 /* Mulish-Medium.ttf in Resources */ = {isa = PBXBuildFile; fileRef = C28ABEAC2AF33D74007181F4 /* Mulish-Medium.ttf */; };
		C28ABEC12AF33D75007181F4 /* Mulish-MediumItalic.ttf in Resources */ = {isa = PBXBuildFile; fileRef = C28ABEAD2AF33D74007181F4 /* Mulish-MediumItalic.ttf */; };
		C28ABEC22AF33D75007181F4 /* Mulish-SemiBold.ttf in Resources */ = {isa = PBXBuildFile; fileRef = C28ABEAE2AF33D74007181F4 /* Mulish-SemiBold.ttf */; };
		C28ABEC32AF33D75007181F4 /* Mulish-BoldItalic.ttf in Resources */ = {isa = PBXBuildFile; fileRef = C28ABEAF2AF33D74007181F4 /* Mulish-BoldItalic.ttf */; };
		C28ABEC42AF33D75007181F4 /* OFL.txt in Resources */ = {isa = PBXBuildFile; fileRef = C28ABEB02AF33D74007181F4 /* OFL.txt */; };
		C28ABEC52AF33D75007181F4 /* README.txt in Resources */ = {isa = PBXBuildFile; fileRef = C28ABEB12AF33D74007181F4 /* README.txt */; };
		C291450A2AE60DBA000BEB88 /* TopicsView.swift in Sources */ = {isa = PBXBuildFile; fileRef = C29145092AE60DBA000BEB88 /* TopicsView.swift */; };
		C291450E2AE60DF1000BEB88 /* SharedView.swift in Sources */ = {isa = PBXBuildFile; fileRef = C291450D2AE60DF1000BEB88 /* SharedView.swift */; };
		C2A3FF112B01CC57001EDE9F /* Shared.swift in Sources */ = {isa = PBXBuildFile; fileRef = C2A3FF102B01CC57001EDE9F /* Shared.swift */; };
		C2A3FF142B01CE5C001EDE9F /* SharedPlaylist.swift in Sources */ = {isa = PBXBuildFile; fileRef = C2A3FF132B01CE5C001EDE9F /* SharedPlaylist.swift */; };
		C2A3FF162B01CF5F001EDE9F /* Friend.swift in Sources */ = {isa = PBXBuildFile; fileRef = C2A3FF152B01CF5F001EDE9F /* Friend.swift */; };
		C2A3FF1A2B01D84D001EDE9F /* SharedCard.swift in Sources */ = {isa = PBXBuildFile; fileRef = C2A3FF192B01D84D001EDE9F /* SharedCard.swift */; };
		C2A3FF1C2B024B9E001EDE9F /* ShareCard.swift in Sources */ = {isa = PBXBuildFile; fileRef = C2A3FF1B2B024B9E001EDE9F /* ShareCard.swift */; };
		C2A3FF1E2B0266FB001EDE9F /* ShareConfirmation.swift in Sources */ = {isa = PBXBuildFile; fileRef = C2A3FF1D2B0266FB001EDE9F /* ShareConfirmation.swift */; };
		C2A3FF202B02B16F001EDE9F /* TextFields.swift in Sources */ = {isa = PBXBuildFile; fileRef = C2A3FF1F2B02B16F001EDE9F /* TextFields.swift */; };
		C2A3FF222B02B185001EDE9F /* IconButtons.swift in Sources */ = {isa = PBXBuildFile; fileRef = C2A3FF212B02B185001EDE9F /* IconButtons.swift */; };
		C2A3FF2F2B035C2C001EDE9F /* Loading.swift in Sources */ = {isa = PBXBuildFile; fileRef = C2A3FF2E2B035C2C001EDE9F /* Loading.swift */; };
		C2A44AAA2B76AD62009FEEAB /* AccountMenu.swift in Sources */ = {isa = PBXBuildFile; fileRef = C2A44AA92B76AD62009FEEAB /* AccountMenu.swift */; };
		C2A44AAC2B76CE5E009FEEAB /* SavedPage.swift in Sources */ = {isa = PBXBuildFile; fileRef = C2A44AAB2B76CE5E009FEEAB /* SavedPage.swift */; };
		C2A44AAE2B76CEE3009FEEAB /* FriendsPage.swift in Sources */ = {isa = PBXBuildFile; fileRef = C2A44AAD2B76CEE3009FEEAB /* FriendsPage.swift */; };
		C2A44AB02B76D14D009FEEAB /* SettingsPage.swift in Sources */ = {isa = PBXBuildFile; fileRef = C2A44AAF2B76D14D009FEEAB /* SettingsPage.swift */; };
		C2A44AB22B76D612009FEEAB /* Placeholder.swift in Sources */ = {isa = PBXBuildFile; fileRef = C2A44AB12B76D612009FEEAB /* Placeholder.swift */; };
		C2A44AB42B771866009FEEAB /* FriendsViewModel.swift in Sources */ = {isa = PBXBuildFile; fileRef = C2A44AB32B771866009FEEAB /* FriendsViewModel.swift */; };
		C2A4AD752B84009400AD492F /* SavedViewModel.swift in Sources */ = {isa = PBXBuildFile; fileRef = C2A4AD742B84009400AD492F /* SavedViewModel.swift */; };
		C2A4AD772B84169B00AD492F /* CustomTabView.swift in Sources */ = {isa = PBXBuildFile; fileRef = C2A4AD762B84169B00AD492F /* CustomTabView.swift */; };
		C2A4AD7D2B88ED2300AD492F /* OnboardingSpider.swift in Sources */ = {isa = PBXBuildFile; fileRef = C2A4AD7C2B88ED2300AD492F /* OnboardingSpider.swift */; };
		C2A4AD7F2B88FF1B00AD492F /* OnboardViewModel.swift in Sources */ = {isa = PBXBuildFile; fileRef = C2A4AD7E2B88FF1B00AD492F /* OnboardViewModel.swift */; };
		C2A4AD812B8920E900AD492F /* LoginPage.swift in Sources */ = {isa = PBXBuildFile; fileRef = C2A4AD802B8920E900AD492F /* LoginPage.swift */; };
		C2A4AD8E2B8E35EB00AD492F /* OnboardingComplexity.swift in Sources */ = {isa = PBXBuildFile; fileRef = C2A4AD8D2B8E35EB00AD492F /* OnboardingComplexity.swift */; };
		C2A4AD902B8E867100AD492F /* OnboardingTopics.swift in Sources */ = {isa = PBXBuildFile; fileRef = C2A4AD8F2B8E867100AD492F /* OnboardingTopics.swift */; };
		C2A4AD922B8E86C800AD492F /* OnboardingTopicList.swift in Sources */ = {isa = PBXBuildFile; fileRef = C2A4AD912B8E86C800AD492F /* OnboardingTopicList.swift */; };
		C2A4AD962B8EBEC200AD492F /* OnboardingPage.swift in Sources */ = {isa = PBXBuildFile; fileRef = C2A4AD952B8EBEC200AD492F /* OnboardingPage.swift */; };
		C2A4AD982B8ECD3100AD492F /* Hello.swift in Sources */ = {isa = PBXBuildFile; fileRef = C2A4AD972B8ECD3100AD492F /* Hello.swift */; };
		C2A4ADA22B8F8F5F00AD492F /* KeychainItem.swift in Sources */ = {isa = PBXBuildFile; fileRef = C2A4ADA12B8F8F5F00AD492F /* KeychainItem.swift */; };
		C2A4ADA62B8F9FC700AD492F /* MainAuthPage.swift in Sources */ = {isa = PBXBuildFile; fileRef = C2A4ADA52B8F9FC700AD492F /* MainAuthPage.swift */; };
		C2A640F02B7C430700C50F83 /* WatchPage.swift in Sources */ = {isa = PBXBuildFile; fileRef = C2A640EF2B7C430700C50F83 /* WatchPage.swift */; };
		C2A640F22B7C446F00C50F83 /* Like.swift in Sources */ = {isa = PBXBuildFile; fileRef = C2A640F12B7C446F00C50F83 /* Like.swift */; };
		C2A640F42B7C468E00C50F83 /* PostViewVerticalOnly.swift in Sources */ = {isa = PBXBuildFile; fileRef = C2A640F32B7C468E00C50F83 /* PostViewVerticalOnly.swift */; };
		C2A640F82B7C476700C50F83 /* CustomVideoPlayer.swift in Sources */ = {isa = PBXBuildFile; fileRef = C2A640F72B7C476700C50F83 /* CustomVideoPlayer.swift */; };
		C2A640FB2B7C565D00C50F83 /* OffsetKey.swift in Sources */ = {isa = PBXBuildFile; fileRef = C2A640FA2B7C565D00C50F83 /* OffsetKey.swift */; };
		C2A640FF2B7C659100C50F83 /* PlaylistView.swift in Sources */ = {isa = PBXBuildFile; fileRef = C2A640FE2B7C659100C50F83 /* PlaylistView.swift */; };
		C2A641052B7C8FC400C50F83 /* VideoView.swift in Sources */ = {isa = PBXBuildFile; fileRef = C2A641042B7C8FC400C50F83 /* VideoView.swift */; };
		C2A641092B7D670200C50F83 /* ExploreViewModel.swift in Sources */ = {isa = PBXBuildFile; fileRef = C2A641082B7D670200C50F83 /* ExploreViewModel.swift */; };
		C2A6410C2B7D696000C50F83 /* PlaylistPreview.swift in Sources */ = {isa = PBXBuildFile; fileRef = C2A6410B2B7D696000C50F83 /* PlaylistPreview.swift */; };
		C2A6410F2B7D75DC00C50F83 /* TopicViewModel.swift in Sources */ = {isa = PBXBuildFile; fileRef = C2A6410E2B7D75DC00C50F83 /* TopicViewModel.swift */; };
		C2A641182B80138900C50F83 /* VisibleKey.swift in Sources */ = {isa = PBXBuildFile; fileRef = C2A641172B80138900C50F83 /* VisibleKey.swift */; };
		C2A6411C2B8047D300C50F83 /* Toast.swift in Sources */ = {isa = PBXBuildFile; fileRef = C2A6411B2B8047D300C50F83 /* Toast.swift */; };
		C2A6411E2B80488900C50F83 /* ToastView.swift in Sources */ = {isa = PBXBuildFile; fileRef = C2A6411D2B80488900C50F83 /* ToastView.swift */; };
		C2A641202B8048C300C50F83 /* ToastModifier.swift in Sources */ = {isa = PBXBuildFile; fileRef = C2A6411F2B8048C300C50F83 /* ToastModifier.swift */; };
		C2A641222B8048ED00C50F83 /* ToastSample.swift in Sources */ = {isa = PBXBuildFile; fileRef = C2A641212B8048ED00C50F83 /* ToastSample.swift */; };
		C2BA1CC12AEC7C8200DC21B2 /* SwipeDirection.swift in Sources */ = {isa = PBXBuildFile; fileRef = C2BA1CC02AEC7C8200DC21B2 /* SwipeDirection.swift */; };
		C2D287272AE0BA8F00BB263C /* APIRequest.swift in Sources */ = {isa = PBXBuildFile; fileRef = C2D287262AE0BA8F00BB263C /* APIRequest.swift */; };
		C2D287292AE0C4DF00BB263C /* NetworkMonitor.swift in Sources */ = {isa = PBXBuildFile; fileRef = C2D287282AE0C4DF00BB263C /* NetworkMonitor.swift */; };
		C2E3EFCE2B93CEE600F2AC65 /* VideoDetailsOverlay.swift in Sources */ = {isa = PBXBuildFile; fileRef = C2E3EFCD2B93CEE600F2AC65 /* VideoDetailsOverlay.swift */; };
		C2E3EFD22B94FC8800F2AC65 /* TestVideo.swift in Sources */ = {isa = PBXBuildFile; fileRef = C2E3EFD12B94FC8800F2AC65 /* TestVideo.swift */; };
		C2E3EFD42B95278A00F2AC65 /* MainExplorePage.swift in Sources */ = {isa = PBXBuildFile; fileRef = C2E3EFD32B95278A00F2AC65 /* MainExplorePage.swift */; };
		C2E3EFD62B954D0F00F2AC65 /* PlaylistDetailsViewModel.swift in Sources */ = {isa = PBXBuildFile; fileRef = C2E3EFD52B954D0F00F2AC65 /* PlaylistDetailsViewModel.swift */; };
		C2E3EFD82B95527400F2AC65 /* PlaylistInferenceSummary.swift in Sources */ = {isa = PBXBuildFile; fileRef = C2E3EFD72B95527400F2AC65 /* PlaylistInferenceSummary.swift */; };
		C2E3EFDA2B95590500F2AC65 /* ViewModelState.swift in Sources */ = {isa = PBXBuildFile; fileRef = C2E3EFD92B95590500F2AC65 /* ViewModelState.swift */; };
		C2E3EFDC2B95599400F2AC65 /* PlaylistSummaryView.swift in Sources */ = {isa = PBXBuildFile; fileRef = C2E3EFDB2B95599400F2AC65 /* PlaylistSummaryView.swift */; };
		C2E3EFDE2B955AC900F2AC65 /* ErrorView.swift in Sources */ = {isa = PBXBuildFile; fileRef = C2E3EFDD2B955AC900F2AC65 /* ErrorView.swift */; };
		C2E3EFE02B96397000F2AC65 /* ExplorePageResponse.swift in Sources */ = {isa = PBXBuildFile; fileRef = C2E3EFDF2B96397000F2AC65 /* ExplorePageResponse.swift */; };
		C2E3EFE22B96443E00F2AC65 /* MainExploreViewModel.swift in Sources */ = {isa = PBXBuildFile; fileRef = C2E3EFE12B96443E00F2AC65 /* MainExploreViewModel.swift */; };
		C2E3EFED2B96AB1200F2AC65 /* MainExploreSearchWrapper.swift in Sources */ = {isa = PBXBuildFile; fileRef = C2E3EFEC2B96AB1200F2AC65 /* MainExploreSearchWrapper.swift */; };
		C2E3EFEF2B96AD1000F2AC65 /* SearchSuggestionsList.swift in Sources */ = {isa = PBXBuildFile; fileRef = C2E3EFEE2B96AD1000F2AC65 /* SearchSuggestionsList.swift */; };
		C2E3EFF12B96B10800F2AC65 /* TestView.swift in Sources */ = {isa = PBXBuildFile; fileRef = C2E3EFF02B96B10800F2AC65 /* TestView.swift */; };
		C2E3EFF32B96BBCB00F2AC65 /* ExploreSearchResponse.swift in Sources */ = {isa = PBXBuildFile; fileRef = C2E3EFF22B96BBCB00F2AC65 /* ExploreSearchResponse.swift */; };
		C2E3EFF52B96BD7600F2AC65 /* ExploreSearchViewModel.swift in Sources */ = {isa = PBXBuildFile; fileRef = C2E3EFF42B96BD7600F2AC65 /* ExploreSearchViewModel.swift */; };
		C2E3EFF72B96C19900F2AC65 /* SearchDestinationPage.swift in Sources */ = {isa = PBXBuildFile; fileRef = C2E3EFF62B96C19900F2AC65 /* SearchDestinationPage.swift */; };
		C2EE4E592B23B4C500FEA5B5 /* Shadows.swift in Sources */ = {isa = PBXBuildFile; fileRef = C2EE4E582B23B4C500FEA5B5 /* Shadows.swift */; };
		C2EE4E5D2B2A148D00FEA5B5 /* ContinueCard.swift in Sources */ = {isa = PBXBuildFile; fileRef = C2EE4E5C2B2A148D00FEA5B5 /* ContinueCard.swift */; };
		C2EE4E5F2B2A362500FEA5B5 /* SearchBar.swift in Sources */ = {isa = PBXBuildFile; fileRef = C2EE4E5E2B2A362500FEA5B5 /* SearchBar.swift */; };
		C2EE4E652B2BA79300FEA5B5 /* sampleplaylist.json in Resources */ = {isa = PBXBuildFile; fileRef = C2EE4E642B2BA79300FEA5B5 /* sampleplaylist.json */; };
		C2EF0AFE2B52D6D10000DCE8 /* Login.swift in Sources */ = {isa = PBXBuildFile; fileRef = C2EF0AFD2B52D6D10000DCE8 /* Login.swift */; };
		C2EF0B002B52E9020000DCE8 /* AuthView.swift in Sources */ = {isa = PBXBuildFile; fileRef = C2EF0AFF2B52E9020000DCE8 /* AuthView.swift */; };
		C2EF0B022B5300AA0000DCE8 /* Signup.swift in Sources */ = {isa = PBXBuildFile; fileRef = C2EF0B012B5300AA0000DCE8 /* Signup.swift */; };
		C2EF0B042B5315440000DCE8 /* NavigationButtons.swift in Sources */ = {isa = PBXBuildFile; fileRef = C2EF0B032B5315440000DCE8 /* NavigationButtons.swift */; };
		C2FEE2762AF70BD700DBF997 /* simpletest.json in Resources */ = {isa = PBXBuildFile; fileRef = C2FEE2752AF70BD700DBF997 /* simpletest.json */; };
/* End PBXBuildFile section */

/* Begin PBXFileReference section */
		0F2EA9055C2D649F90179C57 /* Pods-Discite.release.xcconfig */ = {isa = PBXFileReference; includeInIndex = 1; lastKnownFileType = text.xcconfig; name = "Pods-Discite.release.xcconfig"; path = "Target Support Files/Pods-Discite/Pods-Discite.release.xcconfig"; sourceTree = "<group>"; };
		2C0CAB6F2B85845200B8BA25 /* FriendProfile.swift */ = {isa = PBXFileReference; lastKnownFileType = sourcecode.swift; path = FriendProfile.swift; sourceTree = "<group>"; };
		2C0CAB7B2B88072F00B8BA25 /* FriendViewModel.swift */ = {isa = PBXFileReference; lastKnownFileType = sourcecode.swift; path = FriendViewModel.swift; sourceTree = "<group>"; };
		2C0CAB892B891B3F00B8BA25 /* Searchable.swift */ = {isa = PBXFileReference; lastKnownFileType = sourcecode.swift; path = Searchable.swift; sourceTree = "<group>"; };
		2C8509EA2B68107800707646 /* AllTopics.swift */ = {isa = PBXFileReference; lastKnownFileType = sourcecode.swift; path = AllTopics.swift; sourceTree = "<group>"; };
		2CA0B16C2B7A89A700558227 /* SearchViewModel.swift */ = {isa = PBXFileReference; lastKnownFileType = sourcecode.swift; path = SearchViewModel.swift; sourceTree = "<group>"; };
		2CA0B16E2B7A8B4400558227 /* CancelButton.swift */ = {isa = PBXFileReference; lastKnownFileType = sourcecode.swift; path = CancelButton.swift; sourceTree = "<group>"; };
		2CA0B1702B7BFD5D00558227 /* SearchDestinationView.swift */ = {isa = PBXFileReference; lastKnownFileType = sourcecode.swift; path = SearchDestinationView.swift; sourceTree = "<group>"; };
		2CBE27152B6436D600DF585B /* TopicPageView.swift */ = {isa = PBXFileReference; lastKnownFileType = sourcecode.swift; path = TopicPageView.swift; sourceTree = "<group>"; };
		2CF2EBDF2B7FE4DC0063D80B /* FilterFriends.swift */ = {isa = PBXFileReference; lastKnownFileType = sourcecode.swift; path = FilterFriends.swift; sourceTree = "<group>"; };
		665D4CCF2AFED43D00F1C05C /* Constants.swift */ = {isa = PBXFileReference; lastKnownFileType = sourcecode.swift; path = Constants.swift; sourceTree = "<group>"; };
		66CE484E2B00AAC10038FF75 /* AccountViewModel.swift */ = {isa = PBXFileReference; lastKnownFileType = sourcecode.swift; path = AccountViewModel.swift; sourceTree = "<group>"; };
		66EE0EB42AF4D4A500F65F38 /* SignupViewModel.swift */ = {isa = PBXFileReference; fileEncoding = 4; lastKnownFileType = sourcecode.swift; path = SignupViewModel.swift; sourceTree = "<group>"; };
		C1F61C4EDA5D5D25811A5526 /* Pods-Discite.debug.xcconfig */ = {isa = PBXFileReference; includeInIndex = 1; lastKnownFileType = text.xcconfig; name = "Pods-Discite.debug.xcconfig"; path = "Target Support Files/Pods-Discite/Pods-Discite.debug.xcconfig"; sourceTree = "<group>"; };
		C2082F902B6C06B200EEED6B /* SampleSpiderGraph.swift */ = {isa = PBXFileReference; lastKnownFileType = sourcecode.swift; path = SampleSpiderGraph.swift; sourceTree = "<group>"; };
		C2082F922B6C098A00EEED6B /* SpiderGraph.swift */ = {isa = PBXFileReference; lastKnownFileType = sourcecode.swift; path = SpiderGraph.swift; sourceTree = "<group>"; };
		C20DB8DF2AF1A8A5006FC33A /* User.swift */ = {isa = PBXFileReference; lastKnownFileType = sourcecode.swift; path = User.swift; sourceTree = "<group>"; };
		C20EFE562AFBABDD0074EC9A /* DisciteApp.swift */ = {isa = PBXFileReference; lastKnownFileType = sourcecode.swift; path = DisciteApp.swift; sourceTree = "<group>"; };
		C20EFE592AFBAF870074EC9A /* SampleData.swift */ = {isa = PBXFileReference; lastKnownFileType = sourcecode.swift; path = SampleData.swift; sourceTree = "<group>"; };
		C20EFE5B2AFBAFB90074EC9A /* SimpleTest.swift */ = {isa = PBXFileReference; lastKnownFileType = sourcecode.swift; path = SimpleTest.swift; sourceTree = "<group>"; };
		C20EFE632AFBC9C60074EC9A /* ExploreService.swift */ = {isa = PBXFileReference; lastKnownFileType = sourcecode.swift; path = ExploreService.swift; sourceTree = "<group>"; };
		C20EFE652AFBCC3E0074EC9A /* TopicCard.swift */ = {isa = PBXFileReference; lastKnownFileType = sourcecode.swift; path = TopicCard.swift; sourceTree = "<group>"; };
		C20EFE672AFBCF4C0074EC9A /* ExploreView.swift */ = {isa = PBXFileReference; lastKnownFileType = sourcecode.swift; path = ExploreView.swift; sourceTree = "<group>"; };
		C20EFE6D2AFD93C20074EC9A /* PlaylistCard.swift */ = {isa = PBXFileReference; lastKnownFileType = sourcecode.swift; path = PlaylistCard.swift; sourceTree = "<group>"; };
		C20EFE6F2AFDA6D70074EC9A /* CardButtonFrame.swift */ = {isa = PBXFileReference; lastKnownFileType = sourcecode.swift; path = CardButtonFrame.swift; sourceTree = "<group>"; };
		C20EFE772AFDCC9E0074EC9A /* Topic.swift */ = {isa = PBXFileReference; lastKnownFileType = sourcecode.swift; path = Topic.swift; sourceTree = "<group>"; };
		C20EFE7B2AFEC4F00074EC9A /* sampleplaylists.json */ = {isa = PBXFileReference; lastKnownFileType = text.json; path = sampleplaylists.json; sourceTree = "<group>"; };
		C20EFE812AFFA9A30074EC9A /* Navigator.swift */ = {isa = PBXFileReference; lastKnownFileType = sourcecode.swift; path = Navigator.swift; sourceTree = "<group>"; };
		C20EFE842B012C400074EC9A /* Share.swift */ = {isa = PBXFileReference; lastKnownFileType = sourcecode.swift; path = Share.swift; sourceTree = "<group>"; };
		C2128A722ADB270B00E90C66 /* Discite.app */ = {isa = PBXFileReference; explicitFileType = wrapper.application; includeInIndex = 0; path = Discite.app; sourceTree = BUILT_PRODUCTS_DIR; };
		C2128A772ADB270B00E90C66 /* ContentView.swift */ = {isa = PBXFileReference; lastKnownFileType = sourcecode.swift; path = ContentView.swift; sourceTree = "<group>"; };
		C2128A792ADB271300E90C66 /* Assets.xcassets */ = {isa = PBXFileReference; lastKnownFileType = folder.assetcatalog; path = Assets.xcassets; sourceTree = "<group>"; };
		C2128A7C2ADB271300E90C66 /* Preview Assets.xcassets */ = {isa = PBXFileReference; lastKnownFileType = folder.assetcatalog; path = "Preview Assets.xcassets"; sourceTree = "<group>"; };
		C2128A842ADB2B1100E90C66 /* .swiftlint.yml */ = {isa = PBXFileReference; lastKnownFileType = text.yaml; path = .swiftlint.yml; sourceTree = "<group>"; };
		C2128A892ADB2B8100E90C66 /* en */ = {isa = PBXFileReference; lastKnownFileType = text.plist.strings; name = en; path = en.lproj/Localizable.strings; sourceTree = "<group>"; };
		C2128A932ADB454500E90C66 /* AuthenticationService.swift */ = {isa = PBXFileReference; lastKnownFileType = sourcecode.swift; path = AuthenticationService.swift; sourceTree = "<group>"; };
		C2128A952ADB45AE00E90C66 /* LoginViewModel.swift */ = {isa = PBXFileReference; fileEncoding = 4; lastKnownFileType = sourcecode.swift; path = LoginViewModel.swift; sourceTree = "<group>"; };
		C2237F422AE5E4A600C9396E /* AccountView.swift */ = {isa = PBXFileReference; lastKnownFileType = sourcecode.swift; path = AccountView.swift; sourceTree = "<group>"; };
		C235C6722ADF463600870600 /* KeychainTools.swift */ = {isa = PBXFileReference; lastKnownFileType = sourcecode.swift; path = KeychainTools.swift; sourceTree = "<group>"; };
		C235C6742ADF842500870600 /* Auth.swift */ = {isa = PBXFileReference; lastKnownFileType = sourcecode.swift; path = Auth.swift; sourceTree = "<group>"; };
		C23A44182AE9E813004C6927 /* VideoService.swift */ = {isa = PBXFileReference; lastKnownFileType = sourcecode.swift; path = VideoService.swift; sourceTree = "<group>"; };
		C24C585A2B8FA302002146D3 /* SignUpPage.swift */ = {isa = PBXFileReference; lastKnownFileType = sourcecode.swift; path = SignUpPage.swift; sourceTree = "<group>"; };
		C24C585D2B8FADCE002146D3 /* GoogleLoginExtension.swift */ = {isa = PBXFileReference; lastKnownFileType = sourcecode.swift; path = GoogleLoginExtension.swift; sourceTree = "<group>"; };
		C24C585F2B8FAE76002146D3 /* GoogleSignOutExtension.swift */ = {isa = PBXFileReference; lastKnownFileType = sourcecode.swift; path = GoogleSignOutExtension.swift; sourceTree = "<group>"; };
		C251C9852AF4960F00922B00 /* Playlist.swift */ = {isa = PBXFileReference; lastKnownFileType = sourcecode.swift; path = Playlist.swift; sourceTree = "<group>"; };
		C251C9892AF4AD1100922B00 /* Video.swift */ = {isa = PBXFileReference; lastKnownFileType = sourcecode.swift; path = Video.swift; sourceTree = "<group>"; };
		C25B35852B8FE71B00EB130F /* UserData.swift */ = {isa = PBXFileReference; lastKnownFileType = sourcecode.swift; path = UserData.swift; sourceTree = "<group>"; };
		C269CCFF2B5DC6E600A5126C /* TopicTag.swift */ = {isa = PBXFileReference; lastKnownFileType = sourcecode.swift; path = TopicTag.swift; sourceTree = "<group>"; };
		C269CD052B5DF50C00A5126C /* PagingViewModel.swift */ = {isa = PBXFileReference; lastKnownFileType = sourcecode.swift; path = PagingViewModel.swift; sourceTree = "<group>"; };
		C269CD0F2B6083C100A5126C /* SequenceViewModel.swift */ = {isa = PBXFileReference; lastKnownFileType = sourcecode.swift; path = SequenceViewModel.swift; sourceTree = "<group>"; };
		C28ABE952AF31945007181F4 /* CustomJSONDecoder.swift */ = {isa = PBXFileReference; lastKnownFileType = sourcecode.swift; path = CustomJSONDecoder.swift; sourceTree = "<group>"; };
		C28ABE972AF31D9E007181F4 /* TextButtons.swift */ = {isa = PBXFileReference; lastKnownFileType = sourcecode.swift; path = TextButtons.swift; sourceTree = "<group>"; };
		C28ABE992AF33118007181F4 /* Colors.swift */ = {isa = PBXFileReference; lastKnownFileType = sourcecode.swift; path = Colors.swift; sourceTree = "<group>"; };
		C28ABE9C2AF3370B007181F4 /* Fonts.swift */ = {isa = PBXFileReference; lastKnownFileType = sourcecode.swift; path = Fonts.swift; sourceTree = "<group>"; };
		C28ABEA02AF33D74007181F4 /* Mulish-LightItalic.ttf */ = {isa = PBXFileReference; lastKnownFileType = file; path = "Mulish-LightItalic.ttf"; sourceTree = "<group>"; };
		C28ABEA12AF33D74007181F4 /* Mulish-ExtraBoldItalic.ttf */ = {isa = PBXFileReference; lastKnownFileType = file; path = "Mulish-ExtraBoldItalic.ttf"; sourceTree = "<group>"; };
		C28ABEA22AF33D74007181F4 /* Mulish-Italic.ttf */ = {isa = PBXFileReference; lastKnownFileType = file; path = "Mulish-Italic.ttf"; sourceTree = "<group>"; };
		C28ABEA32AF33D74007181F4 /* Mulish-Regular.ttf */ = {isa = PBXFileReference; lastKnownFileType = file; path = "Mulish-Regular.ttf"; sourceTree = "<group>"; };
		C28ABEA42AF33D74007181F4 /* Mulish-Black.ttf */ = {isa = PBXFileReference; lastKnownFileType = file; path = "Mulish-Black.ttf"; sourceTree = "<group>"; };
		C28ABEA52AF33D74007181F4 /* Mulish-BlackItalic.ttf */ = {isa = PBXFileReference; lastKnownFileType = file; path = "Mulish-BlackItalic.ttf"; sourceTree = "<group>"; };
		C28ABEA62AF33D74007181F4 /* Mulish-SemiBoldItalic.ttf */ = {isa = PBXFileReference; lastKnownFileType = file; path = "Mulish-SemiBoldItalic.ttf"; sourceTree = "<group>"; };
		C28ABEA72AF33D74007181F4 /* Mulish-ExtraLightItalic.ttf */ = {isa = PBXFileReference; lastKnownFileType = file; path = "Mulish-ExtraLightItalic.ttf"; sourceTree = "<group>"; };
		C28ABEA82AF33D74007181F4 /* Mulish-Bold.ttf */ = {isa = PBXFileReference; lastKnownFileType = file; path = "Mulish-Bold.ttf"; sourceTree = "<group>"; };
		C28ABEA92AF33D74007181F4 /* Mulish-Light.ttf */ = {isa = PBXFileReference; lastKnownFileType = file; path = "Mulish-Light.ttf"; sourceTree = "<group>"; };
		C28ABEAA2AF33D74007181F4 /* Mulish-ExtraBold.ttf */ = {isa = PBXFileReference; lastKnownFileType = file; path = "Mulish-ExtraBold.ttf"; sourceTree = "<group>"; };
		C28ABEAB2AF33D74007181F4 /* Mulish-ExtraLight.ttf */ = {isa = PBXFileReference; lastKnownFileType = file; path = "Mulish-ExtraLight.ttf"; sourceTree = "<group>"; };
		C28ABEAC2AF33D74007181F4 /* Mulish-Medium.ttf */ = {isa = PBXFileReference; lastKnownFileType = file; path = "Mulish-Medium.ttf"; sourceTree = "<group>"; };
		C28ABEAD2AF33D74007181F4 /* Mulish-MediumItalic.ttf */ = {isa = PBXFileReference; lastKnownFileType = file; path = "Mulish-MediumItalic.ttf"; sourceTree = "<group>"; };
		C28ABEAE2AF33D74007181F4 /* Mulish-SemiBold.ttf */ = {isa = PBXFileReference; lastKnownFileType = file; path = "Mulish-SemiBold.ttf"; sourceTree = "<group>"; };
		C28ABEAF2AF33D74007181F4 /* Mulish-BoldItalic.ttf */ = {isa = PBXFileReference; lastKnownFileType = file; path = "Mulish-BoldItalic.ttf"; sourceTree = "<group>"; };
		C28ABEB02AF33D74007181F4 /* OFL.txt */ = {isa = PBXFileReference; fileEncoding = 4; lastKnownFileType = text; path = OFL.txt; sourceTree = "<group>"; };
		C28ABEB12AF33D74007181F4 /* README.txt */ = {isa = PBXFileReference; fileEncoding = 4; lastKnownFileType = text; path = README.txt; sourceTree = "<group>"; };
		C28ABEC82AF3409C007181F4 /* Info.plist */ = {isa = PBXFileReference; lastKnownFileType = text.plist; path = Info.plist; sourceTree = "<group>"; };
		C28ABEC92AF34464007181F4 /* Mulish-VariableFont_wght.ttf */ = {isa = PBXFileReference; lastKnownFileType = file; name = "Mulish-VariableFont_wght.ttf"; path = "Discite/Common/Styles/Mulish/Mulish-VariableFont_wght.ttf"; sourceTree = SOURCE_ROOT; };
		C28ABECA2AF3447F007181F4 /* Mulish-Italic-VariableFont_wght.ttf */ = {isa = PBXFileReference; lastKnownFileType = file; path = "Mulish-Italic-VariableFont_wght.ttf"; sourceTree = "<group>"; };
		C29145092AE60DBA000BEB88 /* TopicsView.swift */ = {isa = PBXFileReference; lastKnownFileType = sourcecode.swift; path = TopicsView.swift; sourceTree = "<group>"; };
		C291450D2AE60DF1000BEB88 /* SharedView.swift */ = {isa = PBXFileReference; lastKnownFileType = sourcecode.swift; path = SharedView.swift; sourceTree = "<group>"; };
		C2A3FF102B01CC57001EDE9F /* Shared.swift */ = {isa = PBXFileReference; lastKnownFileType = sourcecode.swift; path = Shared.swift; sourceTree = "<group>"; };
		C2A3FF132B01CE5C001EDE9F /* SharedPlaylist.swift */ = {isa = PBXFileReference; lastKnownFileType = sourcecode.swift; path = SharedPlaylist.swift; sourceTree = "<group>"; };
		C2A3FF152B01CF5F001EDE9F /* Friend.swift */ = {isa = PBXFileReference; lastKnownFileType = sourcecode.swift; path = Friend.swift; sourceTree = "<group>"; };
		C2A3FF192B01D84D001EDE9F /* SharedCard.swift */ = {isa = PBXFileReference; lastKnownFileType = sourcecode.swift; path = SharedCard.swift; sourceTree = "<group>"; };
		C2A3FF1B2B024B9E001EDE9F /* ShareCard.swift */ = {isa = PBXFileReference; lastKnownFileType = sourcecode.swift; path = ShareCard.swift; sourceTree = "<group>"; };
		C2A3FF1D2B0266FB001EDE9F /* ShareConfirmation.swift */ = {isa = PBXFileReference; lastKnownFileType = sourcecode.swift; path = ShareConfirmation.swift; sourceTree = "<group>"; };
		C2A3FF1F2B02B16F001EDE9F /* TextFields.swift */ = {isa = PBXFileReference; lastKnownFileType = sourcecode.swift; path = TextFields.swift; sourceTree = "<group>"; };
		C2A3FF212B02B185001EDE9F /* IconButtons.swift */ = {isa = PBXFileReference; lastKnownFileType = sourcecode.swift; path = IconButtons.swift; sourceTree = "<group>"; };
		C2A3FF2E2B035C2C001EDE9F /* Loading.swift */ = {isa = PBXFileReference; lastKnownFileType = sourcecode.swift; path = Loading.swift; sourceTree = "<group>"; };
		C2A44AA92B76AD62009FEEAB /* AccountMenu.swift */ = {isa = PBXFileReference; lastKnownFileType = sourcecode.swift; path = AccountMenu.swift; sourceTree = "<group>"; };
		C2A44AAB2B76CE5E009FEEAB /* SavedPage.swift */ = {isa = PBXFileReference; lastKnownFileType = sourcecode.swift; path = SavedPage.swift; sourceTree = "<group>"; };
		C2A44AAD2B76CEE3009FEEAB /* FriendsPage.swift */ = {isa = PBXFileReference; lastKnownFileType = sourcecode.swift; path = FriendsPage.swift; sourceTree = "<group>"; };
		C2A44AAF2B76D14D009FEEAB /* SettingsPage.swift */ = {isa = PBXFileReference; lastKnownFileType = sourcecode.swift; path = SettingsPage.swift; sourceTree = "<group>"; };
		C2A44AB12B76D612009FEEAB /* Placeholder.swift */ = {isa = PBXFileReference; lastKnownFileType = sourcecode.swift; path = Placeholder.swift; sourceTree = "<group>"; };
		C2A44AB32B771866009FEEAB /* FriendsViewModel.swift */ = {isa = PBXFileReference; lastKnownFileType = sourcecode.swift; path = FriendsViewModel.swift; sourceTree = "<group>"; };
		C2A4AD742B84009400AD492F /* SavedViewModel.swift */ = {isa = PBXFileReference; lastKnownFileType = sourcecode.swift; path = SavedViewModel.swift; sourceTree = "<group>"; };
		C2A4AD762B84169B00AD492F /* CustomTabView.swift */ = {isa = PBXFileReference; lastKnownFileType = sourcecode.swift; path = CustomTabView.swift; sourceTree = "<group>"; };
		C2A4AD7C2B88ED2300AD492F /* OnboardingSpider.swift */ = {isa = PBXFileReference; lastKnownFileType = sourcecode.swift; path = OnboardingSpider.swift; sourceTree = "<group>"; };
		C2A4AD7E2B88FF1B00AD492F /* OnboardViewModel.swift */ = {isa = PBXFileReference; lastKnownFileType = sourcecode.swift; path = OnboardViewModel.swift; sourceTree = "<group>"; };
		C2A4AD802B8920E900AD492F /* LoginPage.swift */ = {isa = PBXFileReference; lastKnownFileType = sourcecode.swift; path = LoginPage.swift; sourceTree = "<group>"; };
		C2A4AD8D2B8E35EB00AD492F /* OnboardingComplexity.swift */ = {isa = PBXFileReference; lastKnownFileType = sourcecode.swift; path = OnboardingComplexity.swift; sourceTree = "<group>"; };
		C2A4AD8F2B8E867100AD492F /* OnboardingTopics.swift */ = {isa = PBXFileReference; lastKnownFileType = sourcecode.swift; path = OnboardingTopics.swift; sourceTree = "<group>"; };
		C2A4AD912B8E86C800AD492F /* OnboardingTopicList.swift */ = {isa = PBXFileReference; lastKnownFileType = sourcecode.swift; path = OnboardingTopicList.swift; sourceTree = "<group>"; };
		C2A4AD952B8EBEC200AD492F /* OnboardingPage.swift */ = {isa = PBXFileReference; lastKnownFileType = sourcecode.swift; path = OnboardingPage.swift; sourceTree = "<group>"; };
		C2A4AD972B8ECD3100AD492F /* Hello.swift */ = {isa = PBXFileReference; lastKnownFileType = sourcecode.swift; path = Hello.swift; sourceTree = "<group>"; };
		C2A4ADA12B8F8F5F00AD492F /* KeychainItem.swift */ = {isa = PBXFileReference; lastKnownFileType = sourcecode.swift; path = KeychainItem.swift; sourceTree = "<group>"; };
		C2A4ADA52B8F9FC700AD492F /* MainAuthPage.swift */ = {isa = PBXFileReference; lastKnownFileType = sourcecode.swift; path = MainAuthPage.swift; sourceTree = "<group>"; };
		C2A640EF2B7C430700C50F83 /* WatchPage.swift */ = {isa = PBXFileReference; lastKnownFileType = sourcecode.swift; path = WatchPage.swift; sourceTree = "<group>"; };
		C2A640F12B7C446F00C50F83 /* Like.swift */ = {isa = PBXFileReference; lastKnownFileType = sourcecode.swift; path = Like.swift; sourceTree = "<group>"; };
		C2A640F32B7C468E00C50F83 /* PostViewVerticalOnly.swift */ = {isa = PBXFileReference; lastKnownFileType = sourcecode.swift; path = PostViewVerticalOnly.swift; sourceTree = "<group>"; };
		C2A640F72B7C476700C50F83 /* CustomVideoPlayer.swift */ = {isa = PBXFileReference; lastKnownFileType = sourcecode.swift; path = CustomVideoPlayer.swift; sourceTree = "<group>"; };
		C2A640FA2B7C565D00C50F83 /* OffsetKey.swift */ = {isa = PBXFileReference; lastKnownFileType = sourcecode.swift; path = OffsetKey.swift; sourceTree = "<group>"; };
		C2A640FE2B7C659100C50F83 /* PlaylistView.swift */ = {isa = PBXFileReference; lastKnownFileType = sourcecode.swift; path = PlaylistView.swift; sourceTree = "<group>"; };
		C2A641042B7C8FC400C50F83 /* VideoView.swift */ = {isa = PBXFileReference; lastKnownFileType = sourcecode.swift; path = VideoView.swift; sourceTree = "<group>"; };
		C2A641082B7D670200C50F83 /* ExploreViewModel.swift */ = {isa = PBXFileReference; lastKnownFileType = sourcecode.swift; path = ExploreViewModel.swift; sourceTree = "<group>"; };
		C2A6410B2B7D696000C50F83 /* PlaylistPreview.swift */ = {isa = PBXFileReference; lastKnownFileType = sourcecode.swift; path = PlaylistPreview.swift; sourceTree = "<group>"; };
		C2A6410E2B7D75DC00C50F83 /* TopicViewModel.swift */ = {isa = PBXFileReference; lastKnownFileType = sourcecode.swift; path = TopicViewModel.swift; sourceTree = "<group>"; };
		C2A641172B80138900C50F83 /* VisibleKey.swift */ = {isa = PBXFileReference; lastKnownFileType = sourcecode.swift; path = VisibleKey.swift; sourceTree = "<group>"; };
		C2A6411B2B8047D300C50F83 /* Toast.swift */ = {isa = PBXFileReference; lastKnownFileType = sourcecode.swift; path = Toast.swift; sourceTree = "<group>"; };
		C2A6411D2B80488900C50F83 /* ToastView.swift */ = {isa = PBXFileReference; lastKnownFileType = sourcecode.swift; path = ToastView.swift; sourceTree = "<group>"; };
		C2A6411F2B8048C300C50F83 /* ToastModifier.swift */ = {isa = PBXFileReference; lastKnownFileType = sourcecode.swift; path = ToastModifier.swift; sourceTree = "<group>"; };
		C2A641212B8048ED00C50F83 /* ToastSample.swift */ = {isa = PBXFileReference; lastKnownFileType = sourcecode.swift; path = ToastSample.swift; sourceTree = "<group>"; };
		C2BA1CC02AEC7C8200DC21B2 /* SwipeDirection.swift */ = {isa = PBXFileReference; lastKnownFileType = sourcecode.swift; path = SwipeDirection.swift; sourceTree = "<group>"; };
		C2D287262AE0BA8F00BB263C /* APIRequest.swift */ = {isa = PBXFileReference; lastKnownFileType = sourcecode.swift; path = APIRequest.swift; sourceTree = "<group>"; };
		C2D287282AE0C4DF00BB263C /* NetworkMonitor.swift */ = {isa = PBXFileReference; lastKnownFileType = sourcecode.swift; path = NetworkMonitor.swift; sourceTree = "<group>"; };
		C2E3EFCD2B93CEE600F2AC65 /* VideoDetailsOverlay.swift */ = {isa = PBXFileReference; lastKnownFileType = sourcecode.swift; path = VideoDetailsOverlay.swift; sourceTree = "<group>"; };
		C2E3EFD12B94FC8800F2AC65 /* TestVideo.swift */ = {isa = PBXFileReference; lastKnownFileType = sourcecode.swift; path = TestVideo.swift; sourceTree = "<group>"; };
		C2E3EFD32B95278A00F2AC65 /* MainExplorePage.swift */ = {isa = PBXFileReference; lastKnownFileType = sourcecode.swift; path = MainExplorePage.swift; sourceTree = "<group>"; };
		C2E3EFD52B954D0F00F2AC65 /* PlaylistDetailsViewModel.swift */ = {isa = PBXFileReference; lastKnownFileType = sourcecode.swift; path = PlaylistDetailsViewModel.swift; sourceTree = "<group>"; };
		C2E3EFD72B95527400F2AC65 /* PlaylistInferenceSummary.swift */ = {isa = PBXFileReference; lastKnownFileType = sourcecode.swift; path = PlaylistInferenceSummary.swift; sourceTree = "<group>"; };
		C2E3EFD92B95590500F2AC65 /* ViewModelState.swift */ = {isa = PBXFileReference; lastKnownFileType = sourcecode.swift; path = ViewModelState.swift; sourceTree = "<group>"; };
		C2E3EFDB2B95599400F2AC65 /* PlaylistSummaryView.swift */ = {isa = PBXFileReference; lastKnownFileType = sourcecode.swift; path = PlaylistSummaryView.swift; sourceTree = "<group>"; };
		C2E3EFDD2B955AC900F2AC65 /* ErrorView.swift */ = {isa = PBXFileReference; lastKnownFileType = sourcecode.swift; path = ErrorView.swift; sourceTree = "<group>"; };
		C2E3EFDF2B96397000F2AC65 /* ExplorePageResponse.swift */ = {isa = PBXFileReference; lastKnownFileType = sourcecode.swift; path = ExplorePageResponse.swift; sourceTree = "<group>"; };
		C2E3EFE12B96443E00F2AC65 /* MainExploreViewModel.swift */ = {isa = PBXFileReference; lastKnownFileType = sourcecode.swift; path = MainExploreViewModel.swift; sourceTree = "<group>"; };
		C2E3EFEC2B96AB1200F2AC65 /* MainExploreSearchWrapper.swift */ = {isa = PBXFileReference; lastKnownFileType = sourcecode.swift; path = MainExploreSearchWrapper.swift; sourceTree = "<group>"; };
		C2E3EFEE2B96AD1000F2AC65 /* SearchSuggestionsList.swift */ = {isa = PBXFileReference; lastKnownFileType = sourcecode.swift; path = SearchSuggestionsList.swift; sourceTree = "<group>"; };
		C2E3EFF02B96B10800F2AC65 /* TestView.swift */ = {isa = PBXFileReference; lastKnownFileType = sourcecode.swift; path = TestView.swift; sourceTree = "<group>"; };
		C2E3EFF22B96BBCB00F2AC65 /* ExploreSearchResponse.swift */ = {isa = PBXFileReference; lastKnownFileType = sourcecode.swift; path = ExploreSearchResponse.swift; sourceTree = "<group>"; };
		C2E3EFF42B96BD7600F2AC65 /* ExploreSearchViewModel.swift */ = {isa = PBXFileReference; lastKnownFileType = sourcecode.swift; path = ExploreSearchViewModel.swift; sourceTree = "<group>"; };
		C2E3EFF62B96C19900F2AC65 /* SearchDestinationPage.swift */ = {isa = PBXFileReference; lastKnownFileType = sourcecode.swift; path = SearchDestinationPage.swift; sourceTree = "<group>"; };
		C2EE4E582B23B4C500FEA5B5 /* Shadows.swift */ = {isa = PBXFileReference; lastKnownFileType = sourcecode.swift; path = Shadows.swift; sourceTree = "<group>"; };
		C2EE4E5C2B2A148D00FEA5B5 /* ContinueCard.swift */ = {isa = PBXFileReference; lastKnownFileType = sourcecode.swift; path = ContinueCard.swift; sourceTree = "<group>"; };
		C2EE4E5E2B2A362500FEA5B5 /* SearchBar.swift */ = {isa = PBXFileReference; lastKnownFileType = sourcecode.swift; path = SearchBar.swift; sourceTree = "<group>"; };
		C2EE4E642B2BA79300FEA5B5 /* sampleplaylist.json */ = {isa = PBXFileReference; lastKnownFileType = text.json; path = sampleplaylist.json; sourceTree = "<group>"; };
		C2EF0AFD2B52D6D10000DCE8 /* Login.swift */ = {isa = PBXFileReference; lastKnownFileType = sourcecode.swift; path = Login.swift; sourceTree = "<group>"; };
		C2EF0AFF2B52E9020000DCE8 /* AuthView.swift */ = {isa = PBXFileReference; lastKnownFileType = sourcecode.swift; path = AuthView.swift; sourceTree = "<group>"; };
		C2EF0B012B5300AA0000DCE8 /* Signup.swift */ = {isa = PBXFileReference; lastKnownFileType = sourcecode.swift; path = Signup.swift; sourceTree = "<group>"; };
		C2EF0B032B5315440000DCE8 /* NavigationButtons.swift */ = {isa = PBXFileReference; lastKnownFileType = sourcecode.swift; path = NavigationButtons.swift; sourceTree = "<group>"; };
		C2FEE2752AF70BD700DBF997 /* simpletest.json */ = {isa = PBXFileReference; lastKnownFileType = text.json; path = simpletest.json; sourceTree = "<group>"; };
		F468F65203DCE1AB8A18A164 /* Pods_Discite.framework */ = {isa = PBXFileReference; explicitFileType = wrapper.framework; includeInIndex = 0; path = Pods_Discite.framework; sourceTree = BUILT_PRODUCTS_DIR; };
/* End PBXFileReference section */

/* Begin PBXFrameworksBuildPhase section */
		C2128A6F2ADB270B00E90C66 /* Frameworks */ = {
			isa = PBXFrameworksBuildPhase;
			buildActionMask = 2147483647;
			files = (
				42809CA77ACA2029F7351171 /* Pods_Discite.framework in Frameworks */,
			);
			runOnlyForDeploymentPostprocessing = 0;
		};
/* End PBXFrameworksBuildPhase section */

/* Begin PBXGroup section */
		3622EC259FD8B4B212031657 /* Pods */ = {
			isa = PBXGroup;
			children = (
				C1F61C4EDA5D5D25811A5526 /* Pods-Discite.debug.xcconfig */,
				0F2EA9055C2D649F90179C57 /* Pods-Discite.release.xcconfig */,
			);
			path = Pods;
			sourceTree = "<group>";
		};
		4293D4045B8B40739121FB43 /* Frameworks */ = {
			isa = PBXGroup;
			children = (
				F468F65203DCE1AB8A18A164 /* Pods_Discite.framework */,
			);
			name = Frameworks;
			sourceTree = "<group>";
		};
		66365F7F2B0095AC009E0438 /* Onboarding */ = {
			isa = PBXGroup;
			children = (
				C25B35892B9002FE00EB130F /* Views */,
				C2A4AD7E2B88FF1B00AD492F /* OnboardViewModel.swift */,
				C2A4AD912B8E86C800AD492F /* OnboardingTopicList.swift */,
			);
			path = Onboarding;
			sourceTree = "<group>";
		};
		C2082F832B6BD45200EEED6B /* SpiderGraph */ = {
			isa = PBXGroup;
			children = (
				C2082F902B6C06B200EEED6B /* SampleSpiderGraph.swift */,
				C2082F922B6C098A00EEED6B /* SpiderGraph.swift */,
			);
			path = SpiderGraph;
			sourceTree = "<group>";
		};
		C20EFE582AFBAF690074EC9A /* SampleData */ = {
			isa = PBXGroup;
			children = (
				C20EFE592AFBAF870074EC9A /* SampleData.swift */,
				C20EFE5B2AFBAFB90074EC9A /* SimpleTest.swift */,
				C2FEE2752AF70BD700DBF997 /* simpletest.json */,
			);
			path = SampleData;
			sourceTree = "<group>";
		};
		C20EFE832AFFCEDB0074EC9A /* Testing */ = {
			isa = PBXGroup;
			children = (
				C29145092AE60DBA000BEB88 /* TopicsView.swift */,
			);
			path = Testing;
			sourceTree = "<group>";
		};
		C20EFE862B012F6E0074EC9A /* Share */ = {
			isa = PBXGroup;
			children = (
				C20EFE842B012C400074EC9A /* Share.swift */,
				C2A3FF1B2B024B9E001EDE9F /* ShareCard.swift */,
				C2A3FF1D2B0266FB001EDE9F /* ShareConfirmation.swift */,
			);
			path = Share;
			sourceTree = "<group>";
		};
		C2128A692ADB270B00E90C66 = {
			isa = PBXGroup;
			children = (
				C2128A742ADB270B00E90C66 /* Discite */,
				C2128A732ADB270B00E90C66 /* Products */,
				3622EC259FD8B4B212031657 /* Pods */,
				4293D4045B8B40739121FB43 /* Frameworks */,
			);
			sourceTree = "<group>";
		};
		C2128A732ADB270B00E90C66 /* Products */ = {
			isa = PBXGroup;
			children = (
				C2128A722ADB270B00E90C66 /* Discite.app */,
			);
			name = Products;
			sourceTree = "<group>";
		};
		C2128A742ADB270B00E90C66 /* Discite */ = {
			isa = PBXGroup;
			children = (
				C28ABEC82AF3409C007181F4 /* Info.plist */,
				C2128A842ADB2B1100E90C66 /* .swiftlint.yml */,
				C20EFE562AFBABDD0074EC9A /* DisciteApp.swift */,
				C2128A8E2ADB32B100E90C66 /* Classes */,
				C2128A8B2ADB2B9100E90C66 /* Common */,
				C2128A7B2ADB271300E90C66 /* Preview Content */,
			);
			path = Discite;
			sourceTree = "<group>";
		};
		C2128A7B2ADB271300E90C66 /* Preview Content */ = {
			isa = PBXGroup;
			children = (
				C2128A7C2ADB271300E90C66 /* Preview Assets.xcassets */,
			);
			path = "Preview Content";
			sourceTree = "<group>";
		};
		C2128A8B2ADB2B9100E90C66 /* Common */ = {
			isa = PBXGroup;
			children = (
				C2A6411A2B8047BD00C50F83 /* Toast */,
				C2082F832B6BD45200EEED6B /* SpiderGraph */,
				C20EFE582AFBAF690074EC9A /* SampleData */,
				C2D287232AE0B25800BB263C /* Styles */,
				C28ABE952AF31945007181F4 /* CustomJSONDecoder.swift */,
				C2E3EFD92B95590500F2AC65 /* ViewModelState.swift */,
				C2A4AD762B84169B00AD492F /* CustomTabView.swift */,
				C2EF0B032B5315440000DCE8 /* NavigationButtons.swift */,
				C28ABE972AF31D9E007181F4 /* TextButtons.swift */,
				C2A3FF212B02B185001EDE9F /* IconButtons.swift */,
				C2A3FF1F2B02B16F001EDE9F /* TextFields.swift */,
				C2EE4E5E2B2A362500FEA5B5 /* SearchBar.swift */,
				C2A3FF2E2B035C2C001EDE9F /* Loading.swift */,
				C2128A792ADB271300E90C66 /* Assets.xcassets */,
				C2128A8A2ADB2B8100E90C66 /* Localizable.strings */,
				665D4CCF2AFED43D00F1C05C /* Constants.swift */,
				2CF2EBDF2B7FE4DC0063D80B /* FilterFriends.swift */,
			);
			path = Common;
			sourceTree = "<group>";
		};
		C2128A8E2ADB32B100E90C66 /* Classes */ = {
			isa = PBXGroup;
			children = (
				C2237F412AE5E41500C9396E /* Account */,
				C2128A972ADB4F3A00E90C66 /* Authentication */,
				C291450B2AE60DBF000BEB88 /* Explore */,
				66365F7F2B0095AC009E0438 /* Onboarding */,
				C2D287202AE0B03B00BB263C /* Root */,
				C20EFE862B012F6E0074EC9A /* Share */,
				C291450C2AE60DDA000BEB88 /* Shared */,
				C235C6712ADF460C00870600 /* Utility */,
				C235C6762AE06DD700870600 /* Watch */,
			);
			path = Classes;
			sourceTree = "<group>";
		};
		C2128A972ADB4F3A00E90C66 /* Authentication */ = {
			isa = PBXGroup;
			children = (
				C25B35882B9002E800EB130F /* Models */,
				C24C585C2B8FACEE002146D3 /* ViewModels */,
				C24C58592B8FA2E7002146D3 /* Views */,
				C2A3FF2D2B033F2D001EDE9F /* Old */,
			);
			path = Authentication;
			sourceTree = "<group>";
		};
		C2237F412AE5E41500C9396E /* Account */ = {
			isa = PBXGroup;
			children = (
				C2A44AB82B772579009FEEAB /* Friends */,
				C2A44AB72B772551009FEEAB /* Personal */,
				C2A44AB12B76D612009FEEAB /* Placeholder.swift */,
			);
			path = Account;
			sourceTree = "<group>";
		};
		C22A8F5A2AF18A8500D05DB9 /* Models */ = {
			isa = PBXGroup;
			children = (
				C2A640FA2B7C565D00C50F83 /* OffsetKey.swift */,
				C2A640F12B7C446F00C50F83 /* Like.swift */,
				C251C9852AF4960F00922B00 /* Playlist.swift */,
				C251C9892AF4AD1100922B00 /* Video.swift */,
				C2A641172B80138900C50F83 /* VisibleKey.swift */,
				C2E3EFD72B95527400F2AC65 /* PlaylistInferenceSummary.swift */,
			);
			path = Models;
			sourceTree = "<group>";
		};
		C235C6712ADF460C00870600 /* Utility */ = {
			isa = PBXGroup;
			children = (
				C2D287262AE0BA8F00BB263C /* APIRequest.swift */,
				C2D287282AE0C4DF00BB263C /* NetworkMonitor.swift */,
			);
			path = Utility;
			sourceTree = "<group>";
		};
		C235C6762AE06DD700870600 /* Watch */ = {
			isa = PBXGroup;
			children = (
				C2A641122B7E674C00C50F83 /* ViewModels */,
				C2A641112B7E672800C50F83 /* Views */,
				C22A8F5A2AF18A8500D05DB9 /* Models */,
				C2ECB9632AF4575100433A3A /* Testing */,
				C2BA1CC02AEC7C8200DC21B2 /* SwipeDirection.swift */,
			);
			path = Watch;
			sourceTree = "<group>";
		};
		C24C58592B8FA2E7002146D3 /* Views */ = {
			isa = PBXGroup;
			children = (
				C2A4AD802B8920E900AD492F /* LoginPage.swift */,
				C24C585A2B8FA302002146D3 /* SignUpPage.swift */,
				C2A4ADA52B8F9FC700AD492F /* MainAuthPage.swift */,
			);
			path = Views;
			sourceTree = "<group>";
		};
		C24C585C2B8FACEE002146D3 /* ViewModels */ = {
			isa = PBXGroup;
			children = (
				C25B35872B9002B800EB130F /* Google */,
				C2128A952ADB45AE00E90C66 /* LoginViewModel.swift */,
				66EE0EB42AF4D4A500F65F38 /* SignupViewModel.swift */,
				C2128A932ADB454500E90C66 /* AuthenticationService.swift */,
			);
			path = ViewModels;
			sourceTree = "<group>";
		};
		C25B35872B9002B800EB130F /* Google */ = {
			isa = PBXGroup;
			children = (
				C24C585D2B8FADCE002146D3 /* GoogleLoginExtension.swift */,
				C24C585F2B8FAE76002146D3 /* GoogleSignOutExtension.swift */,
			);
			path = Google;
			sourceTree = "<group>";
		};
		C25B35882B9002E800EB130F /* Models */ = {
			isa = PBXGroup;
			children = (
				C20DB8DF2AF1A8A5006FC33A /* User.swift */,
				C25B35852B8FE71B00EB130F /* UserData.swift */,
				C2A4ADA12B8F8F5F00AD492F /* KeychainItem.swift */,
			);
			path = Models;
			sourceTree = "<group>";
		};
		C25B35892B9002FE00EB130F /* Views */ = {
			isa = PBXGroup;
			children = (
				C2A4AD972B8ECD3100AD492F /* Hello.swift */,
				C2A4AD952B8EBEC200AD492F /* OnboardingPage.swift */,
				C2A4AD8D2B8E35EB00AD492F /* OnboardingComplexity.swift */,
				C2A4AD7C2B88ED2300AD492F /* OnboardingSpider.swift */,
				C2A4AD8F2B8E867100AD492F /* OnboardingTopics.swift */,
			);
			path = Views;
			sourceTree = "<group>";
		};
		C28ABE9E2AF33D74007181F4 /* Mulish */ = {
			isa = PBXGroup;
			children = (
				C28ABE9F2AF33D74007181F4 /* static */,
				C28ABEC92AF34464007181F4 /* Mulish-VariableFont_wght.ttf */,
				C28ABECA2AF3447F007181F4 /* Mulish-Italic-VariableFont_wght.ttf */,
				C28ABEB02AF33D74007181F4 /* OFL.txt */,
				C28ABEB12AF33D74007181F4 /* README.txt */,
			);
			path = Mulish;
			sourceTree = "<group>";
		};
		C28ABE9F2AF33D74007181F4 /* static */ = {
			isa = PBXGroup;
			children = (
				C28ABEA02AF33D74007181F4 /* Mulish-LightItalic.ttf */,
				C28ABEA12AF33D74007181F4 /* Mulish-ExtraBoldItalic.ttf */,
				C28ABEA22AF33D74007181F4 /* Mulish-Italic.ttf */,
				C28ABEA32AF33D74007181F4 /* Mulish-Regular.ttf */,
				C28ABEA42AF33D74007181F4 /* Mulish-Black.ttf */,
				C28ABEA52AF33D74007181F4 /* Mulish-BlackItalic.ttf */,
				C28ABEA62AF33D74007181F4 /* Mulish-SemiBoldItalic.ttf */,
				C28ABEA72AF33D74007181F4 /* Mulish-ExtraLightItalic.ttf */,
				C28ABEA82AF33D74007181F4 /* Mulish-Bold.ttf */,
				C28ABEA92AF33D74007181F4 /* Mulish-Light.ttf */,
				C28ABEAA2AF33D74007181F4 /* Mulish-ExtraBold.ttf */,
				C28ABEAB2AF33D74007181F4 /* Mulish-ExtraLight.ttf */,
				C28ABEAC2AF33D74007181F4 /* Mulish-Medium.ttf */,
				C28ABEAD2AF33D74007181F4 /* Mulish-MediumItalic.ttf */,
				C28ABEAE2AF33D74007181F4 /* Mulish-SemiBold.ttf */,
				C28ABEAF2AF33D74007181F4 /* Mulish-BoldItalic.ttf */,
			);
			path = static;
			sourceTree = "<group>";
		};
		C291450B2AE60DBF000BEB88 /* Explore */ = {
			isa = PBXGroup;
			children = (
				C2A641102B7E65FC00C50F83 /* ViewModels */,
				C2A6410D2B7D758F00C50F83 /* Views */,
				C2A6410A2B7D694000C50F83 /* Models */,
				C20EFE832AFFCEDB0074EC9A /* Testing */,
				2C8509EA2B68107800707646 /* AllTopics.swift */,
				C20EFE672AFBCF4C0074EC9A /* ExploreView.swift */,
				2CBE27152B6436D600DF585B /* TopicPageView.swift */,
			);
			path = Explore;
			sourceTree = "<group>";
		};
		C291450C2AE60DDA000BEB88 /* Shared */ = {
			isa = PBXGroup;
			children = (
				C2A3FF102B01CC57001EDE9F /* Shared.swift */,
				C2A3FF192B01D84D001EDE9F /* SharedCard.swift */,
				C2A3FF132B01CE5C001EDE9F /* SharedPlaylist.swift */,
				C2A3FF152B01CF5F001EDE9F /* Friend.swift */,
				C2A3FF122B01CDF3001EDE9F /* Testing */,
			);
			path = Shared;
			sourceTree = "<group>";
		};
		C2A3FF122B01CDF3001EDE9F /* Testing */ = {
			isa = PBXGroup;
			children = (
				C291450D2AE60DF1000BEB88 /* SharedView.swift */,
			);
			path = Testing;
			sourceTree = "<group>";
		};
		C2A3FF2D2B033F2D001EDE9F /* Old */ = {
			isa = PBXGroup;
			children = (
				C2EF0B012B5300AA0000DCE8 /* Signup.swift */,
				C2EF0AFD2B52D6D10000DCE8 /* Login.swift */,
				C2EF0AFF2B52E9020000DCE8 /* AuthView.swift */,
				C235C6722ADF463600870600 /* KeychainTools.swift */,
				C235C6742ADF842500870600 /* Auth.swift */,
			);
			path = Old;
			sourceTree = "<group>";
		};
		C2A44AB72B772551009FEEAB /* Personal */ = {
			isa = PBXGroup;
			children = (
				C2A44AA92B76AD62009FEEAB /* AccountMenu.swift */,
				C2237F422AE5E4A600C9396E /* AccountView.swift */,
				66CE484E2B00AAC10038FF75 /* AccountViewModel.swift */,
				C2A44AAB2B76CE5E009FEEAB /* SavedPage.swift */,
				C2A4AD742B84009400AD492F /* SavedViewModel.swift */,
				C2A44AAF2B76D14D009FEEAB /* SettingsPage.swift */,
			);
			path = Personal;
			sourceTree = "<group>";
		};
		C2A44AB82B772579009FEEAB /* Friends */ = {
			isa = PBXGroup;
			children = (
				C2A44AAD2B76CEE3009FEEAB /* FriendsPage.swift */,
				C2A44AB32B771866009FEEAB /* FriendsViewModel.swift */,
				2C0CAB6F2B85845200B8BA25 /* FriendProfile.swift */,
				2C0CAB7B2B88072F00B8BA25 /* FriendViewModel.swift */,
			);
			path = Friends;
			sourceTree = "<group>";
		};
		C2A6410A2B7D694000C50F83 /* Models */ = {
			isa = PBXGroup;
			children = (
				C269CCFF2B5DC6E600A5126C /* TopicTag.swift */,
				C20EFE772AFDCC9E0074EC9A /* Topic.swift */,
				C2A6410B2B7D696000C50F83 /* PlaylistPreview.swift */,
				2C0CAB892B891B3F00B8BA25 /* Searchable.swift */,
				C2E3EFDF2B96397000F2AC65 /* ExplorePageResponse.swift */,
				C2E3EFF22B96BBCB00F2AC65 /* ExploreSearchResponse.swift */,
			);
			path = Models;
			sourceTree = "<group>";
		};
		C2A6410D2B7D758F00C50F83 /* Views */ = {
			isa = PBXGroup;
			children = (
				C2E3EFEC2B96AB1200F2AC65 /* MainExploreSearchWrapper.swift */,
				C2E3EFEE2B96AD1000F2AC65 /* SearchSuggestionsList.swift */,
				2CA0B1702B7BFD5D00558227 /* SearchDestinationView.swift */,
				C2E3EFD32B95278A00F2AC65 /* MainExplorePage.swift */,
				2CA0B16E2B7A8B4400558227 /* CancelButton.swift */,
				C20EFE652AFBCC3E0074EC9A /* TopicCard.swift */,
				C20EFE6D2AFD93C20074EC9A /* PlaylistCard.swift */,
				C2EE4E5C2B2A148D00FEA5B5 /* ContinueCard.swift */,
				C2E3EFF02B96B10800F2AC65 /* TestView.swift */,
				C2E3EFF62B96C19900F2AC65 /* SearchDestinationPage.swift */,
			);
			path = Views;
			sourceTree = "<group>";
		};
		C2A641102B7E65FC00C50F83 /* ViewModels */ = {
			isa = PBXGroup;
			children = (
				C20EFE632AFBC9C60074EC9A /* ExploreService.swift */,
				C2E3EFE12B96443E00F2AC65 /* MainExploreViewModel.swift */,
				2CA0B16C2B7A89A700558227 /* SearchViewModel.swift */,
				C2A641082B7D670200C50F83 /* ExploreViewModel.swift */,
				C2A6410E2B7D75DC00C50F83 /* TopicViewModel.swift */,
				C2E3EFF42B96BD7600F2AC65 /* ExploreSearchViewModel.swift */,
			);
			path = ViewModels;
			sourceTree = "<group>";
		};
		C2A641112B7E672800C50F83 /* Views */ = {
			isa = PBXGroup;
			children = (
				C2A640EF2B7C430700C50F83 /* WatchPage.swift */,
				C2A640FE2B7C659100C50F83 /* PlaylistView.swift */,
				C2A641042B7C8FC400C50F83 /* VideoView.swift */,
				C2A640F72B7C476700C50F83 /* CustomVideoPlayer.swift */,
				C2E3EFCD2B93CEE600F2AC65 /* VideoDetailsOverlay.swift */,
				C2E3EFD12B94FC8800F2AC65 /* TestVideo.swift */,
				C2E3EFDB2B95599400F2AC65 /* PlaylistSummaryView.swift */,
				C2E3EFDD2B955AC900F2AC65 /* ErrorView.swift */,
			);
			path = Views;
			sourceTree = "<group>";
		};
		C2A641122B7E674C00C50F83 /* ViewModels */ = {
			isa = PBXGroup;
			children = (
				C23A44182AE9E813004C6927 /* VideoService.swift */,
				C269CD0F2B6083C100A5126C /* SequenceViewModel.swift */,
				C2E3EFD52B954D0F00F2AC65 /* PlaylistDetailsViewModel.swift */,
			);
			path = ViewModels;
			sourceTree = "<group>";
		};
		C2A6411A2B8047BD00C50F83 /* Toast */ = {
			isa = PBXGroup;
			children = (
				C2A6411B2B8047D300C50F83 /* Toast.swift */,
				C2A6411D2B80488900C50F83 /* ToastView.swift */,
				C2A6411F2B8048C300C50F83 /* ToastModifier.swift */,
				C2A641212B8048ED00C50F83 /* ToastSample.swift */,
			);
			path = Toast;
			sourceTree = "<group>";
		};
		C2D287202AE0B03B00BB263C /* Root */ = {
			isa = PBXGroup;
			children = (
				C2128A772ADB270B00E90C66 /* ContentView.swift */,
				C20EFE812AFFA9A30074EC9A /* Navigator.swift */,
			);
			path = Root;
			sourceTree = "<group>";
		};
		C2D287232AE0B25800BB263C /* Styles */ = {
			isa = PBXGroup;
			children = (
				C28ABE9E2AF33D74007181F4 /* Mulish */,
				C28ABE992AF33118007181F4 /* Colors.swift */,
				C28ABE9C2AF3370B007181F4 /* Fonts.swift */,
				C2EE4E582B23B4C500FEA5B5 /* Shadows.swift */,
				C20EFE6F2AFDA6D70074EC9A /* CardButtonFrame.swift */,
			);
			path = Styles;
			sourceTree = "<group>";
		};
		C2ECB9632AF4575100433A3A /* Testing */ = {
			isa = PBXGroup;
			children = (
				C20EFE7B2AFEC4F00074EC9A /* sampleplaylists.json */,
				C2EE4E642B2BA79300FEA5B5 /* sampleplaylist.json */,
				C269CD052B5DF50C00A5126C /* PagingViewModel.swift */,
				C2A640F32B7C468E00C50F83 /* PostViewVerticalOnly.swift */,
			);
			path = Testing;
			sourceTree = "<group>";
		};
/* End PBXGroup section */

/* Begin PBXNativeTarget section */
		C2128A712ADB270B00E90C66 /* Discite */ = {
			isa = PBXNativeTarget;
			buildConfigurationList = C2128A802ADB271300E90C66 /* Build configuration list for PBXNativeTarget "Discite" */;
			buildPhases = (
				F864583DEE599EEF629CA64E /* [CP] Check Pods Manifest.lock */,
				C2128A6E2ADB270B00E90C66 /* Sources */,
				C2128A6F2ADB270B00E90C66 /* Frameworks */,
				C2128A702ADB270B00E90C66 /* Resources */,
				C2128A832ADB2ACD00E90C66 /* SwiftLint */,
			);
			buildRules = (
			);
			dependencies = (
			);
			name = Discite;
			productName = Discite;
			productReference = C2128A722ADB270B00E90C66 /* Discite.app */;
			productType = "com.apple.product-type.application";
		};
/* End PBXNativeTarget section */

/* Begin PBXProject section */
		C2128A6A2ADB270B00E90C66 /* Project object */ = {
			isa = PBXProject;
			attributes = {
				BuildIndependentTargetsInParallel = 1;
				LastSwiftUpdateCheck = 1420;
				LastUpgradeCheck = 1420;
				TargetAttributes = {
					C2128A712ADB270B00E90C66 = {
						CreatedOnToolsVersion = 14.2;
					};
				};
			};
			buildConfigurationList = C2128A6D2ADB270B00E90C66 /* Build configuration list for PBXProject "Discite" */;
			compatibilityVersion = "Xcode 14.0";
			developmentRegion = en;
			hasScannedForEncodings = 0;
			knownRegions = (
				en,
				Base,
			);
			mainGroup = C2128A692ADB270B00E90C66;
			productRefGroup = C2128A732ADB270B00E90C66 /* Products */;
			projectDirPath = "";
			projectRoot = "";
			targets = (
				C2128A712ADB270B00E90C66 /* Discite */,
			);
		};
/* End PBXProject section */

/* Begin PBXResourcesBuildPhase section */
		C2128A702ADB270B00E90C66 /* Resources */ = {
			isa = PBXResourcesBuildPhase;
			buildActionMask = 2147483647;
			files = (
				C28ABEB42AF33D74007181F4 /* Mulish-LightItalic.ttf in Resources */,
				C28ABEB82AF33D74007181F4 /* Mulish-Black.ttf in Resources */,
				C20EFE7C2AFEC4F00074EC9A /* sampleplaylists.json in Resources */,
				C28ABEB72AF33D74007181F4 /* Mulish-Regular.ttf in Resources */,
				C28ABEB62AF33D74007181F4 /* Mulish-Italic.ttf in Resources */,
				C2128A852ADB2B1100E90C66 /* .swiftlint.yml in Resources */,
				C28ABEBD2AF33D74007181F4 /* Mulish-Light.ttf in Resources */,
				C28ABEB52AF33D74007181F4 /* Mulish-ExtraBoldItalic.ttf in Resources */,
				C28ABEC12AF33D75007181F4 /* Mulish-MediumItalic.ttf in Resources */,
				C28ABEC22AF33D75007181F4 /* Mulish-SemiBold.ttf in Resources */,
				C28ABEBC2AF33D74007181F4 /* Mulish-Bold.ttf in Resources */,
				C28ABEBB2AF33D74007181F4 /* Mulish-ExtraLightItalic.ttf in Resources */,
				C28ABEBF2AF33D74007181F4 /* Mulish-ExtraLight.ttf in Resources */,
				C28ABEC42AF33D75007181F4 /* OFL.txt in Resources */,
				C28ABEC52AF33D75007181F4 /* README.txt in Resources */,
				C28ABEC32AF33D75007181F4 /* Mulish-BoldItalic.ttf in Resources */,
				C28ABEC02AF33D75007181F4 /* Mulish-Medium.ttf in Resources */,
				C2128A882ADB2B8100E90C66 /* Localizable.strings in Resources */,
				C2FEE2762AF70BD700DBF997 /* simpletest.json in Resources */,
				C28ABEB92AF33D74007181F4 /* Mulish-BlackItalic.ttf in Resources */,
				C2128A7D2ADB271300E90C66 /* Preview Assets.xcassets in Resources */,
				C2EE4E652B2BA79300FEA5B5 /* sampleplaylist.json in Resources */,
				C28ABEBE2AF33D74007181F4 /* Mulish-ExtraBold.ttf in Resources */,
				C2128A7A2ADB271300E90C66 /* Assets.xcassets in Resources */,
				C28ABEBA2AF33D74007181F4 /* Mulish-SemiBoldItalic.ttf in Resources */,
			);
			runOnlyForDeploymentPostprocessing = 0;
		};
/* End PBXResourcesBuildPhase section */

/* Begin PBXShellScriptBuildPhase section */
		C2128A832ADB2ACD00E90C66 /* SwiftLint */ = {
			isa = PBXShellScriptBuildPhase;
			alwaysOutOfDate = 1;
			buildActionMask = 2147483647;
			files = (
			);
			inputFileListPaths = (
			);
			inputPaths = (
			);
			name = SwiftLint;
			outputFileListPaths = (
			);
			outputPaths = (
			);
			runOnlyForDeploymentPostprocessing = 0;
			shellPath = /bin/sh;
			shellScript = "\"${PODS_ROOT}/SwiftLint/swiftlint\"\n";
		};
		F864583DEE599EEF629CA64E /* [CP] Check Pods Manifest.lock */ = {
			isa = PBXShellScriptBuildPhase;
			buildActionMask = 2147483647;
			files = (
			);
			inputFileListPaths = (
			);
			inputPaths = (
				"${PODS_PODFILE_DIR_PATH}/Podfile.lock",
				"${PODS_ROOT}/Manifest.lock",
			);
			name = "[CP] Check Pods Manifest.lock";
			outputFileListPaths = (
			);
			outputPaths = (
				"$(DERIVED_FILE_DIR)/Pods-Discite-checkManifestLockResult.txt",
			);
			runOnlyForDeploymentPostprocessing = 0;
			shellPath = /bin/sh;
			shellScript = "diff \"${PODS_PODFILE_DIR_PATH}/Podfile.lock\" \"${PODS_ROOT}/Manifest.lock\" > /dev/null\nif [ $? != 0 ] ; then\n    # print error to STDERR\n    echo \"error: The sandbox is not in sync with the Podfile.lock. Run 'pod install' or update your CocoaPods installation.\" >&2\n    exit 1\nfi\n# This output is used by Xcode 'outputs' to avoid re-running this script phase.\necho \"SUCCESS\" > \"${SCRIPT_OUTPUT_FILE_0}\"\n";
			showEnvVarsInLog = 0;
		};
/* End PBXShellScriptBuildPhase section */

/* Begin PBXSourcesBuildPhase section */
		C2128A6E2ADB270B00E90C66 /* Sources */ = {
			isa = PBXSourcesBuildPhase;
			buildActionMask = 2147483647;
			files = (
				C24C58602B8FAE76002146D3 /* GoogleSignOutExtension.swift in Sources */,
				C2EE4E592B23B4C500FEA5B5 /* Shadows.swift in Sources */,
				C20EFE782AFDCC9E0074EC9A /* Topic.swift in Sources */,
				C20EFE642AFBC9C60074EC9A /* ExploreService.swift in Sources */,
				C20EFE822AFFA9A30074EC9A /* Navigator.swift in Sources */,
				C251C98A2AF4AD1200922B00 /* Video.swift in Sources */,
				2CA0B1712B7BFD5D00558227 /* SearchDestinationView.swift in Sources */,
				C2E3EFDE2B955AC900F2AC65 /* ErrorView.swift in Sources */,
				2C0CAB702B85845200B8BA25 /* FriendProfile.swift in Sources */,
				C2082F912B6C06B200EEED6B /* SampleSpiderGraph.swift in Sources */,
				C2A641202B8048C300C50F83 /* ToastModifier.swift in Sources */,
				C2E3EFDC2B95599400F2AC65 /* PlaylistSummaryView.swift in Sources */,
				C2A641052B7C8FC400C50F83 /* VideoView.swift in Sources */,
				C23A44192AE9E813004C6927 /* VideoService.swift in Sources */,
				C2A641222B8048ED00C50F83 /* ToastSample.swift in Sources */,
				C2A4AD922B8E86C800AD492F /* OnboardingTopicList.swift in Sources */,
				C2A4AD982B8ECD3100AD492F /* Hello.swift in Sources */,
				C2A3FF2F2B035C2C001EDE9F /* Loading.swift in Sources */,
				C2E3EFED2B96AB1200F2AC65 /* MainExploreSearchWrapper.swift in Sources */,
				C2E3EFD82B95527400F2AC65 /* PlaylistInferenceSummary.swift in Sources */,
				C2128A782ADB270B00E90C66 /* ContentView.swift in Sources */,
				C20EFE852B012C400074EC9A /* Share.swift in Sources */,
				C2EE4E5F2B2A362500FEA5B5 /* SearchBar.swift in Sources */,
				2CA0B16F2B7A8B4400558227 /* CancelButton.swift in Sources */,
				2C8509EB2B68107800707646 /* AllTopics.swift in Sources */,
				C2A4AD902B8E867100AD492F /* OnboardingTopics.swift in Sources */,
				2C0CAB7C2B88072F00B8BA25 /* FriendViewModel.swift in Sources */,
				C2A44AB02B76D14D009FEEAB /* SettingsPage.swift in Sources */,
				C25B35862B8FE71B00EB130F /* UserData.swift in Sources */,
				2CA0B16D2B7A89A700558227 /* SearchViewModel.swift in Sources */,
				C2EF0B002B52E9020000DCE8 /* AuthView.swift in Sources */,
				C2A44AAE2B76CEE3009FEEAB /* FriendsPage.swift in Sources */,
				C2A3FF1E2B0266FB001EDE9F /* ShareConfirmation.swift in Sources */,
				C2E3EFDA2B95590500F2AC65 /* ViewModelState.swift in Sources */,
				C269CD102B6083C100A5126C /* SequenceViewModel.swift in Sources */,
				C2A4AD962B8EBEC200AD492F /* OnboardingPage.swift in Sources */,
				C2A640FB2B7C565D00C50F83 /* OffsetKey.swift in Sources */,
				C20EFE5A2AFBAF870074EC9A /* SampleData.swift in Sources */,
				C20EFE572AFBABDD0074EC9A /* DisciteApp.swift in Sources */,
				C2A3FF142B01CE5C001EDE9F /* SharedPlaylist.swift in Sources */,
				C2A3FF162B01CF5F001EDE9F /* Friend.swift in Sources */,
				C2BA1CC12AEC7C8200DC21B2 /* SwipeDirection.swift in Sources */,
				C20DB8E02AF1A8A5006FC33A /* User.swift in Sources */,
				C28ABE982AF31D9E007181F4 /* TextButtons.swift in Sources */,
				C2E3EFD22B94FC8800F2AC65 /* TestVideo.swift in Sources */,
				C20EFE702AFDA6D70074EC9A /* CardButtonFrame.swift in Sources */,
				C2128A962ADB45AE00E90C66 /* LoginViewModel.swift in Sources */,
				C269CD002B5DC6E600A5126C /* TopicTag.swift in Sources */,
				C2A3FF202B02B16F001EDE9F /* TextFields.swift in Sources */,
				C2A4AD752B84009400AD492F /* SavedViewModel.swift in Sources */,
				C2A3FF112B01CC57001EDE9F /* Shared.swift in Sources */,
				C2EF0AFE2B52D6D10000DCE8 /* Login.swift in Sources */,
				C291450E2AE60DF1000BEB88 /* SharedView.swift in Sources */,
				C2A6410F2B7D75DC00C50F83 /* TopicViewModel.swift in Sources */,
				C20EFE6E2AFD93C20074EC9A /* PlaylistCard.swift in Sources */,
				C20EFE682AFBCF4C0074EC9A /* ExploreView.swift in Sources */,
				C2E3EFE22B96443E00F2AC65 /* MainExploreViewModel.swift in Sources */,
				C2A44AB22B76D612009FEEAB /* Placeholder.swift in Sources */,
				C2A4ADA22B8F8F5F00AD492F /* KeychainItem.swift in Sources */,
				C20EFE5C2AFBAFB90074EC9A /* SimpleTest.swift in Sources */,
				C28ABE962AF31945007181F4 /* CustomJSONDecoder.swift in Sources */,
				C28ABE9D2AF3370B007181F4 /* Fonts.swift in Sources */,
				C2A640F22B7C446F00C50F83 /* Like.swift in Sources */,
				C2EF0B022B5300AA0000DCE8 /* Signup.swift in Sources */,
				C2A641092B7D670200C50F83 /* ExploreViewModel.swift in Sources */,
				2CBE27162B6436D600DF585B /* TopicPageView.swift in Sources */,
				C2E3EFF32B96BBCB00F2AC65 /* ExploreSearchResponse.swift in Sources */,
				C2E3EFCE2B93CEE600F2AC65 /* VideoDetailsOverlay.swift in Sources */,
				C2E3EFEF2B96AD1000F2AC65 /* SearchSuggestionsList.swift in Sources */,
				C2A4ADA62B8F9FC700AD492F /* MainAuthPage.swift in Sources */,
				C2237F432AE5E4A600C9396E /* AccountView.swift in Sources */,
				C2A4AD7D2B88ED2300AD492F /* OnboardingSpider.swift in Sources */,
				C2A44AB42B771866009FEEAB /* FriendsViewModel.swift in Sources */,
				C2082F932B6C098A00EEED6B /* SpiderGraph.swift in Sources */,
				665D4CD02AFED43D00F1C05C /* Constants.swift in Sources */,
				C24C585B2B8FA302002146D3 /* SignUpPage.swift in Sources */,
				C2A4AD812B8920E900AD492F /* LoginPage.swift in Sources */,
				C2128A942ADB454500E90C66 /* AuthenticationService.swift in Sources */,
				C235C6732ADF463600870600 /* KeychainTools.swift in Sources */,
				C251C9862AF4960F00922B00 /* Playlist.swift in Sources */,
				C2A640F42B7C468E00C50F83 /* PostViewVerticalOnly.swift in Sources */,
				C24C585E2B8FADCE002146D3 /* GoogleLoginExtension.swift in Sources */,
				C2E3EFF52B96BD7600F2AC65 /* ExploreSearchViewModel.swift in Sources */,
				C2A4AD772B84169B00AD492F /* CustomTabView.swift in Sources */,
				C2A4AD7F2B88FF1B00AD492F /* OnboardViewModel.swift in Sources */,
				C2A640F02B7C430700C50F83 /* WatchPage.swift in Sources */,
				C2E3EFD62B954D0F00F2AC65 /* PlaylistDetailsViewModel.swift in Sources */,
				C2D287292AE0C4DF00BB263C /* NetworkMonitor.swift in Sources */,
				C2A3FF1C2B024B9E001EDE9F /* ShareCard.swift in Sources */,
				C2EF0B042B5315440000DCE8 /* NavigationButtons.swift in Sources */,
				C2A6411E2B80488900C50F83 /* ToastView.swift in Sources */,
				C28ABE9A2AF33118007181F4 /* Colors.swift in Sources */,
				2CF2EBE02B7FE4DC0063D80B /* FilterFriends.swift in Sources */,
				C291450A2AE60DBA000BEB88 /* TopicsView.swift in Sources */,
				C2E3EFE02B96397000F2AC65 /* ExplorePageResponse.swift in Sources */,
				66CE484F2B00AAC10038FF75 /* AccountViewModel.swift in Sources */,
				2C0CAB8A2B891B3F00B8BA25 /* Searchable.swift in Sources */,
				C20EFE662AFBCC3E0074EC9A /* TopicCard.swift in Sources */,
				C2A641182B80138900C50F83 /* VisibleKey.swift in Sources */,
				C2A44AAA2B76AD62009FEEAB /* AccountMenu.swift in Sources */,
				66EE0EB62AF4D4A500F65F38 /* SignupViewModel.swift in Sources */,
				C2E3EFF12B96B10800F2AC65 /* TestView.swift in Sources */,
				C2A6410C2B7D696000C50F83 /* PlaylistPreview.swift in Sources */,
				C269CD062B5DF50C00A5126C /* PagingViewModel.swift in Sources */,
				C2E3EFD42B95278A00F2AC65 /* MainExplorePage.swift in Sources */,
				C2A3FF222B02B185001EDE9F /* IconButtons.swift in Sources */,
				C2A640F82B7C476700C50F83 /* CustomVideoPlayer.swift in Sources */,
				C2A44AAC2B76CE5E009FEEAB /* SavedPage.swift in Sources */,
				C2EE4E5D2B2A148D00FEA5B5 /* ContinueCard.swift in Sources */,
				C2A4AD8E2B8E35EB00AD492F /* OnboardingComplexity.swift in Sources */,
				C2D287272AE0BA8F00BB263C /* APIRequest.swift in Sources */,
				C2A640FF2B7C659100C50F83 /* PlaylistView.swift in Sources */,
				C2A6411C2B8047D300C50F83 /* Toast.swift in Sources */,
				C2A3FF1A2B01D84D001EDE9F /* SharedCard.swift in Sources */,
				C235C6752ADF842500870600 /* Auth.swift in Sources */,
				C2E3EFF72B96C19900F2AC65 /* SearchDestinationPage.swift in Sources */,
			);
			runOnlyForDeploymentPostprocessing = 0;
		};
/* End PBXSourcesBuildPhase section */

/* Begin PBXVariantGroup section */
		C2128A8A2ADB2B8100E90C66 /* Localizable.strings */ = {
			isa = PBXVariantGroup;
			children = (
				C2128A892ADB2B8100E90C66 /* en */,
			);
			name = Localizable.strings;
			sourceTree = "<group>";
		};
/* End PBXVariantGroup section */

/* Begin XCBuildConfiguration section */
		C2128A7E2ADB271300E90C66 /* Debug */ = {
			isa = XCBuildConfiguration;
			buildSettings = {
				ALWAYS_SEARCH_USER_PATHS = NO;
				CLANG_ANALYZER_NONNULL = YES;
				CLANG_ANALYZER_NUMBER_OBJECT_CONVERSION = YES_AGGRESSIVE;
				CLANG_CXX_LANGUAGE_STANDARD = "gnu++20";
				CLANG_ENABLE_MODULES = YES;
				CLANG_ENABLE_OBJC_ARC = YES;
				CLANG_ENABLE_OBJC_WEAK = YES;
				CLANG_WARN_BLOCK_CAPTURE_AUTORELEASING = YES;
				CLANG_WARN_BOOL_CONVERSION = YES;
				CLANG_WARN_COMMA = YES;
				CLANG_WARN_CONSTANT_CONVERSION = YES;
				CLANG_WARN_DEPRECATED_OBJC_IMPLEMENTATIONS = YES;
				CLANG_WARN_DIRECT_OBJC_ISA_USAGE = YES_ERROR;
				CLANG_WARN_DOCUMENTATION_COMMENTS = YES;
				CLANG_WARN_EMPTY_BODY = YES;
				CLANG_WARN_ENUM_CONVERSION = YES;
				CLANG_WARN_INFINITE_RECURSION = YES;
				CLANG_WARN_INT_CONVERSION = YES;
				CLANG_WARN_NON_LITERAL_NULL_CONVERSION = YES;
				CLANG_WARN_OBJC_IMPLICIT_RETAIN_SELF = YES;
				CLANG_WARN_OBJC_LITERAL_CONVERSION = YES;
				CLANG_WARN_OBJC_ROOT_CLASS = YES_ERROR;
				CLANG_WARN_QUOTED_INCLUDE_IN_FRAMEWORK_HEADER = YES;
				CLANG_WARN_RANGE_LOOP_ANALYSIS = YES;
				CLANG_WARN_STRICT_PROTOTYPES = YES;
				CLANG_WARN_SUSPICIOUS_MOVE = YES;
				CLANG_WARN_UNGUARDED_AVAILABILITY = YES_AGGRESSIVE;
				CLANG_WARN_UNREACHABLE_CODE = YES;
				CLANG_WARN__DUPLICATE_METHOD_MATCH = YES;
				COPY_PHASE_STRIP = NO;
				DEBUG_INFORMATION_FORMAT = dwarf;
				ENABLE_STRICT_OBJC_MSGSEND = YES;
				ENABLE_TESTABILITY = YES;
				GCC_C_LANGUAGE_STANDARD = gnu11;
				GCC_DYNAMIC_NO_PIC = NO;
				GCC_NO_COMMON_BLOCKS = YES;
				GCC_OPTIMIZATION_LEVEL = 0;
				GCC_PREPROCESSOR_DEFINITIONS = (
					"DEBUG=1",
					"$(inherited)",
				);
				GCC_WARN_64_TO_32_BIT_CONVERSION = YES;
				GCC_WARN_ABOUT_RETURN_TYPE = YES_ERROR;
				GCC_WARN_UNDECLARED_SELECTOR = YES;
				GCC_WARN_UNINITIALIZED_AUTOS = YES_AGGRESSIVE;
				GCC_WARN_UNUSED_FUNCTION = YES;
				GCC_WARN_UNUSED_VARIABLE = YES;
				IPHONEOS_DEPLOYMENT_TARGET = 16.1;
				MTL_ENABLE_DEBUG_INFO = INCLUDE_SOURCE;
				MTL_FAST_MATH = YES;
				ONLY_ACTIVE_ARCH = YES;
				SDKROOT = iphoneos;
				SWIFT_ACTIVE_COMPILATION_CONDITIONS = DEBUG;
				SWIFT_OPTIMIZATION_LEVEL = "-Onone";
				VALIDATE_PRODUCT = NO;
			};
			name = Debug;
		};
		C2128A7F2ADB271300E90C66 /* Release */ = {
			isa = XCBuildConfiguration;
			buildSettings = {
				ALWAYS_SEARCH_USER_PATHS = NO;
				CLANG_ANALYZER_NONNULL = YES;
				CLANG_ANALYZER_NUMBER_OBJECT_CONVERSION = YES_AGGRESSIVE;
				CLANG_CXX_LANGUAGE_STANDARD = "gnu++20";
				CLANG_ENABLE_MODULES = YES;
				CLANG_ENABLE_OBJC_ARC = YES;
				CLANG_ENABLE_OBJC_WEAK = YES;
				CLANG_WARN_BLOCK_CAPTURE_AUTORELEASING = YES;
				CLANG_WARN_BOOL_CONVERSION = YES;
				CLANG_WARN_COMMA = YES;
				CLANG_WARN_CONSTANT_CONVERSION = YES;
				CLANG_WARN_DEPRECATED_OBJC_IMPLEMENTATIONS = YES;
				CLANG_WARN_DIRECT_OBJC_ISA_USAGE = YES_ERROR;
				CLANG_WARN_DOCUMENTATION_COMMENTS = YES;
				CLANG_WARN_EMPTY_BODY = YES;
				CLANG_WARN_ENUM_CONVERSION = YES;
				CLANG_WARN_INFINITE_RECURSION = YES;
				CLANG_WARN_INT_CONVERSION = YES;
				CLANG_WARN_NON_LITERAL_NULL_CONVERSION = YES;
				CLANG_WARN_OBJC_IMPLICIT_RETAIN_SELF = YES;
				CLANG_WARN_OBJC_LITERAL_CONVERSION = YES;
				CLANG_WARN_OBJC_ROOT_CLASS = YES_ERROR;
				CLANG_WARN_QUOTED_INCLUDE_IN_FRAMEWORK_HEADER = YES;
				CLANG_WARN_RANGE_LOOP_ANALYSIS = YES;
				CLANG_WARN_STRICT_PROTOTYPES = YES;
				CLANG_WARN_SUSPICIOUS_MOVE = YES;
				CLANG_WARN_UNGUARDED_AVAILABILITY = YES_AGGRESSIVE;
				CLANG_WARN_UNREACHABLE_CODE = YES;
				CLANG_WARN__DUPLICATE_METHOD_MATCH = YES;
				COPY_PHASE_STRIP = NO;
				DEBUG_INFORMATION_FORMAT = "dwarf-with-dsym";
				ENABLE_NS_ASSERTIONS = NO;
				ENABLE_STRICT_OBJC_MSGSEND = YES;
				GCC_C_LANGUAGE_STANDARD = gnu11;
				GCC_NO_COMMON_BLOCKS = YES;
				GCC_WARN_64_TO_32_BIT_CONVERSION = YES;
				GCC_WARN_ABOUT_RETURN_TYPE = YES_ERROR;
				GCC_WARN_UNDECLARED_SELECTOR = YES;
				GCC_WARN_UNINITIALIZED_AUTOS = YES_AGGRESSIVE;
				GCC_WARN_UNUSED_FUNCTION = YES;
				GCC_WARN_UNUSED_VARIABLE = YES;
				IPHONEOS_DEPLOYMENT_TARGET = 16.1;
				MTL_ENABLE_DEBUG_INFO = NO;
				MTL_FAST_MATH = YES;
				SDKROOT = iphoneos;
				SWIFT_COMPILATION_MODE = wholemodule;
				SWIFT_OPTIMIZATION_LEVEL = "-O";
				VALIDATE_PRODUCT = NO;
			};
			name = Release;
		};
		C2128A812ADB271300E90C66 /* Debug */ = {
			isa = XCBuildConfiguration;
			baseConfigurationReference = C1F61C4EDA5D5D25811A5526 /* Pods-Discite.debug.xcconfig */;
			buildSettings = {
				ASSETCATALOG_COMPILER_APPICON_NAME = AppIcon;
				ASSETCATALOG_COMPILER_GLOBAL_ACCENT_COLOR_NAME = AccentColor;
				CODE_SIGN_IDENTITY = "Apple Development";
				CODE_SIGN_STYLE = Automatic;
				CURRENT_PROJECT_VERSION = 1;
				DEVELOPMENT_ASSET_PATHS = "\"Discite/Preview Content\"";
				DEVELOPMENT_TEAM = XY5D4R9882;
				ENABLE_PREVIEWS = YES;
				GENERATE_INFOPLIST_FILE = YES;
				INFOPLIST_FILE = Discite/Info.plist;
				INFOPLIST_KEY_UIApplicationSceneManifest_Generation = YES;
				INFOPLIST_KEY_UIApplicationSupportsIndirectInputEvents = YES;
				INFOPLIST_KEY_UILaunchScreen_Generation = YES;
				INFOPLIST_KEY_UISupportedInterfaceOrientations_iPad = "UIInterfaceOrientationPortrait UIInterfaceOrientationPortraitUpsideDown UIInterfaceOrientationLandscapeLeft UIInterfaceOrientationLandscapeRight";
				INFOPLIST_KEY_UISupportedInterfaceOrientations_iPhone = "UIInterfaceOrientationPortrait UIInterfaceOrientationLandscapeLeft UIInterfaceOrientationLandscapeRight";
				IPHONEOS_DEPLOYMENT_TARGET = 17.0;
				LD_RUNPATH_SEARCH_PATHS = (
					"$(inherited)",
					"@executable_path/Frameworks",
				);
				MARKETING_VERSION = 1.0;
				PRODUCT_BUNDLE_IDENTIFIER = com.jessieli.Discite;
				PRODUCT_NAME = "$(TARGET_NAME)";
				PROVISIONING_PROFILE_SPECIFIER = "";
				SWIFT_EMIT_LOC_STRINGS = YES;
				SWIFT_VERSION = 5.0;
				TARGETED_DEVICE_FAMILY = "1,2";
			};
			name = Debug;
		};
		C2128A822ADB271300E90C66 /* Release */ = {
			isa = XCBuildConfiguration;
			baseConfigurationReference = 0F2EA9055C2D649F90179C57 /* Pods-Discite.release.xcconfig */;
			buildSettings = {
				ASSETCATALOG_COMPILER_APPICON_NAME = AppIcon;
				ASSETCATALOG_COMPILER_GLOBAL_ACCENT_COLOR_NAME = AccentColor;
				CODE_SIGN_IDENTITY = "Apple Development";
				CODE_SIGN_STYLE = Automatic;
				CURRENT_PROJECT_VERSION = 1;
				DEVELOPMENT_ASSET_PATHS = "\"Discite/Preview Content\"";
				DEVELOPMENT_TEAM = XY5D4R9882;
				ENABLE_PREVIEWS = YES;
				GENERATE_INFOPLIST_FILE = YES;
				INFOPLIST_FILE = Discite/Info.plist;
				INFOPLIST_KEY_UIApplicationSceneManifest_Generation = YES;
				INFOPLIST_KEY_UIApplicationSupportsIndirectInputEvents = YES;
				INFOPLIST_KEY_UILaunchScreen_Generation = YES;
				INFOPLIST_KEY_UISupportedInterfaceOrientations_iPad = "UIInterfaceOrientationPortrait UIInterfaceOrientationPortraitUpsideDown UIInterfaceOrientationLandscapeLeft UIInterfaceOrientationLandscapeRight";
				INFOPLIST_KEY_UISupportedInterfaceOrientations_iPhone = "UIInterfaceOrientationPortrait UIInterfaceOrientationLandscapeLeft UIInterfaceOrientationLandscapeRight";
				IPHONEOS_DEPLOYMENT_TARGET = 17.0;
				LD_RUNPATH_SEARCH_PATHS = (
					"$(inherited)",
					"@executable_path/Frameworks",
				);
				MARKETING_VERSION = 1.0;
				PRODUCT_BUNDLE_IDENTIFIER = com.jessieli.Discite;
				PRODUCT_NAME = "$(TARGET_NAME)";
				PROVISIONING_PROFILE_SPECIFIER = "";
				SWIFT_EMIT_LOC_STRINGS = YES;
				SWIFT_VERSION = 5.0;
				TARGETED_DEVICE_FAMILY = "1,2";
			};
			name = Release;
		};
/* End XCBuildConfiguration section */

/* Begin XCConfigurationList section */
		C2128A6D2ADB270B00E90C66 /* Build configuration list for PBXProject "Discite" */ = {
			isa = XCConfigurationList;
			buildConfigurations = (
				C2128A7E2ADB271300E90C66 /* Debug */,
				C2128A7F2ADB271300E90C66 /* Release */,
			);
			defaultConfigurationIsVisible = 0;
			defaultConfigurationName = Release;
		};
		C2128A802ADB271300E90C66 /* Build configuration list for PBXNativeTarget "Discite" */ = {
			isa = XCConfigurationList;
			buildConfigurations = (
				C2128A812ADB271300E90C66 /* Debug */,
				C2128A822ADB271300E90C66 /* Release */,
			);
			defaultConfigurationIsVisible = 0;
			defaultConfigurationName = Release;
		};
/* End XCConfigurationList section */
	};
	rootObject = C2128A6A2ADB270B00E90C66 /* Project object */;
}
